// !$*UTF8*$!
{
	archiveVersion = 1;
	classes = {
	};
	objectVersion = 46;
	objects = {

/* Begin PBXBuildFile section */
		2D2653DD13E069CF00DE089C /* UIKit.framework in Frameworks */ = {isa = PBXBuildFile; fileRef = 2D2653DC13E069CF00DE089C /* UIKit.framework */; };
		2D2653DF13E069CF00DE089C /* Foundation.framework in Frameworks */ = {isa = PBXBuildFile; fileRef = 2D2653DE13E069CF00DE089C /* Foundation.framework */; };
		2D2653E113E069CF00DE089C /* CoreGraphics.framework in Frameworks */ = {isa = PBXBuildFile; fileRef = 2D2653E013E069CF00DE089C /* CoreGraphics.framework */; };
		2D2653E713E069CF00DE089C /* InfoPlist.strings in Resources */ = {isa = PBXBuildFile; fileRef = 2D2653E513E069CF00DE089C /* InfoPlist.strings */; };
		2D2653EA13E069CF00DE089C /* main.m in Sources */ = {isa = PBXBuildFile; fileRef = 2D2653E913E069CF00DE089C /* main.m */; };
		2D26543313E06A8C00DE089C /* 57x57.png in Resources */ = {isa = PBXBuildFile; fileRef = 2D26543213E06A8C00DE089C /* 57x57.png */; };
		2D26543513E06A9200DE089C /* 114x114.png in Resources */ = {isa = PBXBuildFile; fileRef = 2D26543413E06A9200DE089C /* 114x114.png */; };
		2D26546F13E0AA7E00DE089C /* MapKit.framework in Frameworks */ = {isa = PBXBuildFile; fileRef = 2D26546E13E0AA7E00DE089C /* MapKit.framework */; };
		2D66563213EB3F7A00645BC3 /* Default.png in Resources */ = {isa = PBXBuildFile; fileRef = 2D66563113EB3F7900645BC3 /* Default.png */; };
		2D66563413EB3F8B00645BC3 /* Default@2x.png in Resources */ = {isa = PBXBuildFile; fileRef = 2D66563313EB3F8B00645BC3 /* Default@2x.png */; };
		2DCEB34513E2010A00787E39 /* LinksList.plist in Resources */ = {isa = PBXBuildFile; fileRef = 2DCEB34413E2010A00787E39 /* LinksList.plist */; };
		61032B0C17F112B900CC95FA /* EventSingleLineView.xib in Resources */ = {isa = PBXBuildFile; fileRef = 61032B0B17F112B900CC95FA /* EventSingleLineView.xib */; };
		61032B0E17F1157B00CC95FA /* EventSubtitleLineView.xib in Resources */ = {isa = PBXBuildFile; fileRef = 61032B0D17F1157B00CC95FA /* EventSubtitleLineView.xib */; };
		61032B1917F3324200CC95FA /* CoreData.framework in Frameworks */ = {isa = PBXBuildFile; fileRef = 61032B1817F3324200CC95FA /* CoreData.framework */; };
		61032B1B17F3325600CC95FA /* libz.dylib in Frameworks */ = {isa = PBXBuildFile; fileRef = 61032B1A17F3325600CC95FA /* libz.dylib */; };
		6104311E17E7BCFD00D3C72B /* EventCollectionCell.m in Sources */ = {isa = PBXBuildFile; fileRef = 6104311D17E7BCFD00D3C72B /* EventCollectionCell.m */; };
		610B1D571829B26900E45D22 /* Menu.png in Resources */ = {isa = PBXBuildFile; fileRef = 610B1D561829B26900E45D22 /* Menu.png */; };
		610B1D591829B27100E45D22 /* Menu@2x.png in Resources */ = {isa = PBXBuildFile; fileRef = 610B1D581829B27100E45D22 /* Menu@2x.png */; };
		610B1D5C1829B4D900E45D22 /* Notification.png in Resources */ = {isa = PBXBuildFile; fileRef = 610B1D5A1829B4D900E45D22 /* Notification.png */; };
		610B1D5D1829B4D900E45D22 /* Notification@2x.png in Resources */ = {isa = PBXBuildFile; fileRef = 610B1D5B1829B4D900E45D22 /* Notification@2x.png */; };
		610D48D217DD591F00DE574C /* EventsTableCell.m in Sources */ = {isa = PBXBuildFile; fileRef = 610D48D117DD591F00DE574C /* EventsTableCell.m */; };
		610D48D517DD620400DE574C /* Calendar.png in Resources */ = {isa = PBXBuildFile; fileRef = 610D48D317DD620400DE574C /* Calendar.png */; };
		610D48D617DD620400DE574C /* Calendar@2x.png in Resources */ = {isa = PBXBuildFile; fileRef = 610D48D417DD620400DE574C /* Calendar@2x.png */; };
		610E2B6B17DA8FA5003D5405 /* searchBar.png in Resources */ = {isa = PBXBuildFile; fileRef = 610E2B6917DA8FA5003D5405 /* searchBar.png */; };
		610E2B6C17DA8FA5003D5405 /* searchBar@2x.png in Resources */ = {isa = PBXBuildFile; fileRef = 610E2B6A17DA8FA5003D5405 /* searchBar@2x.png */; };
		612BFEFD17DED11300EB2C8C /* AppDelegate.m in Sources */ = {isa = PBXBuildFile; fileRef = 612BFEF517DED11200EB2C8C /* AppDelegate.m */; };
		612BFF0417DEE71D00EB2C8C /* MapSearchBar.m in Sources */ = {isa = PBXBuildFile; fileRef = 612BFF0317DEE71D00EB2C8C /* MapSearchBar.m */; };
		612BFF0617DEE83D00EB2C8C /* transparent@2x.png in Resources */ = {isa = PBXBuildFile; fileRef = 612BFF0517DEE83D00EB2C8C /* transparent@2x.png */; };
		613890BA17E3619F0049FF72 /* 120x120.png in Resources */ = {isa = PBXBuildFile; fileRef = 613890B917E3619F0049FF72 /* 120x120.png */; };
		613890C017E3A9C40049FF72 /* Sports.png in Resources */ = {isa = PBXBuildFile; fileRef = 613890BE17E3A9C40049FF72 /* Sports.png */; };
		613890C117E3A9C40049FF72 /* Sports@2x.png in Resources */ = {isa = PBXBuildFile; fileRef = 613890BF17E3A9C40049FF72 /* Sports@2x.png */; };
		613B9557183419C900DEAA0E /* EventsTableViewController.m in Sources */ = {isa = PBXBuildFile; fileRef = 613B9556183419C900DEAA0E /* EventsTableViewController.m */; };
		6141152B18374EDB00B71051 /* NotificationsViewController.m in Sources */ = {isa = PBXBuildFile; fileRef = 6141152A18374EDB00B71051 /* NotificationsViewController.m */; };
		6141152E18374F7E00B71051 /* PushNotification.m in Sources */ = {isa = PBXBuildFile; fileRef = 6141152D18374F7E00B71051 /* PushNotification.m */; };
		614241BC17F886D0005A9742 /* Volleyball@2x.png in Resources */ = {isa = PBXBuildFile; fileRef = 614241BB17F886D0005A9742 /* Volleyball@2x.png */; };
		615097F417D541CA00456A9D /* twitter@2x.png in Resources */ = {isa = PBXBuildFile; fileRef = 615097F317D541CA00456A9D /* twitter@2x.png */; };
		615097FB17D5477800456A9D /* Chapel.png in Resources */ = {isa = PBXBuildFile; fileRef = 615097F517D5477800456A9D /* Chapel.png */; };
		615097FC17D5477800456A9D /* Chapel@2x.png in Resources */ = {isa = PBXBuildFile; fileRef = 615097F617D5477800456A9D /* Chapel@2x.png */; };
		615097FD17D5477800456A9D /* Map.png in Resources */ = {isa = PBXBuildFile; fileRef = 615097F717D5477800456A9D /* Map.png */; };
		615097FE17D5477800456A9D /* Map@2x.png in Resources */ = {isa = PBXBuildFile; fileRef = 615097F817D5477800456A9D /* Map@2x.png */; };
		615097FF17D5477800456A9D /* Whoswho.png in Resources */ = {isa = PBXBuildFile; fileRef = 615097F917D5477800456A9D /* Whoswho.png */; };
		6150980017D5477800456A9D /* Whoswho@2x.png in Resources */ = {isa = PBXBuildFile; fileRef = 615097FA17D5477800456A9D /* Whoswho@2x.png */; };
		6150980217D5497200456A9D /* Meal.png in Resources */ = {isa = PBXBuildFile; fileRef = 6150980117D5497200456A9D /* Meal.png */; };
		6150980417D5497800456A9D /* Meal@2x.png in Resources */ = {isa = PBXBuildFile; fileRef = 6150980317D5497800456A9D /* Meal@2x.png */; };
		616DD25718525DD700AC53C3 /* WhosWhoTableViewController.m in Sources */ = {isa = PBXBuildFile; fileRef = 616DD25618525DD700AC53C3 /* WhosWhoTableViewController.m */; };
		616DD2591852AB7E00AC53C3 /* WhoswhoTableCell.xib in Resources */ = {isa = PBXBuildFile; fileRef = 616DD2581852AB7E00AC53C3 /* WhoswhoTableCell.xib */; };
		616DD25C1852B4D300AC53C3 /* WebViewController.m in Sources */ = {isa = PBXBuildFile; fileRef = 616DD25B1852B4D300AC53C3 /* WebViewController.m */; };
		61851B3B18306529005EDE18 /* EventViewController.m in Sources */ = {isa = PBXBuildFile; fileRef = 61851B3A18306529005EDE18 /* EventViewController.m */; };
		61851B3E18306762005EDE18 /* SportsTableViewController.m in Sources */ = {isa = PBXBuildFile; fileRef = 61851B3D18306762005EDE18 /* SportsTableViewController.m */; };
		61891CD2182C09EE003F1B43 /* MasterTabViewController.m in Sources */ = {isa = PBXBuildFile; fileRef = 61891CD0182C09EE003F1B43 /* MasterTabViewController.m */; };
		61BCE0FD1883A5E600C7AB12 /* chapel.pdf in Resources */ = {isa = PBXBuildFile; fileRef = 61BCE0FC1883A5E600C7AB12 /* chapel.pdf */; };
		61BCE1041885E18600C7AB12 /* Constants.m in Sources */ = {isa = PBXBuildFile; fileRef = 61BCE1031885E18600C7AB12 /* Constants.m */; };
		61C25FD518397C7D005E6A89 /* NotificationOptionsTableViewController.m in Sources */ = {isa = PBXBuildFile; fileRef = 61C25FD418397C7D005E6A89 /* NotificationOptionsTableViewController.m */; };
		61CA40A817CA6F4F00617623 /* CustomNav.png in Resources */ = {isa = PBXBuildFile; fileRef = 61CA40A617CA6F4F00617623 /* CustomNav.png */; };
		61CA40A917CA6F4F00617623 /* CustomNav@2x.png in Resources */ = {isa = PBXBuildFile; fileRef = 61CA40A717CA6F4F00617623 /* CustomNav@2x.png */; };
		61CA40AD17CA702200617623 /* iPhone.storyboard in Resources */ = {isa = PBXBuildFile; fileRef = 61CA40AC17CA702200617623 /* iPhone.storyboard */; };
		61CA40BC17CA798100617623 /* Twitter.framework in Frameworks */ = {isa = PBXBuildFile; fileRef = 61CA40BB17CA798100617623 /* Twitter.framework */; };
		61CA40BE17CA799F00617623 /* CoreLocation.framework in Frameworks */ = {isa = PBXBuildFile; fileRef = 61CA40BD17CA799F00617623 /* CoreLocation.framework */; };
		61CA40C317CA8CBB00617623 /* Social.framework in Frameworks */ = {isa = PBXBuildFile; fileRef = 61CA40C217CA8CBB00617623 /* Social.framework */; };
		61CA40CA17CA94FB00617623 /* Location.m in Sources */ = {isa = PBXBuildFile; fileRef = 61CA40C917CA94FA00617623 /* Location.m */; };
		61CA40CC17CA952000617623 /* AddressBook.framework in Frameworks */ = {isa = PBXBuildFile; fileRef = 61CA40CB17CA951F00617623 /* AddressBook.framework */; };
		61CA40D217CB137600617623 /* CustomMenuNav.png in Resources */ = {isa = PBXBuildFile; fileRef = 61CA40D017CB137500617623 /* CustomMenuNav.png */; };
		61CA40D317CB137600617623 /* CustomMenuNav@2x.png in Resources */ = {isa = PBXBuildFile; fileRef = 61CA40D117CB137600617623 /* CustomMenuNav@2x.png */; };
		61CE5FC1188355AB007B66AB /* default-image@2x.png in Resources */ = {isa = PBXBuildFile; fileRef = 61CE5FC0188355AB007B66AB /* default-image@2x.png */; };
		61CE5FC5188359D1007B66AB /* HomePastViewController.m in Sources */ = {isa = PBXBuildFile; fileRef = 61CE5FC3188359D1007B66AB /* HomePastViewController.m */; };
		61DDA64B1835E37D00EBA92C /* HomeScrollViewController.m in Sources */ = {isa = PBXBuildFile; fileRef = 61DDA64A1835E37D00EBA92C /* HomeScrollViewController.m */; };
		61DDA64D18368F8B00EBA92C /* AcademicTableViewController.h in Resources */ = {isa = PBXBuildFile; fileRef = 61DDA64C18368F8B00EBA92C /* AcademicTableViewController.h */; };
		61DDA64F18368F9D00EBA92C /* AcademicTableViewController.m in Sources */ = {isa = PBXBuildFile; fileRef = 61DDA64E18368F9D00EBA92C /* AcademicTableViewController.m */; };
		61DE4FFB183020AA004BBCA1 /* CustomSegmentControl.m in Sources */ = {isa = PBXBuildFile; fileRef = 61DE4FFA183020AA004BBCA1 /* CustomSegmentControl.m */; };
		61E075C517E69E3E0029EFE9 /* CustomNaviOS7.png in Resources */ = {isa = PBXBuildFile; fileRef = 61E075C317E69E3E0029EFE9 /* CustomNaviOS7.png */; };
		61E075C617E69E3E0029EFE9 /* CustomNaviOS7@2x.png in Resources */ = {isa = PBXBuildFile; fileRef = 61E075C417E69E3E0029EFE9 /* CustomNaviOS7@2x.png */; };
		61E075C817E6A7790029EFE9 /* SystemConfiguration.framework in Frameworks */ = {isa = PBXBuildFile; fileRef = 61E075C717E6A7790029EFE9 /* SystemConfiguration.framework */; };
		61E075CF17E6A9850029EFE9 /* MTReachabilityManager.m in Sources */ = {isa = PBXBuildFile; fileRef = 61E075CE17E6A9850029EFE9 /* MTReachabilityManager.m */; };
		61E075D517E6B8B90029EFE9 /* Reachability.m in Sources */ = {isa = PBXBuildFile; fileRef = 61E075D417E6B8B90029EFE9 /* Reachability.m */; };
		61E2E91B187F236800E97AD7 /* WhosWhoDetailViewController.m in Sources */ = {isa = PBXBuildFile; fileRef = 61E2E91A187F236800E97AD7 /* WhosWhoDetailViewController.m */; };
		61E4076817CBC9080068AE00 /* menuButton@2x.png in Resources */ = {isa = PBXBuildFile; fileRef = 61E4076717CBC9080068AE00 /* menuButton@2x.png */; };
		61E4077017CC5B7B0068AE00 /* EventTableCell.m in Sources */ = {isa = PBXBuildFile; fileRef = 61E4076F17CC5B7B0068AE00 /* EventTableCell.m */; };
		61E4077617CEB9340068AE00 /* WhoswhoTableCell.m in Sources */ = {isa = PBXBuildFile; fileRef = 61E4077517CEB9330068AE00 /* WhoswhoTableCell.m */; };
		61E4077917CECE8B0068AE00 /* WhoswhoSearchBar.m in Sources */ = {isa = PBXBuildFile; fileRef = 61E4077817CECE8A0068AE00 /* WhoswhoSearchBar.m */; };
		61E4079917D2662D0068AE00 /* BannerScrollView.m in Sources */ = {isa = PBXBuildFile; fileRef = 61E4079817D266270068AE00 /* BannerScrollView.m */; };
		61E4079B17D27DBF0068AE00 /* banner1@2x.png in Resources */ = {isa = PBXBuildFile; fileRef = 61E4079A17D27DBF0068AE00 /* banner1@2x.png */; };
		61E4079D17D27EA40068AE00 /* banner2.png in Resources */ = {isa = PBXBuildFile; fileRef = 61E4079C17D27EA40068AE00 /* banner2.png */; };
		61E407A317D2A9D10068AE00 /* Basketball@2x.png in Resources */ = {isa = PBXBuildFile; fileRef = 61E407A217D2A9D00068AE00 /* Basketball@2x.png */; };
		61E68D1118583825009F0977 /* SportScoreTableCell.xib in Resources */ = {isa = PBXBuildFile; fileRef = 61E68D1018583825009F0977 /* SportScoreTableCell.xib */; };
		61E68D1B185D5566009F0977 /* Sport.m in Sources */ = {isa = PBXBuildFile; fileRef = 61E68D1A185D5566009F0977 /* Sport.m */; };
		61E89E12188F7C89002F6241 /* EventAutoTableViewCell.m in Sources */ = {isa = PBXBuildFile; fileRef = 61E89E10188F7C89002F6241 /* EventAutoTableViewCell.m */; };
		61F05EDC17D39DAE0006CC1F /* Basketball.png in Resources */ = {isa = PBXBuildFile; fileRef = 61F05EDB17D39DAE0006CC1F /* Basketball.png */; };
		61F05EDE17D3A4100006CC1F /* QuartzCore.framework in Frameworks */ = {isa = PBXBuildFile; fileRef = 61F05EDD17D3A4100006CC1F /* QuartzCore.framework */; };
		61F05EE917D3B7B60006CC1F /* Baseball.png in Resources */ = {isa = PBXBuildFile; fileRef = 61F05EDF17D3B7B60006CC1F /* Baseball.png */; };
		61F05EEA17D3B7B60006CC1F /* Baseball@2x.png in Resources */ = {isa = PBXBuildFile; fileRef = 61F05EE017D3B7B60006CC1F /* Baseball@2x.png */; };
		61F05EEB17D3B7B60006CC1F /* Football.png in Resources */ = {isa = PBXBuildFile; fileRef = 61F05EE117D3B7B60006CC1F /* Football.png */; };
		61F05EEC17D3B7B60006CC1F /* Football@2x.png in Resources */ = {isa = PBXBuildFile; fileRef = 61F05EE217D3B7B60006CC1F /* Football@2x.png */; };
		61F05EED17D3B7B60006CC1F /* Golf.png in Resources */ = {isa = PBXBuildFile; fileRef = 61F05EE317D3B7B60006CC1F /* Golf.png */; };
		61F05EEE17D3B7B60006CC1F /* Golf@2x.png in Resources */ = {isa = PBXBuildFile; fileRef = 61F05EE417D3B7B60006CC1F /* Golf@2x.png */; };
		61F05EEF17D3B7B60006CC1F /* Soccer.png in Resources */ = {isa = PBXBuildFile; fileRef = 61F05EE517D3B7B60006CC1F /* Soccer.png */; };
		61F05EF017D3B7B60006CC1F /* Soccer@2x.png in Resources */ = {isa = PBXBuildFile; fileRef = 61F05EE617D3B7B60006CC1F /* Soccer@2x.png */; };
		61F05EF117D3B7B60006CC1F /* Tennis.png in Resources */ = {isa = PBXBuildFile; fileRef = 61F05EE717D3B7B60006CC1F /* Tennis.png */; };
		61F05EF217D3B7B60006CC1F /* Tennis@2x.png in Resources */ = {isa = PBXBuildFile; fileRef = 61F05EE817D3B7B60006CC1F /* Tennis@2x.png */; };
		61F05EF517D41D420006CC1F /* House.png in Resources */ = {isa = PBXBuildFile; fileRef = 61F05EF317D41D410006CC1F /* House.png */; };
		61F05EF617D41D420006CC1F /* House@2x.png in Resources */ = {isa = PBXBuildFile; fileRef = 61F05EF417D41D420006CC1F /* House@2x.png */; };
		61F70D7E18309AA000345907 /* SportTableCell.m in Sources */ = {isa = PBXBuildFile; fileRef = 61F70D7D18309AA000345907 /* SportTableCell.m */; };
		61F70D8018309BD300345907 /* SportTableCell.xib in Resources */ = {isa = PBXBuildFile; fileRef = 61F70D7F18309BD300345907 /* SportTableCell.xib */; };
		61F70D8318311F7800345907 /* ChapelTableViewController.m in Sources */ = {isa = PBXBuildFile; fileRef = 61F70D8218311F7800345907 /* ChapelTableViewController.m */; };
		61F70D861831924100345907 /* MoreTableViewController.m in Sources */ = {isa = PBXBuildFile; fileRef = 61F70D851831924100345907 /* MoreTableViewController.m */; };
		61F70D8C183196B200345907 /* MapViewController.m in Sources */ = {isa = PBXBuildFile; fileRef = 61F70D8B183196B200345907 /* MapViewController.m */; };
		61F70D8F1831E03700345907 /* HomeViewController.m in Sources */ = {isa = PBXBuildFile; fileRef = 61F70D8E1831E03700345907 /* HomeViewController.m */; };
		61F70D921831F12700345907 /* Person.m in Sources */ = {isa = PBXBuildFile; fileRef = 61F70D911831F12700345907 /* Person.m */; };
		61F70D951832D10000345907 /* Swimming.png in Resources */ = {isa = PBXBuildFile; fileRef = 61F70D931832D10000345907 /* Swimming.png */; };
		61F70D961832D10000345907 /* Swimming@2x.png in Resources */ = {isa = PBXBuildFile; fileRef = 61F70D941832D10000345907 /* Swimming@2x.png */; };
		62AB87D517C858E300674C0D /* Default-568h@2x.png in Resources */ = {isa = PBXBuildFile; fileRef = 62AB87D417C858E300674C0D /* Default-568h@2x.png */; };
		CCF1BF0EAA79491DB3D20327 /* libPods.a in Frameworks */ = {isa = PBXBuildFile; fileRef = E273835E92EF424EA47D036B /* libPods.a */; };
/* End PBXBuildFile section */

/* Begin PBXFileReference section */
		2D2653D813E069CF00DE089C /* Wheaton App.app */ = {isa = PBXFileReference; explicitFileType = wrapper.application; includeInIndex = 0; path = "Wheaton App.app"; sourceTree = BUILT_PRODUCTS_DIR; };
		2D2653DC13E069CF00DE089C /* UIKit.framework */ = {isa = PBXFileReference; lastKnownFileType = wrapper.framework; name = UIKit.framework; path = System/Library/Frameworks/UIKit.framework; sourceTree = SDKROOT; };
		2D2653DE13E069CF00DE089C /* Foundation.framework */ = {isa = PBXFileReference; lastKnownFileType = wrapper.framework; name = Foundation.framework; path = System/Library/Frameworks/Foundation.framework; sourceTree = SDKROOT; };
		2D2653E013E069CF00DE089C /* CoreGraphics.framework */ = {isa = PBXFileReference; lastKnownFileType = wrapper.framework; name = CoreGraphics.framework; path = System/Library/Frameworks/CoreGraphics.framework; sourceTree = SDKROOT; };
		2D2653E413E069CF00DE089C /* Wheaton App-Info.plist */ = {isa = PBXFileReference; lastKnownFileType = text.plist.xml; path = "Wheaton App-Info.plist"; sourceTree = "<group>"; };
		2D2653E613E069CF00DE089C /* en */ = {isa = PBXFileReference; lastKnownFileType = text.plist.strings; name = en; path = en.lproj/InfoPlist.strings; sourceTree = "<group>"; };
		2D2653E813E069CF00DE089C /* Wheaton App-Prefix.pch */ = {isa = PBXFileReference; lastKnownFileType = sourcecode.c.h; path = "Wheaton App-Prefix.pch"; sourceTree = "<group>"; };
		2D2653E913E069CF00DE089C /* main.m */ = {isa = PBXFileReference; lastKnownFileType = sourcecode.c.objc; path = main.m; sourceTree = "<group>"; };
		2D2653FE13E069D000DE089C /* Wheaton AppTests-Info.plist */ = {isa = PBXFileReference; lastKnownFileType = text.plist.xml; path = "Wheaton AppTests-Info.plist"; sourceTree = "<group>"; };
		2D26540013E069D000DE089C /* en */ = {isa = PBXFileReference; lastKnownFileType = text.plist.strings; name = en; path = en.lproj/InfoPlist.strings; sourceTree = "<group>"; };
		2D26540213E069D000DE089C /* Wheaton AppTests-Prefix.pch */ = {isa = PBXFileReference; lastKnownFileType = sourcecode.c.h; path = "Wheaton AppTests-Prefix.pch"; sourceTree = "<group>"; };
		2D26540313E069D000DE089C /* Wheaton_AppTests.h */ = {isa = PBXFileReference; lastKnownFileType = sourcecode.c.h; path = Wheaton_AppTests.h; sourceTree = "<group>"; };
		2D26540513E069D000DE089C /* Wheaton_AppTests.m */ = {isa = PBXFileReference; lastKnownFileType = sourcecode.c.objc; path = Wheaton_AppTests.m; sourceTree = "<group>"; };
		2D26543213E06A8C00DE089C /* 57x57.png */ = {isa = PBXFileReference; lastKnownFileType = image.png; name = 57x57.png; path = ../57x57.png; sourceTree = "<group>"; };
		2D26543413E06A9200DE089C /* 114x114.png */ = {isa = PBXFileReference; lastKnownFileType = image.png; name = 114x114.png; path = ../114x114.png; sourceTree = "<group>"; };
		2D26546E13E0AA7E00DE089C /* MapKit.framework */ = {isa = PBXFileReference; lastKnownFileType = wrapper.framework; name = MapKit.framework; path = System/Library/Frameworks/MapKit.framework; sourceTree = SDKROOT; };
		2D66563113EB3F7900645BC3 /* Default.png */ = {isa = PBXFileReference; lastKnownFileType = image.png; name = Default.png; path = ../Default.png; sourceTree = "<group>"; };
		2D66563313EB3F8B00645BC3 /* Default@2x.png */ = {isa = PBXFileReference; lastKnownFileType = image.png; name = "Default@2x.png"; path = "../Default@2x.png"; sourceTree = "<group>"; };
		2DCEB34413E2010A00787E39 /* LinksList.plist */ = {isa = PBXFileReference; fileEncoding = 4; lastKnownFileType = text.plist.xml; name = LinksList.plist; path = "Wheaton App.xcodeproj/LinksList.plist"; sourceTree = SOURCE_ROOT; };
		422FE51862B145C587C39630 /* Pods.xcconfig */ = {isa = PBXFileReference; includeInIndex = 1; lastKnownFileType = text.xcconfig; name = Pods.xcconfig; path = Pods/Pods.xcconfig; sourceTree = "<group>"; };
		61032B0B17F112B900CC95FA /* EventSingleLineView.xib */ = {isa = PBXFileReference; fileEncoding = 4; lastKnownFileType = file.xib; path = EventSingleLineView.xib; sourceTree = "<group>"; };
		61032B0D17F1157B00CC95FA /* EventSubtitleLineView.xib */ = {isa = PBXFileReference; fileEncoding = 4; lastKnownFileType = file.xib; path = EventSubtitleLineView.xib; sourceTree = "<group>"; };
		61032B1817F3324200CC95FA /* CoreData.framework */ = {isa = PBXFileReference; lastKnownFileType = wrapper.framework; name = CoreData.framework; path = System/Library/Frameworks/CoreData.framework; sourceTree = SDKROOT; };
		61032B1A17F3325600CC95FA /* libz.dylib */ = {isa = PBXFileReference; lastKnownFileType = "compiled.mach-o.dylib"; name = libz.dylib; path = usr/lib/libz.dylib; sourceTree = SDKROOT; };
		6104311C17E7BCF400D3C72B /* EventCollectionCell.h */ = {isa = PBXFileReference; fileEncoding = 4; lastKnownFileType = sourcecode.c.h; path = EventCollectionCell.h; sourceTree = "<group>"; };
		6104311D17E7BCFD00D3C72B /* EventCollectionCell.m */ = {isa = PBXFileReference; fileEncoding = 4; lastKnownFileType = sourcecode.c.objc; path = EventCollectionCell.m; sourceTree = "<group>"; };
		610B1D561829B26900E45D22 /* Menu.png */ = {isa = PBXFileReference; lastKnownFileType = image.png; path = Menu.png; sourceTree = "<group>"; };
		610B1D581829B27100E45D22 /* Menu@2x.png */ = {isa = PBXFileReference; lastKnownFileType = image.png; path = "Menu@2x.png"; sourceTree = "<group>"; };
		610B1D5A1829B4D900E45D22 /* Notification.png */ = {isa = PBXFileReference; lastKnownFileType = image.png; path = Notification.png; sourceTree = "<group>"; };
		610B1D5B1829B4D900E45D22 /* Notification@2x.png */ = {isa = PBXFileReference; lastKnownFileType = image.png; path = "Notification@2x.png"; sourceTree = "<group>"; };
		610D48D017DD591600DE574C /* EventsTableCell.h */ = {isa = PBXFileReference; fileEncoding = 4; lastKnownFileType = sourcecode.c.h; path = EventsTableCell.h; sourceTree = "<group>"; };
		610D48D117DD591F00DE574C /* EventsTableCell.m */ = {isa = PBXFileReference; fileEncoding = 4; lastKnownFileType = sourcecode.c.objc; path = EventsTableCell.m; sourceTree = "<group>"; };
		610D48D317DD620400DE574C /* Calendar.png */ = {isa = PBXFileReference; lastKnownFileType = image.png; path = Calendar.png; sourceTree = "<group>"; };
		610D48D417DD620400DE574C /* Calendar@2x.png */ = {isa = PBXFileReference; lastKnownFileType = image.png; path = "Calendar@2x.png"; sourceTree = "<group>"; };
		610E2B6917DA8FA5003D5405 /* searchBar.png */ = {isa = PBXFileReference; lastKnownFileType = image.png; path = searchBar.png; sourceTree = "<group>"; };
		610E2B6A17DA8FA5003D5405 /* searchBar@2x.png */ = {isa = PBXFileReference; lastKnownFileType = image.png; path = "searchBar@2x.png"; sourceTree = "<group>"; };
		612BFEF417DED11200EB2C8C /* AppDelegate.h */ = {isa = PBXFileReference; fileEncoding = 4; lastKnownFileType = sourcecode.c.h; path = AppDelegate.h; sourceTree = "<group>"; };
		612BFEF517DED11200EB2C8C /* AppDelegate.m */ = {isa = PBXFileReference; fileEncoding = 4; lastKnownFileType = sourcecode.c.objc; path = AppDelegate.m; sourceTree = "<group>"; };
		612BFF0217DEE71D00EB2C8C /* MapSearchBar.h */ = {isa = PBXFileReference; fileEncoding = 4; lastKnownFileType = sourcecode.c.h; path = MapSearchBar.h; sourceTree = "<group>"; };
		612BFF0317DEE71D00EB2C8C /* MapSearchBar.m */ = {isa = PBXFileReference; fileEncoding = 4; lastKnownFileType = sourcecode.c.objc; path = MapSearchBar.m; sourceTree = "<group>"; };
		612BFF0517DEE83D00EB2C8C /* transparent@2x.png */ = {isa = PBXFileReference; lastKnownFileType = image.png; path = "transparent@2x.png"; sourceTree = "<group>"; };
		613890B917E3619F0049FF72 /* 120x120.png */ = {isa = PBXFileReference; lastKnownFileType = image.png; path = 120x120.png; sourceTree = "<group>"; };
		613890BE17E3A9C40049FF72 /* Sports.png */ = {isa = PBXFileReference; lastKnownFileType = image.png; path = Sports.png; sourceTree = "<group>"; };
		613890BF17E3A9C40049FF72 /* Sports@2x.png */ = {isa = PBXFileReference; lastKnownFileType = image.png; path = "Sports@2x.png"; sourceTree = "<group>"; };
		613B9555183419C900DEAA0E /* EventsTableViewController.h */ = {isa = PBXFileReference; fileEncoding = 4; lastKnownFileType = sourcecode.c.h; path = EventsTableViewController.h; sourceTree = "<group>"; };
		613B9556183419C900DEAA0E /* EventsTableViewController.m */ = {isa = PBXFileReference; fileEncoding = 4; lastKnownFileType = sourcecode.c.objc; path = EventsTableViewController.m; sourceTree = "<group>"; };
		6141152918374EDB00B71051 /* NotificationsViewController.h */ = {isa = PBXFileReference; fileEncoding = 4; lastKnownFileType = sourcecode.c.h; path = NotificationsViewController.h; sourceTree = "<group>"; };
		6141152A18374EDB00B71051 /* NotificationsViewController.m */ = {isa = PBXFileReference; fileEncoding = 4; lastKnownFileType = sourcecode.c.objc; path = NotificationsViewController.m; sourceTree = "<group>"; };
		6141152C18374F7E00B71051 /* PushNotification.h */ = {isa = PBXFileReference; fileEncoding = 4; lastKnownFileType = sourcecode.c.h; path = PushNotification.h; sourceTree = "<group>"; };
		6141152D18374F7E00B71051 /* PushNotification.m */ = {isa = PBXFileReference; fileEncoding = 4; lastKnownFileType = sourcecode.c.objc; path = PushNotification.m; sourceTree = "<group>"; };
		614241BB17F886D0005A9742 /* Volleyball@2x.png */ = {isa = PBXFileReference; lastKnownFileType = image.png; path = "Volleyball@2x.png"; sourceTree = "<group>"; };
		615097F317D541CA00456A9D /* twitter@2x.png */ = {isa = PBXFileReference; lastKnownFileType = image.png; path = "twitter@2x.png"; sourceTree = "<group>"; };
		615097F517D5477800456A9D /* Chapel.png */ = {isa = PBXFileReference; lastKnownFileType = image.png; path = Chapel.png; sourceTree = "<group>"; };
		615097F617D5477800456A9D /* Chapel@2x.png */ = {isa = PBXFileReference; lastKnownFileType = image.png; path = "Chapel@2x.png"; sourceTree = "<group>"; };
		615097F717D5477800456A9D /* Map.png */ = {isa = PBXFileReference; lastKnownFileType = image.png; path = Map.png; sourceTree = "<group>"; };
		615097F817D5477800456A9D /* Map@2x.png */ = {isa = PBXFileReference; lastKnownFileType = image.png; path = "Map@2x.png"; sourceTree = "<group>"; };
		615097F917D5477800456A9D /* Whoswho.png */ = {isa = PBXFileReference; lastKnownFileType = image.png; path = Whoswho.png; sourceTree = "<group>"; };
		615097FA17D5477800456A9D /* Whoswho@2x.png */ = {isa = PBXFileReference; lastKnownFileType = image.png; path = "Whoswho@2x.png"; sourceTree = "<group>"; };
		6150980117D5497200456A9D /* Meal.png */ = {isa = PBXFileReference; lastKnownFileType = image.png; path = Meal.png; sourceTree = "<group>"; };
		6150980317D5497800456A9D /* Meal@2x.png */ = {isa = PBXFileReference; lastKnownFileType = image.png; path = "Meal@2x.png"; sourceTree = "<group>"; };
		616DD25518525DD700AC53C3 /* WhosWhoTableViewController.h */ = {isa = PBXFileReference; fileEncoding = 4; lastKnownFileType = sourcecode.c.h; path = WhosWhoTableViewController.h; sourceTree = "<group>"; };
		616DD25618525DD700AC53C3 /* WhosWhoTableViewController.m */ = {isa = PBXFileReference; fileEncoding = 4; lastKnownFileType = sourcecode.c.objc; path = WhosWhoTableViewController.m; sourceTree = "<group>"; };
		616DD2581852AB7E00AC53C3 /* WhoswhoTableCell.xib */ = {isa = PBXFileReference; fileEncoding = 4; lastKnownFileType = file.xib; path = WhoswhoTableCell.xib; sourceTree = "<group>"; };
		616DD25A1852B4D300AC53C3 /* WebViewController.h */ = {isa = PBXFileReference; fileEncoding = 4; lastKnownFileType = sourcecode.c.h; path = WebViewController.h; sourceTree = "<group>"; };
		616DD25B1852B4D300AC53C3 /* WebViewController.m */ = {isa = PBXFileReference; fileEncoding = 4; lastKnownFileType = sourcecode.c.objc; path = WebViewController.m; sourceTree = "<group>"; };
		61851B3918306529005EDE18 /* EventViewController.h */ = {isa = PBXFileReference; fileEncoding = 4; lastKnownFileType = sourcecode.c.h; path = EventViewController.h; sourceTree = "<group>"; };
		61851B3A18306529005EDE18 /* EventViewController.m */ = {isa = PBXFileReference; fileEncoding = 4; lastKnownFileType = sourcecode.c.objc; path = EventViewController.m; sourceTree = "<group>"; };
		61851B3C18306762005EDE18 /* SportsTableViewController.h */ = {isa = PBXFileReference; fileEncoding = 4; lastKnownFileType = sourcecode.c.h; path = SportsTableViewController.h; sourceTree = "<group>"; };
		61851B3D18306762005EDE18 /* SportsTableViewController.m */ = {isa = PBXFileReference; fileEncoding = 4; lastKnownFileType = sourcecode.c.objc; path = SportsTableViewController.m; sourceTree = "<group>"; };
		61891CCF182C09EE003F1B43 /* MasterTabViewController.h */ = {isa = PBXFileReference; fileEncoding = 4; lastKnownFileType = sourcecode.c.h; path = MasterTabViewController.h; sourceTree = "<group>"; };
		61891CD0182C09EE003F1B43 /* MasterTabViewController.m */ = {isa = PBXFileReference; fileEncoding = 4; lastKnownFileType = sourcecode.c.objc; path = MasterTabViewController.m; sourceTree = "<group>"; };
		61BCE0FC1883A5E600C7AB12 /* chapel.pdf */ = {isa = PBXFileReference; lastKnownFileType = image.pdf; path = chapel.pdf; sourceTree = "<group>"; };
		61BCE1021885DFF600C7AB12 /* Constants.h */ = {isa = PBXFileReference; lastKnownFileType = sourcecode.c.h; path = Constants.h; sourceTree = "<group>"; };
		61BCE1031885E18600C7AB12 /* Constants.m */ = {isa = PBXFileReference; fileEncoding = 4; lastKnownFileType = sourcecode.c.objc; path = Constants.m; sourceTree = "<group>"; };
		61C25FD318397C7D005E6A89 /* NotificationOptionsTableViewController.h */ = {isa = PBXFileReference; fileEncoding = 4; lastKnownFileType = sourcecode.c.h; path = NotificationOptionsTableViewController.h; sourceTree = "<group>"; };
		61C25FD418397C7D005E6A89 /* NotificationOptionsTableViewController.m */ = {isa = PBXFileReference; fileEncoding = 4; lastKnownFileType = sourcecode.c.objc; path = NotificationOptionsTableViewController.m; sourceTree = "<group>"; };
		61CA40A617CA6F4F00617623 /* CustomNav.png */ = {isa = PBXFileReference; lastKnownFileType = image.png; path = CustomNav.png; sourceTree = "<group>"; };
		61CA40A717CA6F4F00617623 /* CustomNav@2x.png */ = {isa = PBXFileReference; lastKnownFileType = image.png; path = "CustomNav@2x.png"; sourceTree = "<group>"; };
		61CA40AC17CA702200617623 /* iPhone.storyboard */ = {isa = PBXFileReference; fileEncoding = 4; lastKnownFileType = file.storyboard; path = iPhone.storyboard; sourceTree = "<group>"; };
		61CA40BB17CA798100617623 /* Twitter.framework */ = {isa = PBXFileReference; lastKnownFileType = wrapper.framework; name = Twitter.framework; path = System/Library/Frameworks/Twitter.framework; sourceTree = SDKROOT; };
		61CA40BD17CA799F00617623 /* CoreLocation.framework */ = {isa = PBXFileReference; lastKnownFileType = wrapper.framework; name = CoreLocation.framework; path = System/Library/Frameworks/CoreLocation.framework; sourceTree = SDKROOT; };
		61CA40C217CA8CBB00617623 /* Social.framework */ = {isa = PBXFileReference; lastKnownFileType = wrapper.framework; name = Social.framework; path = System/Library/Frameworks/Social.framework; sourceTree = SDKROOT; };
		61CA40C817CA94FA00617623 /* Location.h */ = {isa = PBXFileReference; fileEncoding = 4; lastKnownFileType = sourcecode.c.h; path = Location.h; sourceTree = "<group>"; };
		61CA40C917CA94FA00617623 /* Location.m */ = {isa = PBXFileReference; fileEncoding = 4; lastKnownFileType = sourcecode.c.objc; path = Location.m; sourceTree = "<group>"; };
		61CA40CB17CA951F00617623 /* AddressBook.framework */ = {isa = PBXFileReference; lastKnownFileType = wrapper.framework; name = AddressBook.framework; path = System/Library/Frameworks/AddressBook.framework; sourceTree = SDKROOT; };
		61CA40D017CB137500617623 /* CustomMenuNav.png */ = {isa = PBXFileReference; lastKnownFileType = image.png; path = CustomMenuNav.png; sourceTree = "<group>"; };
		61CA40D117CB137600617623 /* CustomMenuNav@2x.png */ = {isa = PBXFileReference; lastKnownFileType = image.png; path = "CustomMenuNav@2x.png"; sourceTree = "<group>"; };
		61CE5FC0188355AB007B66AB /* default-image@2x.png */ = {isa = PBXFileReference; lastKnownFileType = image.png; path = "default-image@2x.png"; sourceTree = "<group>"; };
		61CE5FC2188359D1007B66AB /* HomePastViewController.h */ = {isa = PBXFileReference; fileEncoding = 4; lastKnownFileType = sourcecode.c.h; path = HomePastViewController.h; sourceTree = "<group>"; };
		61CE5FC3188359D1007B66AB /* HomePastViewController.m */ = {isa = PBXFileReference; fileEncoding = 4; lastKnownFileType = sourcecode.c.objc; path = HomePastViewController.m; sourceTree = "<group>"; };
		61DDA6491835E37D00EBA92C /* HomeScrollViewController.h */ = {isa = PBXFileReference; fileEncoding = 4; lastKnownFileType = sourcecode.c.h; path = HomeScrollViewController.h; sourceTree = "<group>"; };
		61DDA64A1835E37D00EBA92C /* HomeScrollViewController.m */ = {isa = PBXFileReference; fileEncoding = 4; lastKnownFileType = sourcecode.c.objc; path = HomeScrollViewController.m; sourceTree = "<group>"; };
		61DDA64C18368F8B00EBA92C /* AcademicTableViewController.h */ = {isa = PBXFileReference; fileEncoding = 4; lastKnownFileType = sourcecode.c.h; path = AcademicTableViewController.h; sourceTree = "<group>"; };
		61DDA64E18368F9D00EBA92C /* AcademicTableViewController.m */ = {isa = PBXFileReference; fileEncoding = 4; lastKnownFileType = sourcecode.c.objc; path = AcademicTableViewController.m; sourceTree = "<group>"; };
		61DE4FF9183020AA004BBCA1 /* CustomSegmentControl.h */ = {isa = PBXFileReference; fileEncoding = 4; lastKnownFileType = sourcecode.c.h; path = CustomSegmentControl.h; sourceTree = "<group>"; };
		61DE4FFA183020AA004BBCA1 /* CustomSegmentControl.m */ = {isa = PBXFileReference; fileEncoding = 4; lastKnownFileType = sourcecode.c.objc; path = CustomSegmentControl.m; sourceTree = "<group>"; };
		61E075C317E69E3E0029EFE9 /* CustomNaviOS7.png */ = {isa = PBXFileReference; lastKnownFileType = image.png; path = CustomNaviOS7.png; sourceTree = "<group>"; };
		61E075C417E69E3E0029EFE9 /* CustomNaviOS7@2x.png */ = {isa = PBXFileReference; lastKnownFileType = image.png; path = "CustomNaviOS7@2x.png"; sourceTree = "<group>"; };
		61E075C717E6A7790029EFE9 /* SystemConfiguration.framework */ = {isa = PBXFileReference; lastKnownFileType = wrapper.framework; name = SystemConfiguration.framework; path = System/Library/Frameworks/SystemConfiguration.framework; sourceTree = SDKROOT; };
		61E075CD17E6A9850029EFE9 /* MTReachabilityManager.h */ = {isa = PBXFileReference; fileEncoding = 4; lastKnownFileType = sourcecode.c.h; name = MTReachabilityManager.h; path = ../MTReachabilityManager.h; sourceTree = "<group>"; };
		61E075CE17E6A9850029EFE9 /* MTReachabilityManager.m */ = {isa = PBXFileReference; fileEncoding = 4; lastKnownFileType = sourcecode.c.objc; name = MTReachabilityManager.m; path = ../MTReachabilityManager.m; sourceTree = "<group>"; };
		61E075D317E6B8B90029EFE9 /* Reachability.h */ = {isa = PBXFileReference; fileEncoding = 4; lastKnownFileType = sourcecode.c.h; name = Reachability.h; path = "Wheaton App/Reachability.h"; sourceTree = SOURCE_ROOT; };
		61E075D417E6B8B90029EFE9 /* Reachability.m */ = {isa = PBXFileReference; fileEncoding = 4; lastKnownFileType = sourcecode.c.objc; name = Reachability.m; path = "Wheaton App/Reachability.m"; sourceTree = SOURCE_ROOT; };
		61E2E919187F236800E97AD7 /* WhosWhoDetailViewController.h */ = {isa = PBXFileReference; fileEncoding = 4; lastKnownFileType = sourcecode.c.h; path = WhosWhoDetailViewController.h; sourceTree = "<group>"; };
		61E2E91A187F236800E97AD7 /* WhosWhoDetailViewController.m */ = {isa = PBXFileReference; fileEncoding = 4; lastKnownFileType = sourcecode.c.objc; path = WhosWhoDetailViewController.m; sourceTree = "<group>"; };
		61E4076717CBC9080068AE00 /* menuButton@2x.png */ = {isa = PBXFileReference; lastKnownFileType = image.png; path = "menuButton@2x.png"; sourceTree = "<group>"; };
		61E4076E17CC5B7B0068AE00 /* EventTableCell.h */ = {isa = PBXFileReference; fileEncoding = 4; lastKnownFileType = sourcecode.c.h; path = EventTableCell.h; sourceTree = "<group>"; };
		61E4076F17CC5B7B0068AE00 /* EventTableCell.m */ = {isa = PBXFileReference; fileEncoding = 4; lastKnownFileType = sourcecode.c.objc; path = EventTableCell.m; sourceTree = "<group>"; };
		61E4077417CEB9270068AE00 /* WhoswhoTableCell.h */ = {isa = PBXFileReference; fileEncoding = 4; lastKnownFileType = sourcecode.c.h; path = WhoswhoTableCell.h; sourceTree = "<group>"; };
		61E4077517CEB9330068AE00 /* WhoswhoTableCell.m */ = {isa = PBXFileReference; fileEncoding = 4; lastKnownFileType = sourcecode.c.objc; path = WhoswhoTableCell.m; sourceTree = "<group>"; };
		61E4077717CECE8A0068AE00 /* WhoswhoSearchBar.h */ = {isa = PBXFileReference; fileEncoding = 4; lastKnownFileType = sourcecode.c.h; path = WhoswhoSearchBar.h; sourceTree = "<group>"; };
		61E4077817CECE8A0068AE00 /* WhoswhoSearchBar.m */ = {isa = PBXFileReference; fileEncoding = 4; lastKnownFileType = sourcecode.c.objc; path = WhoswhoSearchBar.m; sourceTree = "<group>"; };
		61E4079717D266240068AE00 /* BannerScrollView.h */ = {isa = PBXFileReference; fileEncoding = 4; lastKnownFileType = sourcecode.c.h; path = BannerScrollView.h; sourceTree = "<group>"; };
		61E4079817D266270068AE00 /* BannerScrollView.m */ = {isa = PBXFileReference; fileEncoding = 4; lastKnownFileType = sourcecode.c.objc; path = BannerScrollView.m; sourceTree = "<group>"; };
		61E4079A17D27DBF0068AE00 /* banner1@2x.png */ = {isa = PBXFileReference; lastKnownFileType = image.png; path = "banner1@2x.png"; sourceTree = "<group>"; };
		61E4079C17D27EA40068AE00 /* banner2.png */ = {isa = PBXFileReference; lastKnownFileType = image.png; path = banner2.png; sourceTree = "<group>"; };
		61E407A217D2A9D00068AE00 /* Basketball@2x.png */ = {isa = PBXFileReference; lastKnownFileType = image.png; path = "Basketball@2x.png"; sourceTree = "<group>"; };
		61E68D1018583825009F0977 /* SportScoreTableCell.xib */ = {isa = PBXFileReference; fileEncoding = 4; lastKnownFileType = file.xib; path = SportScoreTableCell.xib; sourceTree = "<group>"; };
		61E68D19185D5566009F0977 /* Sport.h */ = {isa = PBXFileReference; fileEncoding = 4; lastKnownFileType = sourcecode.c.h; path = Sport.h; sourceTree = "<group>"; };
		61E68D1A185D5566009F0977 /* Sport.m */ = {isa = PBXFileReference; fileEncoding = 4; lastKnownFileType = sourcecode.c.objc; path = Sport.m; sourceTree = "<group>"; };
		61E89E0F188F7C89002F6241 /* EventAutoTableViewCell.h */ = {isa = PBXFileReference; fileEncoding = 4; lastKnownFileType = sourcecode.c.h; path = EventAutoTableViewCell.h; sourceTree = "<group>"; };
		61E89E10188F7C89002F6241 /* EventAutoTableViewCell.m */ = {isa = PBXFileReference; fileEncoding = 4; lastKnownFileType = sourcecode.c.objc; path = EventAutoTableViewCell.m; sourceTree = "<group>"; };
		61F05EDB17D39DAE0006CC1F /* Basketball.png */ = {isa = PBXFileReference; lastKnownFileType = image.png; path = Basketball.png; sourceTree = "<group>"; };
		61F05EDD17D3A4100006CC1F /* QuartzCore.framework */ = {isa = PBXFileReference; lastKnownFileType = wrapper.framework; name = QuartzCore.framework; path = System/Library/Frameworks/QuartzCore.framework; sourceTree = SDKROOT; };
		61F05EDF17D3B7B60006CC1F /* Baseball.png */ = {isa = PBXFileReference; lastKnownFileType = image.png; path = Baseball.png; sourceTree = "<group>"; };
		61F05EE017D3B7B60006CC1F /* Baseball@2x.png */ = {isa = PBXFileReference; lastKnownFileType = image.png; path = "Baseball@2x.png"; sourceTree = "<group>"; };
		61F05EE117D3B7B60006CC1F /* Football.png */ = {isa = PBXFileReference; lastKnownFileType = image.png; path = Football.png; sourceTree = "<group>"; };
		61F05EE217D3B7B60006CC1F /* Football@2x.png */ = {isa = PBXFileReference; lastKnownFileType = image.png; path = "Football@2x.png"; sourceTree = "<group>"; };
		61F05EE317D3B7B60006CC1F /* Golf.png */ = {isa = PBXFileReference; lastKnownFileType = image.png; path = Golf.png; sourceTree = "<group>"; };
		61F05EE417D3B7B60006CC1F /* Golf@2x.png */ = {isa = PBXFileReference; lastKnownFileType = image.png; path = "Golf@2x.png"; sourceTree = "<group>"; };
		61F05EE517D3B7B60006CC1F /* Soccer.png */ = {isa = PBXFileReference; lastKnownFileType = image.png; path = Soccer.png; sourceTree = "<group>"; };
		61F05EE617D3B7B60006CC1F /* Soccer@2x.png */ = {isa = PBXFileReference; lastKnownFileType = image.png; path = "Soccer@2x.png"; sourceTree = "<group>"; };
		61F05EE717D3B7B60006CC1F /* Tennis.png */ = {isa = PBXFileReference; lastKnownFileType = image.png; path = Tennis.png; sourceTree = "<group>"; };
		61F05EE817D3B7B60006CC1F /* Tennis@2x.png */ = {isa = PBXFileReference; lastKnownFileType = image.png; path = "Tennis@2x.png"; sourceTree = "<group>"; };
		61F05EF317D41D410006CC1F /* House.png */ = {isa = PBXFileReference; lastKnownFileType = image.png; path = House.png; sourceTree = "<group>"; };
		61F05EF417D41D420006CC1F /* House@2x.png */ = {isa = PBXFileReference; lastKnownFileType = image.png; path = "House@2x.png"; sourceTree = "<group>"; };
		61F70D7C18309AA000345907 /* SportTableCell.h */ = {isa = PBXFileReference; fileEncoding = 4; lastKnownFileType = sourcecode.c.h; path = SportTableCell.h; sourceTree = "<group>"; };
		61F70D7D18309AA000345907 /* SportTableCell.m */ = {isa = PBXFileReference; fileEncoding = 4; lastKnownFileType = sourcecode.c.objc; path = SportTableCell.m; sourceTree = "<group>"; };
		61F70D7F18309BD300345907 /* SportTableCell.xib */ = {isa = PBXFileReference; fileEncoding = 4; lastKnownFileType = file.xib; path = SportTableCell.xib; sourceTree = "<group>"; };
		61F70D8118311F7800345907 /* ChapelTableViewController.h */ = {isa = PBXFileReference; fileEncoding = 4; lastKnownFileType = sourcecode.c.h; path = ChapelTableViewController.h; sourceTree = "<group>"; };
		61F70D8218311F7800345907 /* ChapelTableViewController.m */ = {isa = PBXFileReference; fileEncoding = 4; lastKnownFileType = sourcecode.c.objc; path = ChapelTableViewController.m; sourceTree = "<group>"; };
		61F70D841831924100345907 /* MoreTableViewController.h */ = {isa = PBXFileReference; fileEncoding = 4; lastKnownFileType = sourcecode.c.h; path = MoreTableViewController.h; sourceTree = "<group>"; };
		61F70D851831924100345907 /* MoreTableViewController.m */ = {isa = PBXFileReference; fileEncoding = 4; lastKnownFileType = sourcecode.c.objc; path = MoreTableViewController.m; sourceTree = "<group>"; };
		61F70D8A183196B200345907 /* MapViewController.h */ = {isa = PBXFileReference; fileEncoding = 4; lastKnownFileType = sourcecode.c.h; path = MapViewController.h; sourceTree = "<group>"; };
		61F70D8B183196B200345907 /* MapViewController.m */ = {isa = PBXFileReference; fileEncoding = 4; lastKnownFileType = sourcecode.c.objc; path = MapViewController.m; sourceTree = "<group>"; };
		61F70D8D1831E03700345907 /* HomeViewController.h */ = {isa = PBXFileReference; fileEncoding = 4; lastKnownFileType = sourcecode.c.h; path = HomeViewController.h; sourceTree = "<group>"; };
		61F70D8E1831E03700345907 /* HomeViewController.m */ = {isa = PBXFileReference; fileEncoding = 4; lastKnownFileType = sourcecode.c.objc; path = HomeViewController.m; sourceTree = "<group>"; };
		61F70D901831F12700345907 /* Person.h */ = {isa = PBXFileReference; fileEncoding = 4; lastKnownFileType = sourcecode.c.h; path = Person.h; sourceTree = "<group>"; };
		61F70D911831F12700345907 /* Person.m */ = {isa = PBXFileReference; fileEncoding = 4; lastKnownFileType = sourcecode.c.objc; path = Person.m; sourceTree = "<group>"; };
		61F70D931832D10000345907 /* Swimming.png */ = {isa = PBXFileReference; lastKnownFileType = image.png; path = Swimming.png; sourceTree = "<group>"; };
		61F70D941832D10000345907 /* Swimming@2x.png */ = {isa = PBXFileReference; lastKnownFileType = image.png; path = "Swimming@2x.png"; sourceTree = "<group>"; };
		62AB87D417C858E300674C0D /* Default-568h@2x.png */ = {isa = PBXFileReference; lastKnownFileType = image.png; name = "Default-568h@2x.png"; path = "../Default-568h@2x.png"; sourceTree = "<group>"; };
		E273835E92EF424EA47D036B /* libPods.a */ = {isa = PBXFileReference; explicitFileType = archive.ar; includeInIndex = 0; path = libPods.a; sourceTree = BUILT_PRODUCTS_DIR; };
/* End PBXFileReference section */

/* Begin PBXFrameworksBuildPhase section */
		2D2653D513E069CF00DE089C /* Frameworks */ = {
			isa = PBXFrameworksBuildPhase;
			buildActionMask = 2147483647;
			files = (
				61032B1B17F3325600CC95FA /* libz.dylib in Frameworks */,
				61032B1917F3324200CC95FA /* CoreData.framework in Frameworks */,
				61E075C817E6A7790029EFE9 /* SystemConfiguration.framework in Frameworks */,
				61F05EDE17D3A4100006CC1F /* QuartzCore.framework in Frameworks */,
				61CA40CC17CA952000617623 /* AddressBook.framework in Frameworks */,
				61CA40C317CA8CBB00617623 /* Social.framework in Frameworks */,
				61CA40BE17CA799F00617623 /* CoreLocation.framework in Frameworks */,
				61CA40BC17CA798100617623 /* Twitter.framework in Frameworks */,
				2D26546F13E0AA7E00DE089C /* MapKit.framework in Frameworks */,
				2D2653DD13E069CF00DE089C /* UIKit.framework in Frameworks */,
				2D2653DF13E069CF00DE089C /* Foundation.framework in Frameworks */,
				2D2653E113E069CF00DE089C /* CoreGraphics.framework in Frameworks */,
				CCF1BF0EAA79491DB3D20327 /* libPods.a in Frameworks */,
			);
			runOnlyForDeploymentPostprocessing = 0;
		};
/* End PBXFrameworksBuildPhase section */

/* Begin PBXGroup section */
		2D2653CD13E069CF00DE089C = {
			isa = PBXGroup;
			children = (
				2D2653E213E069CF00DE089C /* Wheaton App */,
				2D2653FC13E069D000DE089C /* Wheaton AppTests */,
				2D2653DB13E069CF00DE089C /* Frameworks */,
				2D2653D913E069CF00DE089C /* Products */,
				422FE51862B145C587C39630 /* Pods.xcconfig */,
			);
			sourceTree = "<group>";
		};
		2D2653D913E069CF00DE089C /* Products */ = {
			isa = PBXGroup;
			children = (
				2D2653D813E069CF00DE089C /* Wheaton App.app */,
			);
			name = Products;
			sourceTree = "<group>";
		};
		2D2653DB13E069CF00DE089C /* Frameworks */ = {
			isa = PBXGroup;
			children = (
				61032B1A17F3325600CC95FA /* libz.dylib */,
				61032B1817F3324200CC95FA /* CoreData.framework */,
				61E075C717E6A7790029EFE9 /* SystemConfiguration.framework */,
				61F05EDD17D3A4100006CC1F /* QuartzCore.framework */,
				61CA40CB17CA951F00617623 /* AddressBook.framework */,
				61CA40C217CA8CBB00617623 /* Social.framework */,
				61CA40BD17CA799F00617623 /* CoreLocation.framework */,
				61CA40BB17CA798100617623 /* Twitter.framework */,
				2D26546E13E0AA7E00DE089C /* MapKit.framework */,
				2D2653DC13E069CF00DE089C /* UIKit.framework */,
				2D2653DE13E069CF00DE089C /* Foundation.framework */,
				2D2653E013E069CF00DE089C /* CoreGraphics.framework */,
				E273835E92EF424EA47D036B /* libPods.a */,
			);
			name = Frameworks;
			sourceTree = "<group>";
		};
		2D2653E213E069CF00DE089C /* Wheaton App */ = {
			isa = PBXGroup;
			children = (
				61CA40C717CA94DB00617623 /* Model */,
				61CA40AB17CA6FE900617623 /* GUI */,
				612BFEF417DED11200EB2C8C /* AppDelegate.h */,
				612BFEF517DED11200EB2C8C /* AppDelegate.m */,
				61CA40AC17CA702200617623 /* iPhone.storyboard */,
				61BCE1021885DFF600C7AB12 /* Constants.h */,
				61BCE1031885E18600C7AB12 /* Constants.m */,
				61CA409C17CA6C6300617623 /* Controllers */,
				2D2653E313E069CF00DE089C /* Supporting Files */,
				61CA409317CA6C2A00617623 /* Vendor */,
			);
			path = "Wheaton App";
			sourceTree = "<group>";
		};
		2D2653E313E069CF00DE089C /* Supporting Files */ = {
			isa = PBXGroup;
			children = (
				61BCE0FC1883A5E600C7AB12 /* chapel.pdf */,
				2DCEB34413E2010A00787E39 /* LinksList.plist */,
				2D26540F13E069DB00DE089C /* Images */,
				2D2653E413E069CF00DE089C /* Wheaton App-Info.plist */,
				2D2653E513E069CF00DE089C /* InfoPlist.strings */,
				2D2653E813E069CF00DE089C /* Wheaton App-Prefix.pch */,
				62AB87D417C858E300674C0D /* Default-568h@2x.png */,
				2D66563313EB3F8B00645BC3 /* Default@2x.png */,
				2D66563113EB3F7900645BC3 /* Default.png */,
				613890B917E3619F0049FF72 /* 120x120.png */,
				2D26543413E06A9200DE089C /* 114x114.png */,
				2D26543213E06A8C00DE089C /* 57x57.png */,
				2D2653E913E069CF00DE089C /* main.m */,
			);
			name = "Supporting Files";
			sourceTree = "<group>";
		};
		2D2653FC13E069D000DE089C /* Wheaton AppTests */ = {
			isa = PBXGroup;
			children = (
				2D26540313E069D000DE089C /* Wheaton_AppTests.h */,
				2D26540513E069D000DE089C /* Wheaton_AppTests.m */,
				2D2653FD13E069D000DE089C /* Supporting Files */,
			);
			path = "Wheaton AppTests";
			sourceTree = "<group>";
		};
		2D2653FD13E069D000DE089C /* Supporting Files */ = {
			isa = PBXGroup;
			children = (
				2D2653FE13E069D000DE089C /* Wheaton AppTests-Info.plist */,
				2D2653FF13E069D000DE089C /* InfoPlist.strings */,
				2D26540213E069D000DE089C /* Wheaton AppTests-Prefix.pch */,
			);
			name = "Supporting Files";
			sourceTree = "<group>";
		};
		2D26540F13E069DB00DE089C /* Images */ = {
			isa = PBXGroup;
			children = (
				61CE5FC0188355AB007B66AB /* default-image@2x.png */,
				61F70D931832D10000345907 /* Swimming.png */,
				61F70D941832D10000345907 /* Swimming@2x.png */,
				610B1D5A1829B4D900E45D22 /* Notification.png */,
				610B1D5B1829B4D900E45D22 /* Notification@2x.png */,
				610B1D561829B26900E45D22 /* Menu.png */,
				610B1D581829B27100E45D22 /* Menu@2x.png */,
				614241BB17F886D0005A9742 /* Volleyball@2x.png */,
				61E075C317E69E3E0029EFE9 /* CustomNaviOS7.png */,
				61E075C417E69E3E0029EFE9 /* CustomNaviOS7@2x.png */,
				613890BE17E3A9C40049FF72 /* Sports.png */,
				613890BF17E3A9C40049FF72 /* Sports@2x.png */,
				612BFF0517DEE83D00EB2C8C /* transparent@2x.png */,
				610D48D317DD620400DE574C /* Calendar.png */,
				610D48D417DD620400DE574C /* Calendar@2x.png */,
				610E2B6917DA8FA5003D5405 /* searchBar.png */,
				610E2B6A17DA8FA5003D5405 /* searchBar@2x.png */,
				6150980117D5497200456A9D /* Meal.png */,
				6150980317D5497800456A9D /* Meal@2x.png */,
				615097F517D5477800456A9D /* Chapel.png */,
				615097F617D5477800456A9D /* Chapel@2x.png */,
				615097F717D5477800456A9D /* Map.png */,
				615097F817D5477800456A9D /* Map@2x.png */,
				615097F917D5477800456A9D /* Whoswho.png */,
				615097FA17D5477800456A9D /* Whoswho@2x.png */,
				615097F317D541CA00456A9D /* twitter@2x.png */,
				61F05EF317D41D410006CC1F /* House.png */,
				61F05EF417D41D420006CC1F /* House@2x.png */,
				61E407A217D2A9D00068AE00 /* Basketball@2x.png */,
				61F05EDB17D39DAE0006CC1F /* Basketball.png */,
				61F05EDF17D3B7B60006CC1F /* Baseball.png */,
				61F05EE017D3B7B60006CC1F /* Baseball@2x.png */,
				61F05EE117D3B7B60006CC1F /* Football.png */,
				61F05EE217D3B7B60006CC1F /* Football@2x.png */,
				61F05EE317D3B7B60006CC1F /* Golf.png */,
				61F05EE417D3B7B60006CC1F /* Golf@2x.png */,
				61F05EE517D3B7B60006CC1F /* Soccer.png */,
				61F05EE617D3B7B60006CC1F /* Soccer@2x.png */,
				61F05EE717D3B7B60006CC1F /* Tennis.png */,
				61F05EE817D3B7B60006CC1F /* Tennis@2x.png */,
				61E4079C17D27EA40068AE00 /* banner2.png */,
				61E4079A17D27DBF0068AE00 /* banner1@2x.png */,
				61CA40A617CA6F4F00617623 /* CustomNav.png */,
				61CA40A717CA6F4F00617623 /* CustomNav@2x.png */,
				61E4076717CBC9080068AE00 /* menuButton@2x.png */,
				61CA40D017CB137500617623 /* CustomMenuNav.png */,
				61CA40D117CB137600617623 /* CustomMenuNav@2x.png */,
			);
			name = Images;
			sourceTree = "<group>";
		};
		61CA409317CA6C2A00617623 /* Vendor */ = {
			isa = PBXGroup;
			children = (
				61E075C917E6A88A0029EFE9 /* Reachability */,
			);
			path = Vendor;
			sourceTree = "<group>";
		};
		61CA409C17CA6C6300617623 /* Controllers */ = {
			isa = PBXGroup;
			children = (
				61CE5FC4188359D1007B66AB /* Pods */,
				61891CCF182C09EE003F1B43 /* MasterTabViewController.h */,
				61891CD0182C09EE003F1B43 /* MasterTabViewController.m */,
				61851B3918306529005EDE18 /* EventViewController.h */,
				61851B3A18306529005EDE18 /* EventViewController.m */,
				61851B3C18306762005EDE18 /* SportsTableViewController.h */,
				61851B3D18306762005EDE18 /* SportsTableViewController.m */,
				613B9555183419C900DEAA0E /* EventsTableViewController.h */,
				613B9556183419C900DEAA0E /* EventsTableViewController.m */,
				616DD25A1852B4D300AC53C3 /* WebViewController.h */,
				616DD25B1852B4D300AC53C3 /* WebViewController.m */,
				61DDA64C18368F8B00EBA92C /* AcademicTableViewController.h */,
				61DDA64E18368F9D00EBA92C /* AcademicTableViewController.m */,
				61F70D8118311F7800345907 /* ChapelTableViewController.h */,
				61F70D8218311F7800345907 /* ChapelTableViewController.m */,
				61F70D841831924100345907 /* MoreTableViewController.h */,
				61F70D851831924100345907 /* MoreTableViewController.m */,
				61F70D8A183196B200345907 /* MapViewController.h */,
				61F70D8B183196B200345907 /* MapViewController.m */,
				61E2E919187F236800E97AD7 /* WhosWhoDetailViewController.h */,
				61E2E91A187F236800E97AD7 /* WhosWhoDetailViewController.m */,
				616DD25518525DD700AC53C3 /* WhosWhoTableViewController.h */,
				616DD25618525DD700AC53C3 /* WhosWhoTableViewController.m */,
				61F70D8D1831E03700345907 /* HomeViewController.h */,
				61F70D8E1831E03700345907 /* HomeViewController.m */,
				61CE5FC2188359D1007B66AB /* HomePastViewController.h */,
				61CE5FC3188359D1007B66AB /* HomePastViewController.m */,
				61DDA6491835E37D00EBA92C /* HomeScrollViewController.h */,
				61DDA64A1835E37D00EBA92C /* HomeScrollViewController.m */,
				6141152918374EDB00B71051 /* NotificationsViewController.h */,
				6141152A18374EDB00B71051 /* NotificationsViewController.m */,
				61C25FD318397C7D005E6A89 /* NotificationOptionsTableViewController.h */,
				61C25FD418397C7D005E6A89 /* NotificationOptionsTableViewController.m */,
			);
			name = Controllers;
			sourceTree = "<group>";
		};
		61CA40AB17CA6FE900617623 /* GUI */ = {
			isa = PBXGroup;
			children = (
				61032B0B17F112B900CC95FA /* EventSingleLineView.xib */,
				61032B0D17F1157B00CC95FA /* EventSubtitleLineView.xib */,
				61F70D7C18309AA000345907 /* SportTableCell.h */,
				61F70D7D18309AA000345907 /* SportTableCell.m */,
				61F70D7F18309BD300345907 /* SportTableCell.xib */,
				61E68D1018583825009F0977 /* SportScoreTableCell.xib */,
				61E4076E17CC5B7B0068AE00 /* EventTableCell.h */,
				61E4076F17CC5B7B0068AE00 /* EventTableCell.m */,
				6104311C17E7BCF400D3C72B /* EventCollectionCell.h */,
				6104311D17E7BCFD00D3C72B /* EventCollectionCell.m */,
				610D48D017DD591600DE574C /* EventsTableCell.h */,
				610D48D117DD591F00DE574C /* EventsTableCell.m */,
				61E4077417CEB9270068AE00 /* WhoswhoTableCell.h */,
				616DD2581852AB7E00AC53C3 /* WhoswhoTableCell.xib */,
				61E4077517CEB9330068AE00 /* WhoswhoTableCell.m */,
				61E4077717CECE8A0068AE00 /* WhoswhoSearchBar.h */,
				61E4077817CECE8A0068AE00 /* WhoswhoSearchBar.m */,
				61E4079717D266240068AE00 /* BannerScrollView.h */,
				61E4079817D266270068AE00 /* BannerScrollView.m */,
				612BFF0217DEE71D00EB2C8C /* MapSearchBar.h */,
				612BFF0317DEE71D00EB2C8C /* MapSearchBar.m */,
				61DE4FF9183020AA004BBCA1 /* CustomSegmentControl.h */,
				61DE4FFA183020AA004BBCA1 /* CustomSegmentControl.m */,
				61E89E0F188F7C89002F6241 /* EventAutoTableViewCell.h */,
				61E89E10188F7C89002F6241 /* EventAutoTableViewCell.m */,
			);
			name = GUI;
			sourceTree = "<group>";
		};
		61CA40C717CA94DB00617623 /* Model */ = {
			isa = PBXGroup;
			children = (
				61CA40C817CA94FA00617623 /* Location.h */,
				61CA40C917CA94FA00617623 /* Location.m */,
				61F70D901831F12700345907 /* Person.h */,
				61F70D911831F12700345907 /* Person.m */,
				6141152C18374F7E00B71051 /* PushNotification.h */,
				6141152D18374F7E00B71051 /* PushNotification.m */,
				61E68D19185D5566009F0977 /* Sport.h */,
				61E68D1A185D5566009F0977 /* Sport.m */,
			);
			name = Model;
			sourceTree = "<group>";
		};
		61CE5FC4188359D1007B66AB /* Pods */ = {
			isa = PBXGroup;
			children = (
			);
			path = Pods;
			sourceTree = "<group>";
		};
		61E075C917E6A88A0029EFE9 /* Reachability */ = {
			isa = PBXGroup;
			children = (
				61E075D317E6B8B90029EFE9 /* Reachability.h */,
				61E075D417E6B8B90029EFE9 /* Reachability.m */,
				61E075CD17E6A9850029EFE9 /* MTReachabilityManager.h */,
				61E075CE17E6A9850029EFE9 /* MTReachabilityManager.m */,
			);
			name = Reachability;
			sourceTree = "<group>";
		};
/* End PBXGroup section */

/* Begin PBXNativeTarget section */
		2D2653D713E069CF00DE089C /* Wheaton App */ = {
			isa = PBXNativeTarget;
			buildConfigurationList = 2D26540913E069D000DE089C /* Build configuration list for PBXNativeTarget "Wheaton App" */;
			buildPhases = (
				26C3C3E424CC480BAB8B4B66 /* Check Pods Manifest.lock */,
				2D2653D413E069CF00DE089C /* Sources */,
				2D2653D513E069CF00DE089C /* Frameworks */,
				2D2653D613E069CF00DE089C /* Resources */,
				D6D45BB48F864478AA7FF89C /* Copy Pods Resources */,
			);
			buildRules = (
			);
			dependencies = (
			);
			name = "Wheaton App";
			productName = "Wheaton App";
			productReference = 2D2653D813E069CF00DE089C /* Wheaton App.app */;
			productType = "com.apple.product-type.application";
		};
/* End PBXNativeTarget section */

/* Begin PBXProject section */
		2D2653CF13E069CF00DE089C /* Project object */ = {
			isa = PBXProject;
			attributes = {
				LastUpgradeCheck = 0500;
				TargetAttributes = {
					2D2653D713E069CF00DE089C = {
						DevelopmentTeam = YL8VV6WZ2N;
					};
				};
			};
			buildConfigurationList = 2D2653D213E069CF00DE089C /* Build configuration list for PBXProject "Wheaton App" */;
			compatibilityVersion = "Xcode 3.2";
			developmentRegion = English;
			hasScannedForEncodings = 0;
			knownRegions = (
				en,
			);
			mainGroup = 2D2653CD13E069CF00DE089C;
			productRefGroup = 2D2653D913E069CF00DE089C /* Products */;
			projectDirPath = "";
			projectRoot = "";
			targets = (
				2D2653D713E069CF00DE089C /* Wheaton App */,
			);
		};
/* End PBXProject section */

/* Begin PBXResourcesBuildPhase section */
		2D2653D613E069CF00DE089C /* Resources */ = {
			isa = PBXResourcesBuildPhase;
			buildActionMask = 2147483647;
			files = (
				2D2653E713E069CF00DE089C /* InfoPlist.strings in Resources */,
				2D26543313E06A8C00DE089C /* 57x57.png in Resources */,
				610B1D5C1829B4D900E45D22 /* Notification.png in Resources */,
				2D26543513E06A9200DE089C /* 114x114.png in Resources */,
				2DCEB34513E2010A00787E39 /* LinksList.plist in Resources */,
				2D66563213EB3F7A00645BC3 /* Default.png in Resources */,
				2D66563413EB3F8B00645BC3 /* Default@2x.png in Resources */,
				62AB87D517C858E300674C0D /* Default-568h@2x.png in Resources */,
				61CA40A817CA6F4F00617623 /* CustomNav.png in Resources */,
				610B1D571829B26900E45D22 /* Menu.png in Resources */,
				61CA40A917CA6F4F00617623 /* CustomNav@2x.png in Resources */,
				61CA40AD17CA702200617623 /* iPhone.storyboard in Resources */,
				61BCE0FD1883A5E600C7AB12 /* chapel.pdf in Resources */,
				61CA40D217CB137600617623 /* CustomMenuNav.png in Resources */,
				61CA40D317CB137600617623 /* CustomMenuNav@2x.png in Resources */,
				61E4076817CBC9080068AE00 /* menuButton@2x.png in Resources */,
				61E4079B17D27DBF0068AE00 /* banner1@2x.png in Resources */,
				61E075C517E69E3E0029EFE9 /* CustomNaviOS7.png in Resources */,
				61E4079D17D27EA40068AE00 /* banner2.png in Resources */,
				61E407A317D2A9D10068AE00 /* Basketball@2x.png in Resources */,
				61F05EDC17D39DAE0006CC1F /* Basketball.png in Resources */,
				61F05EE917D3B7B60006CC1F /* Baseball.png in Resources */,
				61F05EEA17D3B7B60006CC1F /* Baseball@2x.png in Resources */,
				61F05EEB17D3B7B60006CC1F /* Football.png in Resources */,
				61F05EEC17D3B7B60006CC1F /* Football@2x.png in Resources */,
				61E075C617E69E3E0029EFE9 /* CustomNaviOS7@2x.png in Resources */,
				61DDA64D18368F8B00EBA92C /* AcademicTableViewController.h in Resources */,
				61F05EED17D3B7B60006CC1F /* Golf.png in Resources */,
				616DD2591852AB7E00AC53C3 /* WhoswhoTableCell.xib in Resources */,
				61F05EEE17D3B7B60006CC1F /* Golf@2x.png in Resources */,
				610B1D5D1829B4D900E45D22 /* Notification@2x.png in Resources */,
				61F05EEF17D3B7B60006CC1F /* Soccer.png in Resources */,
				61F05EF017D3B7B60006CC1F /* Soccer@2x.png in Resources */,
				61F05EF117D3B7B60006CC1F /* Tennis.png in Resources */,
				613890C117E3A9C40049FF72 /* Sports@2x.png in Resources */,
				61F70D961832D10000345907 /* Swimming@2x.png in Resources */,
				61F05EF217D3B7B60006CC1F /* Tennis@2x.png in Resources */,
				613890BA17E3619F0049FF72 /* 120x120.png in Resources */,
				61F05EF517D41D420006CC1F /* House.png in Resources */,
				61032B0E17F1157B00CC95FA /* EventSubtitleLineView.xib in Resources */,
				61F05EF617D41D420006CC1F /* House@2x.png in Resources */,
				613890C017E3A9C40049FF72 /* Sports.png in Resources */,
				615097F417D541CA00456A9D /* twitter@2x.png in Resources */,
				615097FB17D5477800456A9D /* Chapel.png in Resources */,
				61CE5FC1188355AB007B66AB /* default-image@2x.png in Resources */,
				615097FC17D5477800456A9D /* Chapel@2x.png in Resources */,
				615097FD17D5477800456A9D /* Map.png in Resources */,
				615097FE17D5477800456A9D /* Map@2x.png in Resources */,
				614241BC17F886D0005A9742 /* Volleyball@2x.png in Resources */,
				61F70D8018309BD300345907 /* SportTableCell.xib in Resources */,
				615097FF17D5477800456A9D /* Whoswho.png in Resources */,
				610B1D591829B27100E45D22 /* Menu@2x.png in Resources */,
				6150980017D5477800456A9D /* Whoswho@2x.png in Resources */,
				6150980217D5497200456A9D /* Meal.png in Resources */,
				6150980417D5497800456A9D /* Meal@2x.png in Resources */,
				610E2B6B17DA8FA5003D5405 /* searchBar.png in Resources */,
				610E2B6C17DA8FA5003D5405 /* searchBar@2x.png in Resources */,
				610D48D517DD620400DE574C /* Calendar.png in Resources */,
				61032B0C17F112B900CC95FA /* EventSingleLineView.xib in Resources */,
				61F70D951832D10000345907 /* Swimming.png in Resources */,
				610D48D617DD620400DE574C /* Calendar@2x.png in Resources */,
				612BFF0617DEE83D00EB2C8C /* transparent@2x.png in Resources */,
				61E68D1118583825009F0977 /* SportScoreTableCell.xib in Resources */,
			);
			runOnlyForDeploymentPostprocessing = 0;
		};
/* End PBXResourcesBuildPhase section */

/* Begin PBXShellScriptBuildPhase section */
		26C3C3E424CC480BAB8B4B66 /* Check Pods Manifest.lock */ = {
			isa = PBXShellScriptBuildPhase;
			buildActionMask = 2147483647;
			files = (
			);
			inputPaths = (
			);
			name = "Check Pods Manifest.lock";
			outputPaths = (
			);
			runOnlyForDeploymentPostprocessing = 0;
			shellPath = /bin/sh;
			shellScript = "diff \"${PODS_ROOT}/../Podfile.lock\" \"${PODS_ROOT}/Manifest.lock\" > /dev/null\nif [[ $? != 0 ]] ; then\n    cat << EOM\nerror: The sandbox is not in sync with the Podfile.lock. Run 'pod install' or update your CocoaPods installation.\nEOM\n    exit 1\nfi\n";
			showEnvVarsInLog = 0;
		};
		D6D45BB48F864478AA7FF89C /* Copy Pods Resources */ = {
			isa = PBXShellScriptBuildPhase;
			buildActionMask = 2147483647;
			files = (
			);
			inputPaths = (
			);
			name = "Copy Pods Resources";
			outputPaths = (
			);
			runOnlyForDeploymentPostprocessing = 0;
			shellPath = /bin/sh;
			shellScript = "\"${SRCROOT}/Pods/Pods-resources.sh\"\n";
			showEnvVarsInLog = 0;
		};
/* End PBXShellScriptBuildPhase section */

/* Begin PBXSourcesBuildPhase section */
		2D2653D413E069CF00DE089C /* Sources */ = {
			isa = PBXSourcesBuildPhase;
			buildActionMask = 2147483647;
			files = (
				61E68D1B185D5566009F0977 /* Sport.m in Sources */,
				61DE4FFB183020AA004BBCA1 /* CustomSegmentControl.m in Sources */,
				6141152B18374EDB00B71051 /* NotificationsViewController.m in Sources */,
				61F70D921831F12700345907 /* Person.m in Sources */,
				2D2653EA13E069CF00DE089C /* main.m in Sources */,
				61E075CF17E6A9850029EFE9 /* MTReachabilityManager.m in Sources */,
				61DDA64F18368F9D00EBA92C /* AcademicTableViewController.m in Sources */,
				6141152E18374F7E00B71051 /* PushNotification.m in Sources */,
				61CE5FC5188359D1007B66AB /* HomePastViewController.m in Sources */,
				616DD25C1852B4D300AC53C3 /* WebViewController.m in Sources */,
				61C25FD518397C7D005E6A89 /* NotificationOptionsTableViewController.m in Sources */,
				61CA40CA17CA94FB00617623 /* Location.m in Sources */,
				616DD25718525DD700AC53C3 /* WhosWhoTableViewController.m in Sources */,
				61F70D8C183196B200345907 /* MapViewController.m in Sources */,
				61E4077017CC5B7B0068AE00 /* EventTableCell.m in Sources */,
				61F70D8318311F7800345907 /* ChapelTableViewController.m in Sources */,
				61E4077617CEB9340068AE00 /* WhoswhoTableCell.m in Sources */,
				61E4077917CECE8B0068AE00 /* WhoswhoSearchBar.m in Sources */,
				61F70D861831924100345907 /* MoreTableViewController.m in Sources */,
				61E4079917D2662D0068AE00 /* BannerScrollView.m in Sources */,
				61E2E91B187F236800E97AD7 /* WhosWhoDetailViewController.m in Sources */,
				61DDA64B1835E37D00EBA92C /* HomeScrollViewController.m in Sources */,
				61851B3B18306529005EDE18 /* EventViewController.m in Sources */,
				61891CD2182C09EE003F1B43 /* MasterTabViewController.m in Sources */,
				61F70D7E18309AA000345907 /* SportTableCell.m in Sources */,
				6104311E17E7BCFD00D3C72B /* EventCollectionCell.m in Sources */,
				61E89E12188F7C89002F6241 /* EventAutoTableViewCell.m in Sources */,
				610D48D217DD591F00DE574C /* EventsTableCell.m in Sources */,
				612BFEFD17DED11300EB2C8C /* AppDelegate.m in Sources */,
				61E075D517E6B8B90029EFE9 /* Reachability.m in Sources */,
				61F70D8F1831E03700345907 /* HomeViewController.m in Sources */,
				61851B3E18306762005EDE18 /* SportsTableViewController.m in Sources */,
				613B9557183419C900DEAA0E /* EventsTableViewController.m in Sources */,
				612BFF0417DEE71D00EB2C8C /* MapSearchBar.m in Sources */,
				61BCE1041885E18600C7AB12 /* Constants.m in Sources */,
			);
			runOnlyForDeploymentPostprocessing = 0;
		};
/* End PBXSourcesBuildPhase section */

/* Begin PBXVariantGroup section */
		2D2653E513E069CF00DE089C /* InfoPlist.strings */ = {
			isa = PBXVariantGroup;
			children = (
				2D2653E613E069CF00DE089C /* en */,
			);
			name = InfoPlist.strings;
			sourceTree = "<group>";
		};
		2D2653FF13E069D000DE089C /* InfoPlist.strings */ = {
			isa = PBXVariantGroup;
			children = (
				2D26540013E069D000DE089C /* en */,
			);
			name = InfoPlist.strings;
			sourceTree = "<group>";
		};
/* End PBXVariantGroup section */

/* Begin XCBuildConfiguration section */
		2D26540713E069D000DE089C /* Debug */ = {
			isa = XCBuildConfiguration;
			buildSettings = {
				CODE_SIGN_ENTITLEMENTS = Entitlements.plist;
				CODE_SIGN_IDENTITY = "iPhone Developer: John Hayward (5ST3Z235DD)";
				"CODE_SIGN_IDENTITY[sdk=iphoneos*]" = "iPhone Developer: John Hayward (5ST3Z235DD)";
				GCC_C_LANGUAGE_STANDARD = gnu99;
				GCC_OPTIMIZATION_LEVEL = 0;
				GCC_PREPROCESSOR_DEFINITIONS = DEBUG;
				GCC_SYMBOLS_PRIVATE_EXTERN = NO;
				GCC_VERSION = com.apple.compilers.llvmgcc42;
				GCC_WARN_ABOUT_RETURN_TYPE = YES;
				GCC_WARN_UNUSED_VARIABLE = YES;
				IPHONEOS_DEPLOYMENT_TARGET = 6.0;
				ONLY_ACTIVE_ARCH = YES;
				PROVISIONING_PROFILE = "36CFBE60-0069-440C-BBA9-6746397C1150";
				"PROVISIONING_PROFILE[sdk=iphoneos*]" = "36CFBE60-0069-440C-BBA9-6746397C1150";
				SDKROOT = iphoneos;
				SKIP_INSTALL = NO;
			};
			name = Debug;
		};
		2D26540813E069D000DE089C /* Release */ = {
			isa = XCBuildConfiguration;
			buildSettings = {
				CODE_SIGN_ENTITLEMENTS = Entitlements.plist;
				CODE_SIGN_IDENTITY = "iPhone Developer: John Hayward (5ST3Z235DD)";
				"CODE_SIGN_IDENTITY[sdk=iphoneos*]" = "iPhone Distribution: Terry Perciante";
				GCC_C_LANGUAGE_STANDARD = gnu99;
				GCC_VERSION = com.apple.compilers.llvmgcc42;
				GCC_WARN_ABOUT_RETURN_TYPE = YES;
				GCC_WARN_UNUSED_VARIABLE = YES;
				IPHONEOS_DEPLOYMENT_TARGET = 6.0;
				OTHER_CFLAGS = "-DNS_BLOCK_ASSERTIONS=1";
				PROVISIONING_PROFILE = "36CFBE60-0069-440C-BBA9-6746397C1150";
				"PROVISIONING_PROFILE[sdk=iphoneos*]" = "F38C1DD7-1E27-47CE-81FF-AB7A6D88A754";
				SDKROOT = iphoneos;
				SKIP_INSTALL = NO;
			};
			name = Release;
		};
		2D26540A13E069D000DE089C /* Debug */ = {
			isa = XCBuildConfiguration;
			baseConfigurationReference = 422FE51862B145C587C39630 /* Pods.xcconfig */;
			buildSettings = {
				ALWAYS_SEARCH_USER_PATHS = YES;
				CLANG_ENABLE_OBJC_ARC = YES;
				CODE_SIGN_ENTITLEMENTS = "";
				CODE_SIGN_IDENTITY = "iPhone Developer";
				"CODE_SIGN_IDENTITY[sdk=iphoneos*]" = "iPhone Developer";
				COPY_PHASE_STRIP = NO;
				GCC_DYNAMIC_NO_PIC = NO;
				GCC_PRECOMPILE_PREFIX_HEADER = YES;
				GCC_PREFIX_HEADER = "Wheaton App/Wheaton App-Prefix.pch";
				GCC_VERSION = com.apple.compilers.llvm.clang.1_0;
				INFOPLIST_FILE = "Wheaton App/Wheaton App-Info.plist";
				IPHONEOS_DEPLOYMENT_TARGET = 7.0;
				LIBRARY_SEARCH_PATHS = "$(SRCROOT)/**";
				PRODUCT_NAME = "$(TARGET_NAME)";
				PROVISIONING_PROFILE = "B7170144-D7CE-4773-ACCD-7A9CA5F414A1";
				SKIP_INSTALL = NO;
				TARGETED_DEVICE_FAMILY = 1;
				WRAPPER_EXTENSION = app;
			};
			name = Debug;
		};
		2D26540B13E069D000DE089C /* Release */ = {
			isa = XCBuildConfiguration;
			baseConfigurationReference = 422FE51862B145C587C39630 /* Pods.xcconfig */;
			buildSettings = {
				ALWAYS_SEARCH_USER_PATHS = YES;
				CLANG_ENABLE_OBJC_ARC = YES;
				CODE_SIGN_ENTITLEMENTS = "";
				CODE_SIGN_IDENTITY = "iPhone Developer";
				"CODE_SIGN_IDENTITY[sdk=iphoneos*]" = "iPhone Developer";
				COPY_PHASE_STRIP = YES;
				GCC_PRECOMPILE_PREFIX_HEADER = YES;
				GCC_PREFIX_HEADER = "Wheaton App/Wheaton App-Prefix.pch";
				GCC_VERSION = com.apple.compilers.llvm.clang.1_0;
				INFOPLIST_FILE = "Wheaton App/Wheaton App-Info.plist";
				IPHONEOS_DEPLOYMENT_TARGET = 7.0;
				LIBRARY_SEARCH_PATHS = "$(SRCROOT)/**";
				PRODUCT_NAME = "$(TARGET_NAME)";
				PROVISIONING_PROFILE = "B7170144-D7CE-4773-ACCD-7A9CA5F414A1";
				SKIP_INSTALL = NO;
				TARGETED_DEVICE_FAMILY = 1;
				VALIDATE_PRODUCT = YES;
				WRAPPER_EXTENSION = app;
			};
			name = Release;
		};
		62AADA3913F983E7001BC0DA /* Distribution */ = {
			isa = XCBuildConfiguration;
			buildSettings = {
				CODE_SIGN_ENTITLEMENTS = Entitlements.plist;
				CODE_SIGN_IDENTITY = "iPhone Developer: John Hayward (5ST3Z235DD)";
				"CODE_SIGN_IDENTITY[sdk=iphoneos*]" = "iPhone Distribution: Terry Perciante";
				GCC_C_LANGUAGE_STANDARD = gnu99;
				GCC_VERSION = com.apple.compilers.llvmgcc42;
				GCC_WARN_ABOUT_RETURN_TYPE = YES;
				GCC_WARN_UNUSED_VARIABLE = YES;
				IPHONEOS_DEPLOYMENT_TARGET = 6.0;
				OTHER_CFLAGS = "-DNS_BLOCK_ASSERTIONS=1";
				PROVISIONING_PROFILE = "36CFBE60-0069-440C-BBA9-6746397C1150";
				"PROVISIONING_PROFILE[sdk=iphoneos*]" = "F38C1DD7-1E27-47CE-81FF-AB7A6D88A754";
				SDKROOT = iphoneos;
				SKIP_INSTALL = NO;
			};
			name = Distribution;
		};
		62AADA3A13F983E7001BC0DA /* Distribution */ = {
			isa = XCBuildConfiguration;
			baseConfigurationReference = 422FE51862B145C587C39630 /* Pods.xcconfig */;
			buildSettings = {
				ALWAYS_SEARCH_USER_PATHS = YES;
				CLANG_ENABLE_OBJC_ARC = YES;
				CODE_SIGN_ENTITLEMENTS = "";
				CODE_SIGN_IDENTITY = "iPhone Developer";
				"CODE_SIGN_IDENTITY[sdk=iphoneos*]" = "iPhone Developer";
				COPY_PHASE_STRIP = YES;
				GCC_PRECOMPILE_PREFIX_HEADER = YES;
				GCC_PREFIX_HEADER = "Wheaton App/Wheaton App-Prefix.pch";
				GCC_VERSION = com.apple.compilers.llvm.clang.1_0;
				INFOPLIST_FILE = "Wheaton App/Wheaton App-Info.plist";
				IPHONEOS_DEPLOYMENT_TARGET = 7.0;
				LIBRARY_SEARCH_PATHS = "$(SRCROOT)/**";
				PRODUCT_NAME = "$(TARGET_NAME)";
				PROVISIONING_PROFILE = "B7170144-D7CE-4773-ACCD-7A9CA5F414A1";
				SKIP_INSTALL = NO;
				TARGETED_DEVICE_FAMILY = 1;
				VALIDATE_PRODUCT = YES;
				WRAPPER_EXTENSION = app;
			};
			name = Distribution;
		};
/* End XCBuildConfiguration section */

/* Begin XCConfigurationList section */
		2D2653D213E069CF00DE089C /* Build configuration list for PBXProject "Wheaton App" */ = {
			isa = XCConfigurationList;
			buildConfigurations = (
				2D26540713E069D000DE089C /* Debug */,
				2D26540813E069D000DE089C /* Release */,
				62AADA3913F983E7001BC0DA /* Distribution */,
			);
			defaultConfigurationIsVisible = 0;
			defaultConfigurationName = Release;
		};
		2D26540913E069D000DE089C /* Build configuration list for PBXNativeTarget "Wheaton App" */ = {
			isa = XCConfigurationList;
			buildConfigurations = (
				2D26540A13E069D000DE089C /* Debug */,
				2D26540B13E069D000DE089C /* Release */,
				62AADA3A13F983E7001BC0DA /* Distribution */,
			);
			defaultConfigurationIsVisible = 0;
			defaultConfigurationName = Release;
		};
/* End XCConfigurationList section */
	};
	rootObject = 2D2653CF13E069CF00DE089C /* Project object */;
}
