// !$*UTF8*$!
{
	archiveVersion = 1;
	classes = {
	};
	objectVersion = 46;
	objects = {

/* Begin PBXBuildFile section */
		2D2653DD13E069CF00DE089C /* UIKit.framework in Frameworks */ = {isa = PBXBuildFile; fileRef = 2D2653DC13E069CF00DE089C /* UIKit.framework */; };
		2D2653DF13E069CF00DE089C /* Foundation.framework in Frameworks */ = {isa = PBXBuildFile; fileRef = 2D2653DE13E069CF00DE089C /* Foundation.framework */; };
		2D2653E113E069CF00DE089C /* CoreGraphics.framework in Frameworks */ = {isa = PBXBuildFile; fileRef = 2D2653E013E069CF00DE089C /* CoreGraphics.framework */; };
		2D2653E713E069CF00DE089C /* InfoPlist.strings in Resources */ = {isa = PBXBuildFile; fileRef = 2D2653E513E069CF00DE089C /* InfoPlist.strings */; };
		2D2653EA13E069CF00DE089C /* main.m in Sources */ = {isa = PBXBuildFile; fileRef = 2D2653E913E069CF00DE089C /* main.m */; };
		2D2653ED13E069CF00DE089C /* Wheaton_AppAppDelegate.m in Sources */ = {isa = PBXBuildFile; fileRef = 2D2653EC13E069CF00DE089C /* Wheaton_AppAppDelegate.m */; };
		2D2653F013E069CF00DE089C /* MainWindow.xib in Resources */ = {isa = PBXBuildFile; fileRef = 2D2653EE13E069CF00DE089C /* MainWindow.xib */; };
		2D2653F713E069D000DE089C /* UIKit.framework in Frameworks */ = {isa = PBXBuildFile; fileRef = 2D2653DC13E069CF00DE089C /* UIKit.framework */; };
		2D2653F813E069D000DE089C /* Foundation.framework in Frameworks */ = {isa = PBXBuildFile; fileRef = 2D2653DE13E069CF00DE089C /* Foundation.framework */; };
		2D2653F913E069D000DE089C /* CoreGraphics.framework in Frameworks */ = {isa = PBXBuildFile; fileRef = 2D2653E013E069CF00DE089C /* CoreGraphics.framework */; };
		2D26540113E069D000DE089C /* InfoPlist.strings in Resources */ = {isa = PBXBuildFile; fileRef = 2D2653FF13E069D000DE089C /* InfoPlist.strings */; };
		2D26540413E069D000DE089C /* Wheaton_AppTests.h in Resources */ = {isa = PBXBuildFile; fileRef = 2D26540313E069D000DE089C /* Wheaton_AppTests.h */; };
		2D26540613E069D000DE089C /* Wheaton_AppTests.m in Sources */ = {isa = PBXBuildFile; fileRef = 2D26540513E069D000DE089C /* Wheaton_AppTests.m */; };
		2D26542113E06A5D00DE089C /* about.png in Resources */ = {isa = PBXBuildFile; fileRef = 2D26541013E06A5D00DE089C /* about.png */; };
		2D26542213E06A5D00DE089C /* blur.png in Resources */ = {isa = PBXBuildFile; fileRef = 2D26541113E06A5D00DE089C /* blur.png */; };
		2D26542313E06A5D00DE089C /* chapel.png in Resources */ = {isa = PBXBuildFile; fileRef = 2D26541213E06A5D00DE089C /* chapel.png */; };
		2D26542413E06A5D00DE089C /* default_pic.png in Resources */ = {isa = PBXBuildFile; fileRef = 2D26541313E06A5D00DE089C /* default_pic.png */; };
		2D26542513E06A5D00DE089C /* home.png in Resources */ = {isa = PBXBuildFile; fileRef = 2D26541413E06A5D00DE089C /* home.png */; };
		2D26542613E06A5D00DE089C /* icon_old.png in Resources */ = {isa = PBXBuildFile; fileRef = 2D26541513E06A5D00DE089C /* icon_old.png */; };
		2D26542713E06A5D00DE089C /* icon_older.png in Resources */ = {isa = PBXBuildFile; fileRef = 2D26541613E06A5D00DE089C /* icon_older.png */; };
		2D26542813E06A5D00DE089C /* icon.png in Resources */ = {isa = PBXBuildFile; fileRef = 2D26541713E06A5D00DE089C /* icon.png */; };
		2D26542913E06A5D00DE089C /* map.png in Resources */ = {isa = PBXBuildFile; fileRef = 2D26541813E06A5D00DE089C /* map.png */; };
		2D26542A13E06A5D00DE089C /* menu_header.png in Resources */ = {isa = PBXBuildFile; fileRef = 2D26541913E06A5D00DE089C /* menu_header.png */; };
		2D26542B13E06A5D00DE089C /* menu.png in Resources */ = {isa = PBXBuildFile; fileRef = 2D26541A13E06A5D00DE089C /* menu.png */; };
		2D26542C13E06A5D00DE089C /* misc.png in Resources */ = {isa = PBXBuildFile; fileRef = 2D26541B13E06A5D00DE089C /* misc.png */; };
		2D26542D13E06A5D00DE089C /* open_floor_header.png in Resources */ = {isa = PBXBuildFile; fileRef = 2D26541C13E06A5D00DE089C /* open_floor_header.png */; };
		2D26542E13E06A5D00DE089C /* open_floors.png in Resources */ = {isa = PBXBuildFile; fileRef = 2D26541D13E06A5D00DE089C /* open_floors.png */; };
		2D26542F13E06A5D00DE089C /* push_pin.png in Resources */ = {isa = PBXBuildFile; fileRef = 2D26541E13E06A5D00DE089C /* push_pin.png */; };
		2D26543013E06A5D00DE089C /* stalkernet_square.png in Resources */ = {isa = PBXBuildFile; fileRef = 2D26541F13E06A5D00DE089C /* stalkernet_square.png */; };
		2D26543113E06A5D00DE089C /* stalkernet.png in Resources */ = {isa = PBXBuildFile; fileRef = 2D26542013E06A5D00DE089C /* stalkernet.png */; };
		2D26543313E06A8C00DE089C /* 57x57.png in Resources */ = {isa = PBXBuildFile; fileRef = 2D26543213E06A8C00DE089C /* 57x57.png */; };
		2D26543513E06A9200DE089C /* 114x114.png in Resources */ = {isa = PBXBuildFile; fileRef = 2D26543413E06A9200DE089C /* 114x114.png */; };
		2D26543913E06B5D00DE089C /* HomeScreen.m in Sources */ = {isa = PBXBuildFile; fileRef = 2D26543713E06B5D00DE089C /* HomeScreen.m */; };
		2D26543A13E06B5D00DE089C /* HomeScreen.xib in Resources */ = {isa = PBXBuildFile; fileRef = 2D26543813E06B5D00DE089C /* HomeScreen.xib */; };
		2D26543E13E06B8D00DE089C /* StalkernetHome.m in Sources */ = {isa = PBXBuildFile; fileRef = 2D26543C13E06B8D00DE089C /* StalkernetHome.m */; };
		2D26543F13E06B8D00DE089C /* StalkernetHome.xib in Resources */ = {isa = PBXBuildFile; fileRef = 2D26543D13E06B8D00DE089C /* StalkernetHome.xib */; };
		2D26544313E06B9900DE089C /* StalkernetResults.m in Sources */ = {isa = PBXBuildFile; fileRef = 2D26544113E06B9800DE089C /* StalkernetResults.m */; };
		2D26544413E06B9900DE089C /* StalkernetResults.xib in Resources */ = {isa = PBXBuildFile; fileRef = 2D26544213E06B9900DE089C /* StalkernetResults.xib */; };
		2D26544813E06BA400DE089C /* Links.m in Sources */ = {isa = PBXBuildFile; fileRef = 2D26544613E06BA400DE089C /* Links.m */; };
		2D26544913E06BA400DE089C /* Links.xib in Resources */ = {isa = PBXBuildFile; fileRef = 2D26544713E06BA400DE089C /* Links.xib */; };
		2D26544D13E06BBD00DE089C /* Chapel.m in Sources */ = {isa = PBXBuildFile; fileRef = 2D26544B13E06BBC00DE089C /* Chapel.m */; };
		2D26544E13E06BBD00DE089C /* Chapel.xib in Resources */ = {isa = PBXBuildFile; fileRef = 2D26544C13E06BBC00DE089C /* Chapel.xib */; };
		2D26545213E06BD700DE089C /* DiningMenu.m in Sources */ = {isa = PBXBuildFile; fileRef = 2D26545013E06BD600DE089C /* DiningMenu.m */; };
		2D26545313E06BD700DE089C /* DiningMenu.xib in Resources */ = {isa = PBXBuildFile; fileRef = 2D26545113E06BD600DE089C /* DiningMenu.xib */; };
		2D26545713E06BE800DE089C /* OpenFloor.m in Sources */ = {isa = PBXBuildFile; fileRef = 2D26545513E06BE800DE089C /* OpenFloor.m */; };
		2D26545813E06BE800DE089C /* OpenFloor.xib in Resources */ = {isa = PBXBuildFile; fileRef = 2D26545613E06BE800DE089C /* OpenFloor.xib */; };
/* End PBXBuildFile section */

/* Begin PBXContainerItemProxy section */
		2D2653FA13E069D000DE089C /* PBXContainerItemProxy */ = {
			isa = PBXContainerItemProxy;
			containerPortal = 2D2653CF13E069CF00DE089C /* Project object */;
			proxyType = 1;
			remoteGlobalIDString = 2D2653D713E069CF00DE089C;
			remoteInfo = "Wheaton App";
		};
/* End PBXContainerItemProxy section */

/* Begin PBXFileReference section */
		2D2653D813E069CF00DE089C /* Wheaton App.app */ = {isa = PBXFileReference; explicitFileType = wrapper.application; includeInIndex = 0; path = "Wheaton App.app"; sourceTree = BUILT_PRODUCTS_DIR; };
		2D2653DC13E069CF00DE089C /* UIKit.framework */ = {isa = PBXFileReference; lastKnownFileType = wrapper.framework; name = UIKit.framework; path = System/Library/Frameworks/UIKit.framework; sourceTree = SDKROOT; };
		2D2653DE13E069CF00DE089C /* Foundation.framework */ = {isa = PBXFileReference; lastKnownFileType = wrapper.framework; name = Foundation.framework; path = System/Library/Frameworks/Foundation.framework; sourceTree = SDKROOT; };
		2D2653E013E069CF00DE089C /* CoreGraphics.framework */ = {isa = PBXFileReference; lastKnownFileType = wrapper.framework; name = CoreGraphics.framework; path = System/Library/Frameworks/CoreGraphics.framework; sourceTree = SDKROOT; };
		2D2653E413E069CF00DE089C /* Wheaton App-Info.plist */ = {isa = PBXFileReference; lastKnownFileType = text.plist.xml; path = "Wheaton App-Info.plist"; sourceTree = "<group>"; };
		2D2653E613E069CF00DE089C /* en */ = {isa = PBXFileReference; lastKnownFileType = text.plist.strings; name = en; path = en.lproj/InfoPlist.strings; sourceTree = "<group>"; };
		2D2653E813E069CF00DE089C /* Wheaton App-Prefix.pch */ = {isa = PBXFileReference; lastKnownFileType = sourcecode.c.h; path = "Wheaton App-Prefix.pch"; sourceTree = "<group>"; };
		2D2653E913E069CF00DE089C /* main.m */ = {isa = PBXFileReference; lastKnownFileType = sourcecode.c.objc; path = main.m; sourceTree = "<group>"; };
		2D2653EB13E069CF00DE089C /* Wheaton_AppAppDelegate.h */ = {isa = PBXFileReference; lastKnownFileType = sourcecode.c.h; path = Wheaton_AppAppDelegate.h; sourceTree = "<group>"; };
		2D2653EC13E069CF00DE089C /* Wheaton_AppAppDelegate.m */ = {isa = PBXFileReference; lastKnownFileType = sourcecode.c.objc; path = Wheaton_AppAppDelegate.m; sourceTree = "<group>"; };
		2D2653EF13E069CF00DE089C /* en */ = {isa = PBXFileReference; lastKnownFileType = file.xib; name = en; path = en.lproj/MainWindow.xib; sourceTree = "<group>"; };
		2D2653F613E069D000DE089C /* Wheaton AppTests.octest */ = {isa = PBXFileReference; explicitFileType = wrapper.cfbundle; includeInIndex = 0; path = "Wheaton AppTests.octest"; sourceTree = BUILT_PRODUCTS_DIR; };
		2D2653FE13E069D000DE089C /* Wheaton AppTests-Info.plist */ = {isa = PBXFileReference; lastKnownFileType = text.plist.xml; path = "Wheaton AppTests-Info.plist"; sourceTree = "<group>"; };
		2D26540013E069D000DE089C /* en */ = {isa = PBXFileReference; lastKnownFileType = text.plist.strings; name = en; path = en.lproj/InfoPlist.strings; sourceTree = "<group>"; };
		2D26540213E069D000DE089C /* Wheaton AppTests-Prefix.pch */ = {isa = PBXFileReference; lastKnownFileType = sourcecode.c.h; path = "Wheaton AppTests-Prefix.pch"; sourceTree = "<group>"; };
		2D26540313E069D000DE089C /* Wheaton_AppTests.h */ = {isa = PBXFileReference; lastKnownFileType = sourcecode.c.h; path = Wheaton_AppTests.h; sourceTree = "<group>"; };
		2D26540513E069D000DE089C /* Wheaton_AppTests.m */ = {isa = PBXFileReference; lastKnownFileType = sourcecode.c.objc; path = Wheaton_AppTests.m; sourceTree = "<group>"; };
		2D26541013E06A5D00DE089C /* about.png */ = {isa = PBXFileReference; lastKnownFileType = image.png; path = about.png; sourceTree = "<group>"; };
		2D26541113E06A5D00DE089C /* blur.png */ = {isa = PBXFileReference; lastKnownFileType = image.png; path = blur.png; sourceTree = "<group>"; };
		2D26541213E06A5D00DE089C /* chapel.png */ = {isa = PBXFileReference; lastKnownFileType = image.png; path = chapel.png; sourceTree = "<group>"; };
		2D26541313E06A5D00DE089C /* default_pic.png */ = {isa = PBXFileReference; lastKnownFileType = image.png; path = default_pic.png; sourceTree = "<group>"; };
		2D26541413E06A5D00DE089C /* home.png */ = {isa = PBXFileReference; lastKnownFileType = image.png; path = home.png; sourceTree = "<group>"; };
		2D26541513E06A5D00DE089C /* icon_old.png */ = {isa = PBXFileReference; lastKnownFileType = image.png; path = icon_old.png; sourceTree = "<group>"; };
		2D26541613E06A5D00DE089C /* icon_older.png */ = {isa = PBXFileReference; lastKnownFileType = image.png; path = icon_older.png; sourceTree = "<group>"; };
		2D26541713E06A5D00DE089C /* icon.png */ = {isa = PBXFileReference; lastKnownFileType = image.png; path = icon.png; sourceTree = "<group>"; };
		2D26541813E06A5D00DE089C /* map.png */ = {isa = PBXFileReference; lastKnownFileType = image.png; path = map.png; sourceTree = "<group>"; };
		2D26541913E06A5D00DE089C /* menu_header.png */ = {isa = PBXFileReference; lastKnownFileType = image.png; path = menu_header.png; sourceTree = "<group>"; };
		2D26541A13E06A5D00DE089C /* menu.png */ = {isa = PBXFileReference; lastKnownFileType = image.png; path = menu.png; sourceTree = "<group>"; };
		2D26541B13E06A5D00DE089C /* misc.png */ = {isa = PBXFileReference; lastKnownFileType = image.png; path = misc.png; sourceTree = "<group>"; };
		2D26541C13E06A5D00DE089C /* open_floor_header.png */ = {isa = PBXFileReference; lastKnownFileType = image.png; path = open_floor_header.png; sourceTree = "<group>"; };
		2D26541D13E06A5D00DE089C /* open_floors.png */ = {isa = PBXFileReference; lastKnownFileType = image.png; path = open_floors.png; sourceTree = "<group>"; };
		2D26541E13E06A5D00DE089C /* push_pin.png */ = {isa = PBXFileReference; lastKnownFileType = image.png; path = push_pin.png; sourceTree = "<group>"; };
		2D26541F13E06A5D00DE089C /* stalkernet_square.png */ = {isa = PBXFileReference; lastKnownFileType = image.png; path = stalkernet_square.png; sourceTree = "<group>"; };
		2D26542013E06A5D00DE089C /* stalkernet.png */ = {isa = PBXFileReference; lastKnownFileType = image.png; path = stalkernet.png; sourceTree = "<group>"; };
		2D26543213E06A8C00DE089C /* 57x57.png */ = {isa = PBXFileReference; lastKnownFileType = image.png; path = 57x57.png; sourceTree = "<group>"; };
		2D26543413E06A9200DE089C /* 114x114.png */ = {isa = PBXFileReference; lastKnownFileType = image.png; path = 114x114.png; sourceTree = "<group>"; };
		2D26543613E06B5D00DE089C /* HomeScreen.h */ = {isa = PBXFileReference; fileEncoding = 4; lastKnownFileType = sourcecode.c.h; path = HomeScreen.h; sourceTree = "<group>"; };
		2D26543713E06B5D00DE089C /* HomeScreen.m */ = {isa = PBXFileReference; fileEncoding = 4; lastKnownFileType = sourcecode.c.objc; path = HomeScreen.m; sourceTree = "<group>"; };
		2D26543813E06B5D00DE089C /* HomeScreen.xib */ = {isa = PBXFileReference; fileEncoding = 4; lastKnownFileType = file.xib; path = HomeScreen.xib; sourceTree = "<group>"; };
		2D26543B13E06B8D00DE089C /* StalkernetHome.h */ = {isa = PBXFileReference; fileEncoding = 4; lastKnownFileType = sourcecode.c.h; path = StalkernetHome.h; sourceTree = "<group>"; };
		2D26543C13E06B8D00DE089C /* StalkernetHome.m */ = {isa = PBXFileReference; fileEncoding = 4; lastKnownFileType = sourcecode.c.objc; path = StalkernetHome.m; sourceTree = "<group>"; };
		2D26543D13E06B8D00DE089C /* StalkernetHome.xib */ = {isa = PBXFileReference; fileEncoding = 4; lastKnownFileType = file.xib; path = StalkernetHome.xib; sourceTree = "<group>"; };
		2D26544013E06B9800DE089C /* StalkernetResults.h */ = {isa = PBXFileReference; fileEncoding = 4; lastKnownFileType = sourcecode.c.h; path = StalkernetResults.h; sourceTree = "<group>"; };
		2D26544113E06B9800DE089C /* StalkernetResults.m */ = {isa = PBXFileReference; fileEncoding = 4; lastKnownFileType = sourcecode.c.objc; path = StalkernetResults.m; sourceTree = "<group>"; };
		2D26544213E06B9900DE089C /* StalkernetResults.xib */ = {isa = PBXFileReference; fileEncoding = 4; lastKnownFileType = file.xib; path = StalkernetResults.xib; sourceTree = "<group>"; };
		2D26544513E06BA400DE089C /* Links.h */ = {isa = PBXFileReference; fileEncoding = 4; lastKnownFileType = sourcecode.c.h; path = Links.h; sourceTree = "<group>"; };
		2D26544613E06BA400DE089C /* Links.m */ = {isa = PBXFileReference; fileEncoding = 4; lastKnownFileType = sourcecode.c.objc; path = Links.m; sourceTree = "<group>"; };
		2D26544713E06BA400DE089C /* Links.xib */ = {isa = PBXFileReference; fileEncoding = 4; lastKnownFileType = file.xib; path = Links.xib; sourceTree = "<group>"; };
		2D26544A13E06BBC00DE089C /* Chapel.h */ = {isa = PBXFileReference; fileEncoding = 4; lastKnownFileType = sourcecode.c.h; path = Chapel.h; sourceTree = "<group>"; };
		2D26544B13E06BBC00DE089C /* Chapel.m */ = {isa = PBXFileReference; fileEncoding = 4; lastKnownFileType = sourcecode.c.objc; path = Chapel.m; sourceTree = "<group>"; };
		2D26544C13E06BBC00DE089C /* Chapel.xib */ = {isa = PBXFileReference; fileEncoding = 4; lastKnownFileType = file.xib; path = Chapel.xib; sourceTree = "<group>"; };
		2D26544F13E06BD600DE089C /* DiningMenu.h */ = {isa = PBXFileReference; fileEncoding = 4; lastKnownFileType = sourcecode.c.h; path = DiningMenu.h; sourceTree = "<group>"; };
		2D26545013E06BD600DE089C /* DiningMenu.m */ = {isa = PBXFileReference; fileEncoding = 4; lastKnownFileType = sourcecode.c.objc; path = DiningMenu.m; sourceTree = "<group>"; };
		2D26545113E06BD600DE089C /* DiningMenu.xib */ = {isa = PBXFileReference; fileEncoding = 4; lastKnownFileType = file.xib; path = DiningMenu.xib; sourceTree = "<group>"; };
		2D26545413E06BE800DE089C /* OpenFloor.h */ = {isa = PBXFileReference; fileEncoding = 4; lastKnownFileType = sourcecode.c.h; path = OpenFloor.h; sourceTree = "<group>"; };
		2D26545513E06BE800DE089C /* OpenFloor.m */ = {isa = PBXFileReference; fileEncoding = 4; lastKnownFileType = sourcecode.c.objc; path = OpenFloor.m; sourceTree = "<group>"; };
		2D26545613E06BE800DE089C /* OpenFloor.xib */ = {isa = PBXFileReference; fileEncoding = 4; lastKnownFileType = file.xib; path = OpenFloor.xib; sourceTree = "<group>"; };
/* End PBXFileReference section */

/* Begin PBXFrameworksBuildPhase section */
		2D2653D513E069CF00DE089C /* Frameworks */ = {
			isa = PBXFrameworksBuildPhase;
			buildActionMask = 2147483647;
			files = (
				2D2653DD13E069CF00DE089C /* UIKit.framework in Frameworks */,
				2D2653DF13E069CF00DE089C /* Foundation.framework in Frameworks */,
				2D2653E113E069CF00DE089C /* CoreGraphics.framework in Frameworks */,
			);
			runOnlyForDeploymentPostprocessing = 0;
		};
		2D2653F213E069D000DE089C /* Frameworks */ = {
			isa = PBXFrameworksBuildPhase;
			buildActionMask = 2147483647;
			files = (
				2D2653F713E069D000DE089C /* UIKit.framework in Frameworks */,
				2D2653F813E069D000DE089C /* Foundation.framework in Frameworks */,
				2D2653F913E069D000DE089C /* CoreGraphics.framework in Frameworks */,
			);
			runOnlyForDeploymentPostprocessing = 0;
		};
/* End PBXFrameworksBuildPhase section */

/* Begin PBXGroup section */
		2D2653CD13E069CF00DE089C = {
			isa = PBXGroup;
			children = (
				2D26543413E06A9200DE089C /* 114x114.png */,
				2D26543213E06A8C00DE089C /* 57x57.png */,
				2D2653E213E069CF00DE089C /* Wheaton App */,
				2D2653FC13E069D000DE089C /* Wheaton AppTests */,
				2D2653DB13E069CF00DE089C /* Frameworks */,
				2D2653D913E069CF00DE089C /* Products */,
			);
			sourceTree = "<group>";
		};
		2D2653D913E069CF00DE089C /* Products */ = {
			isa = PBXGroup;
			children = (
				2D2653D813E069CF00DE089C /* Wheaton App.app */,
				2D2653F613E069D000DE089C /* Wheaton AppTests.octest */,
			);
			name = Products;
			sourceTree = "<group>";
		};
		2D2653DB13E069CF00DE089C /* Frameworks */ = {
			isa = PBXGroup;
			children = (
				2D2653DC13E069CF00DE089C /* UIKit.framework */,
				2D2653DE13E069CF00DE089C /* Foundation.framework */,
				2D2653E013E069CF00DE089C /* CoreGraphics.framework */,
			);
			name = Frameworks;
			sourceTree = "<group>";
		};
		2D2653E213E069CF00DE089C /* Wheaton App */ = {
			isa = PBXGroup;
			children = (
				2D2653EB13E069CF00DE089C /* Wheaton_AppAppDelegate.h */,
				2D2653EC13E069CF00DE089C /* Wheaton_AppAppDelegate.m */,
				2D2653EE13E069CF00DE089C /* MainWindow.xib */,
				2D26543613E06B5D00DE089C /* HomeScreen.h */,
				2D26543B13E06B8D00DE089C /* StalkernetHome.h */,
				2D26544013E06B9800DE089C /* StalkernetResults.h */,
				2D26544513E06BA400DE089C /* Links.h */,
				2D26544A13E06BBC00DE089C /* Chapel.h */,
				2D26544F13E06BD600DE089C /* DiningMenu.h */,
				2D26545413E06BE800DE089C /* OpenFloor.h */,
				2D26545513E06BE800DE089C /* OpenFloor.m */,
				2D26545613E06BE800DE089C /* OpenFloor.xib */,
				2D26545013E06BD600DE089C /* DiningMenu.m */,
				2D26545113E06BD600DE089C /* DiningMenu.xib */,
				2D26544B13E06BBC00DE089C /* Chapel.m */,
				2D26544C13E06BBC00DE089C /* Chapel.xib */,
				2D26544613E06BA400DE089C /* Links.m */,
				2D26544713E06BA400DE089C /* Links.xib */,
				2D26544113E06B9800DE089C /* StalkernetResults.m */,
				2D26544213E06B9900DE089C /* StalkernetResults.xib */,
				2D26543C13E06B8D00DE089C /* StalkernetHome.m */,
				2D26543D13E06B8D00DE089C /* StalkernetHome.xib */,
				2D26543713E06B5D00DE089C /* HomeScreen.m */,
				2D26543813E06B5D00DE089C /* HomeScreen.xib */,
				2D2653E313E069CF00DE089C /* Supporting Files */,
			);
			path = "Wheaton App";
			sourceTree = "<group>";
		};
		2D2653E313E069CF00DE089C /* Supporting Files */ = {
			isa = PBXGroup;
			children = (
				2D26540F13E069DB00DE089C /* Images */,
				2D2653E413E069CF00DE089C /* Wheaton App-Info.plist */,
				2D2653E513E069CF00DE089C /* InfoPlist.strings */,
				2D2653E813E069CF00DE089C /* Wheaton App-Prefix.pch */,
				2D2653E913E069CF00DE089C /* main.m */,
			);
			name = "Supporting Files";
			sourceTree = "<group>";
		};
		2D2653FC13E069D000DE089C /* Wheaton AppTests */ = {
			isa = PBXGroup;
			children = (
				2D26540313E069D000DE089C /* Wheaton_AppTests.h */,
				2D26540513E069D000DE089C /* Wheaton_AppTests.m */,
				2D2653FD13E069D000DE089C /* Supporting Files */,
			);
			path = "Wheaton AppTests";
			sourceTree = "<group>";
		};
		2D2653FD13E069D000DE089C /* Supporting Files */ = {
			isa = PBXGroup;
			children = (
				2D2653FE13E069D000DE089C /* Wheaton AppTests-Info.plist */,
				2D2653FF13E069D000DE089C /* InfoPlist.strings */,
				2D26540213E069D000DE089C /* Wheaton AppTests-Prefix.pch */,
			);
			name = "Supporting Files";
			sourceTree = "<group>";
		};
		2D26540F13E069DB00DE089C /* Images */ = {
			isa = PBXGroup;
			children = (
				2D26541013E06A5D00DE089C /* about.png */,
				2D26541113E06A5D00DE089C /* blur.png */,
				2D26541213E06A5D00DE089C /* chapel.png */,
				2D26541313E06A5D00DE089C /* default_pic.png */,
				2D26541413E06A5D00DE089C /* home.png */,
				2D26541513E06A5D00DE089C /* icon_old.png */,
				2D26541613E06A5D00DE089C /* icon_older.png */,
				2D26541713E06A5D00DE089C /* icon.png */,
				2D26541813E06A5D00DE089C /* map.png */,
				2D26541913E06A5D00DE089C /* menu_header.png */,
				2D26541A13E06A5D00DE089C /* menu.png */,
				2D26541B13E06A5D00DE089C /* misc.png */,
				2D26541C13E06A5D00DE089C /* open_floor_header.png */,
				2D26541D13E06A5D00DE089C /* open_floors.png */,
				2D26541E13E06A5D00DE089C /* push_pin.png */,
				2D26541F13E06A5D00DE089C /* stalkernet_square.png */,
				2D26542013E06A5D00DE089C /* stalkernet.png */,
			);
			name = Images;
			sourceTree = "<group>";
		};
/* End PBXGroup section */

/* Begin PBXNativeTarget section */
		2D2653D713E069CF00DE089C /* Wheaton App */ = {
			isa = PBXNativeTarget;
			buildConfigurationList = 2D26540913E069D000DE089C /* Build configuration list for PBXNativeTarget "Wheaton App" */;
			buildPhases = (
				2D2653D413E069CF00DE089C /* Sources */,
				2D2653D513E069CF00DE089C /* Frameworks */,
				2D2653D613E069CF00DE089C /* Resources */,
			);
			buildRules = (
			);
			dependencies = (
			);
			name = "Wheaton App";
			productName = "Wheaton App";
			productReference = 2D2653D813E069CF00DE089C /* Wheaton App.app */;
			productType = "com.apple.product-type.application";
		};
		2D2653F513E069D000DE089C /* Wheaton AppTests */ = {
			isa = PBXNativeTarget;
			buildConfigurationList = 2D26540C13E069D000DE089C /* Build configuration list for PBXNativeTarget "Wheaton AppTests" */;
			buildPhases = (
				2D2653F113E069D000DE089C /* Sources */,
				2D2653F213E069D000DE089C /* Frameworks */,
				2D2653F313E069D000DE089C /* Resources */,
				2D2653F413E069D000DE089C /* ShellScript */,
			);
			buildRules = (
			);
			dependencies = (
				2D2653FB13E069D000DE089C /* PBXTargetDependency */,
			);
			name = "Wheaton AppTests";
			productName = "Wheaton AppTests";
			productReference = 2D2653F613E069D000DE089C /* Wheaton AppTests.octest */;
			productType = "com.apple.product-type.bundle";
		};
/* End PBXNativeTarget section */

/* Begin PBXProject section */
		2D2653CF13E069CF00DE089C /* Project object */ = {
			isa = PBXProject;
			buildConfigurationList = 2D2653D213E069CF00DE089C /* Build configuration list for PBXProject "Wheaton App" */;
			compatibilityVersion = "Xcode 3.2";
			developmentRegion = English;
			hasScannedForEncodings = 0;
			knownRegions = (
				en,
			);
			mainGroup = 2D2653CD13E069CF00DE089C;
			productRefGroup = 2D2653D913E069CF00DE089C /* Products */;
			projectDirPath = "";
			projectRoot = "";
			targets = (
				2D2653D713E069CF00DE089C /* Wheaton App */,
				2D2653F513E069D000DE089C /* Wheaton AppTests */,
			);
		};
/* End PBXProject section */

/* Begin PBXResourcesBuildPhase section */
		2D2653D613E069CF00DE089C /* Resources */ = {
			isa = PBXResourcesBuildPhase;
			buildActionMask = 2147483647;
			files = (
				2D2653E713E069CF00DE089C /* InfoPlist.strings in Resources */,
				2D2653F013E069CF00DE089C /* MainWindow.xib in Resources */,
				2D26542113E06A5D00DE089C /* about.png in Resources */,
				2D26542213E06A5D00DE089C /* blur.png in Resources */,
				2D26542313E06A5D00DE089C /* chapel.png in Resources */,
				2D26542413E06A5D00DE089C /* default_pic.png in Resources */,
				2D26542513E06A5D00DE089C /* home.png in Resources */,
				2D26542613E06A5D00DE089C /* icon_old.png in Resources */,
				2D26542713E06A5D00DE089C /* icon_older.png in Resources */,
				2D26542813E06A5D00DE089C /* icon.png in Resources */,
				2D26542913E06A5D00DE089C /* map.png in Resources */,
				2D26542A13E06A5D00DE089C /* menu_header.png in Resources */,
				2D26542B13E06A5D00DE089C /* menu.png in Resources */,
				2D26542C13E06A5D00DE089C /* misc.png in Resources */,
				2D26542D13E06A5D00DE089C /* open_floor_header.png in Resources */,
				2D26542E13E06A5D00DE089C /* open_floors.png in Resources */,
				2D26542F13E06A5D00DE089C /* push_pin.png in Resources */,
				2D26543013E06A5D00DE089C /* stalkernet_square.png in Resources */,
				2D26543113E06A5D00DE089C /* stalkernet.png in Resources */,
				2D26543313E06A8C00DE089C /* 57x57.png in Resources */,
				2D26543513E06A9200DE089C /* 114x114.png in Resources */,
				2D26543A13E06B5D00DE089C /* HomeScreen.xib in Resources */,
				2D26543F13E06B8D00DE089C /* StalkernetHome.xib in Resources */,
				2D26544413E06B9900DE089C /* StalkernetResults.xib in Resources */,
				2D26544913E06BA400DE089C /* Links.xib in Resources */,
				2D26544E13E06BBD00DE089C /* Chapel.xib in Resources */,
				2D26545313E06BD700DE089C /* DiningMenu.xib in Resources */,
				2D26545813E06BE800DE089C /* OpenFloor.xib in Resources */,
			);
			runOnlyForDeploymentPostprocessing = 0;
		};
		2D2653F313E069D000DE089C /* Resources */ = {
			isa = PBXResourcesBuildPhase;
			buildActionMask = 2147483647;
			files = (
				2D26540113E069D000DE089C /* InfoPlist.strings in Resources */,
				2D26540413E069D000DE089C /* Wheaton_AppTests.h in Resources */,
			);
			runOnlyForDeploymentPostprocessing = 0;
		};
/* End PBXResourcesBuildPhase section */

/* Begin PBXShellScriptBuildPhase section */
		2D2653F413E069D000DE089C /* ShellScript */ = {
			isa = PBXShellScriptBuildPhase;
			buildActionMask = 2147483647;
			files = (
			);
			inputPaths = (
			);
			outputPaths = (
			);
			runOnlyForDeploymentPostprocessing = 0;
			shellPath = /bin/sh;
			shellScript = "# Run the unit tests in this test bundle.\n\"${SYSTEM_DEVELOPER_DIR}/Tools/RunUnitTests\"\n";
		};
/* End PBXShellScriptBuildPhase section */

/* Begin PBXSourcesBuildPhase section */
		2D2653D413E069CF00DE089C /* Sources */ = {
			isa = PBXSourcesBuildPhase;
			buildActionMask = 2147483647;
			files = (
				2D2653EA13E069CF00DE089C /* main.m in Sources */,
				2D2653ED13E069CF00DE089C /* Wheaton_AppAppDelegate.m in Sources */,
				2D26543913E06B5D00DE089C /* HomeScreen.m in Sources */,
				2D26543E13E06B8D00DE089C /* StalkernetHome.m in Sources */,
				2D26544313E06B9900DE089C /* StalkernetResults.m in Sources */,
				2D26544813E06BA400DE089C /* Links.m in Sources */,
				2D26544D13E06BBD00DE089C /* Chapel.m in Sources */,
				2D26545213E06BD700DE089C /* DiningMenu.m in Sources */,
				2D26545713E06BE800DE089C /* OpenFloor.m in Sources */,
			);
			runOnlyForDeploymentPostprocessing = 0;
		};
		2D2653F113E069D000DE089C /* Sources */ = {
			isa = PBXSourcesBuildPhase;
			buildActionMask = 2147483647;
			files = (
				2D26540613E069D000DE089C /* Wheaton_AppTests.m in Sources */,
			);
			runOnlyForDeploymentPostprocessing = 0;
		};
/* End PBXSourcesBuildPhase section */

/* Begin PBXTargetDependency section */
		2D2653FB13E069D000DE089C /* PBXTargetDependency */ = {
			isa = PBXTargetDependency;
			target = 2D2653D713E069CF00DE089C /* Wheaton App */;
			targetProxy = 2D2653FA13E069D000DE089C /* PBXContainerItemProxy */;
		};
/* End PBXTargetDependency section */

/* Begin PBXVariantGroup section */
		2D2653E513E069CF00DE089C /* InfoPlist.strings */ = {
			isa = PBXVariantGroup;
			children = (
				2D2653E613E069CF00DE089C /* en */,
			);
			name = InfoPlist.strings;
			sourceTree = "<group>";
		};
		2D2653EE13E069CF00DE089C /* MainWindow.xib */ = {
			isa = PBXVariantGroup;
			children = (
				2D2653EF13E069CF00DE089C /* en */,
			);
			name = MainWindow.xib;
			sourceTree = "<group>";
		};
		2D2653FF13E069D000DE089C /* InfoPlist.strings */ = {
			isa = PBXVariantGroup;
			children = (
				2D26540013E069D000DE089C /* en */,
			);
			name = InfoPlist.strings;
			sourceTree = "<group>";
		};
/* End PBXVariantGroup section */

/* Begin XCBuildConfiguration section */
		2D26540713E069D000DE089C /* Debug */ = {
			isa = XCBuildConfiguration;
			buildSettings = {
				ARCHS = "$(ARCHS_STANDARD_32_BIT)";
				"CODE_SIGN_IDENTITY[sdk=iphoneos*]" = "iPhone Developer";
				GCC_C_LANGUAGE_STANDARD = gnu99;
				GCC_OPTIMIZATION_LEVEL = 0;
				GCC_PREPROCESSOR_DEFINITIONS = DEBUG;
				GCC_SYMBOLS_PRIVATE_EXTERN = NO;
				GCC_VERSION = com.apple.compilers.llvmgcc42;
				GCC_WARN_ABOUT_RETURN_TYPE = YES;
				GCC_WARN_UNUSED_VARIABLE = YES;
				IPHONEOS_DEPLOYMENT_TARGET = 3.0;
				SDKROOT = iphoneos;
			};
			name = Debug;
		};
		2D26540813E069D000DE089C /* Release */ = {
			isa = XCBuildConfiguration;
			buildSettings = {
				ARCHS = "$(ARCHS_STANDARD_32_BIT)";
				"CODE_SIGN_IDENTITY[sdk=iphoneos*]" = "iPhone Developer";
				GCC_C_LANGUAGE_STANDARD = gnu99;
				GCC_VERSION = com.apple.compilers.llvmgcc42;
				GCC_WARN_ABOUT_RETURN_TYPE = YES;
				GCC_WARN_UNUSED_VARIABLE = YES;
				IPHONEOS_DEPLOYMENT_TARGET = 3.0;
				OTHER_CFLAGS = "-DNS_BLOCK_ASSERTIONS=1";
				SDKROOT = iphoneos;
			};
			name = Release;
		};
		2D26540A13E069D000DE089C /* Debug */ = {
			isa = XCBuildConfiguration;
			buildSettings = {
				ALWAYS_SEARCH_USER_PATHS = NO;
				COPY_PHASE_STRIP = NO;
				GCC_DYNAMIC_NO_PIC = NO;
				GCC_PRECOMPILE_PREFIX_HEADER = YES;
				GCC_PREFIX_HEADER = "Wheaton App/Wheaton App-Prefix.pch";
				INFOPLIST_FILE = "Wheaton App/Wheaton App-Info.plist";
				IPHONEOS_DEPLOYMENT_TARGET = 3.0;
				PRODUCT_NAME = "$(TARGET_NAME)";
				WRAPPER_EXTENSION = app;
			};
			name = Debug;
		};
		2D26540B13E069D000DE089C /* Release */ = {
			isa = XCBuildConfiguration;
			buildSettings = {
				ALWAYS_SEARCH_USER_PATHS = NO;
				COPY_PHASE_STRIP = YES;
				GCC_PRECOMPILE_PREFIX_HEADER = YES;
				GCC_PREFIX_HEADER = "Wheaton App/Wheaton App-Prefix.pch";
				INFOPLIST_FILE = "Wheaton App/Wheaton App-Info.plist";
				IPHONEOS_DEPLOYMENT_TARGET = 3.0;
				PRODUCT_NAME = "$(TARGET_NAME)";
				VALIDATE_PRODUCT = YES;
				WRAPPER_EXTENSION = app;
			};
			name = Release;
		};
		2D26540D13E069D000DE089C /* Debug */ = {
			isa = XCBuildConfiguration;
			buildSettings = {
				ALWAYS_SEARCH_USER_PATHS = NO;
				BUNDLE_LOADER = "$(BUILT_PRODUCTS_DIR)/Wheaton App.app/Wheaton App";
				FRAMEWORK_SEARCH_PATHS = (
					"$(SDKROOT)/Developer/Library/Frameworks",
					"$(DEVELOPER_LIBRARY_DIR)/Frameworks",
				);
				GCC_PRECOMPILE_PREFIX_HEADER = YES;
				GCC_PREFIX_HEADER = "Wheaton AppTests/Wheaton AppTests-Prefix.pch";
				INFOPLIST_FILE = "Wheaton AppTests/Wheaton AppTests-Info.plist";
				OTHER_LDFLAGS = (
					"-framework",
					SenTestingKit,
				);
				PRODUCT_NAME = "$(TARGET_NAME)";
				TEST_HOST = "$(BUNDLE_LOADER)";
				WRAPPER_EXTENSION = octest;
			};
			name = Debug;
		};
		2D26540E13E069D000DE089C /* Release */ = {
			isa = XCBuildConfiguration;
			buildSettings = {
				ALWAYS_SEARCH_USER_PATHS = NO;
				BUNDLE_LOADER = "$(BUILT_PRODUCTS_DIR)/Wheaton App.app/Wheaton App";
				FRAMEWORK_SEARCH_PATHS = (
					"$(SDKROOT)/Developer/Library/Frameworks",
					"$(DEVELOPER_LIBRARY_DIR)/Frameworks",
				);
				GCC_PRECOMPILE_PREFIX_HEADER = YES;
				GCC_PREFIX_HEADER = "Wheaton AppTests/Wheaton AppTests-Prefix.pch";
				INFOPLIST_FILE = "Wheaton AppTests/Wheaton AppTests-Info.plist";
				OTHER_LDFLAGS = (
					"-framework",
					SenTestingKit,
				);
				PRODUCT_NAME = "$(TARGET_NAME)";
				TEST_HOST = "$(BUNDLE_LOADER)";
				WRAPPER_EXTENSION = octest;
			};
			name = Release;
		};
/* End XCBuildConfiguration section */

/* Begin XCConfigurationList section */
		2D2653D213E069CF00DE089C /* Build configuration list for PBXProject "Wheaton App" */ = {
			isa = XCConfigurationList;
			buildConfigurations = (
				2D26540713E069D000DE089C /* Debug */,
				2D26540813E069D000DE089C /* Release */,
			);
			defaultConfigurationIsVisible = 0;
			defaultConfigurationName = Release;
		};
		2D26540913E069D000DE089C /* Build configuration list for PBXNativeTarget "Wheaton App" */ = {
			isa = XCConfigurationList;
			buildConfigurations = (
				2D26540A13E069D000DE089C /* Debug */,
				2D26540B13E069D000DE089C /* Release */,
			);
			defaultConfigurationIsVisible = 0;
		};
		2D26540C13E069D000DE089C /* Build configuration list for PBXNativeTarget "Wheaton AppTests" */ = {
			isa = XCConfigurationList;
			buildConfigurations = (
				2D26540D13E069D000DE089C /* Debug */,
				2D26540E13E069D000DE089C /* Release */,
			);
			defaultConfigurationIsVisible = 0;
		};
/* End XCConfigurationList section */
	};
	rootObject = 2D2653CF13E069CF00DE089C /* Project object */;
}
