// !$*UTF8*$!
{
	archiveVersion = 1;
	classes = {
	};
	objectVersion = 46;
	objects = {

/* Begin PBXBuildFile section */
		2D2653DD13E069CF00DE089C /* UIKit.framework in Frameworks */ = {isa = PBXBuildFile; fileRef = 2D2653DC13E069CF00DE089C /* UIKit.framework */; };
		2D2653DF13E069CF00DE089C /* Foundation.framework in Frameworks */ = {isa = PBXBuildFile; fileRef = 2D2653DE13E069CF00DE089C /* Foundation.framework */; };
		2D2653E113E069CF00DE089C /* CoreGraphics.framework in Frameworks */ = {isa = PBXBuildFile; fileRef = 2D2653E013E069CF00DE089C /* CoreGraphics.framework */; };
		2D2653E713E069CF00DE089C /* InfoPlist.strings in Resources */ = {isa = PBXBuildFile; fileRef = 2D2653E513E069CF00DE089C /* InfoPlist.strings */; };
		2D2653EA13E069CF00DE089C /* main.m in Sources */ = {isa = PBXBuildFile; fileRef = 2D2653E913E069CF00DE089C /* main.m */; };
		2D26543313E06A8C00DE089C /* 57x57.png in Resources */ = {isa = PBXBuildFile; fileRef = 2D26543213E06A8C00DE089C /* 57x57.png */; };
		2D26543513E06A9200DE089C /* 114x114.png in Resources */ = {isa = PBXBuildFile; fileRef = 2D26543413E06A9200DE089C /* 114x114.png */; };
		2D26546F13E0AA7E00DE089C /* MapKit.framework in Frameworks */ = {isa = PBXBuildFile; fileRef = 2D26546E13E0AA7E00DE089C /* MapKit.framework */; };
		2D66563213EB3F7A00645BC3 /* Default.png in Resources */ = {isa = PBXBuildFile; fileRef = 2D66563113EB3F7900645BC3 /* Default.png */; };
		2D66563413EB3F8B00645BC3 /* Default@2x.png in Resources */ = {isa = PBXBuildFile; fileRef = 2D66563313EB3F8B00645BC3 /* Default@2x.png */; };
		2DCEB34513E2010A00787E39 /* LinksList.plist in Resources */ = {isa = PBXBuildFile; fileRef = 2DCEB34413E2010A00787E39 /* LinksList.plist */; };
		61032B0C17F112B900CC95FA /* ChapelSingleLineView.xib in Resources */ = {isa = PBXBuildFile; fileRef = 61032B0B17F112B900CC95FA /* ChapelSingleLineView.xib */; };
		61032B0E17F1157B00CC95FA /* ChapelSubtitleLineView.xib in Resources */ = {isa = PBXBuildFile; fileRef = 61032B0D17F1157B00CC95FA /* ChapelSubtitleLineView.xib */; };
		61032B1917F3324200CC95FA /* CoreData.framework in Frameworks */ = {isa = PBXBuildFile; fileRef = 61032B1817F3324200CC95FA /* CoreData.framework */; };
		61032B1B17F3325600CC95FA /* libz.dylib in Frameworks */ = {isa = PBXBuildFile; fileRef = 61032B1A17F3325600CC95FA /* libz.dylib */; };
		61032B1D17F333EF00CC95FA /* libGoogleAnalyticsServices.a in Frameworks */ = {isa = PBXBuildFile; fileRef = 61032B1C17F333EF00CC95FA /* libGoogleAnalyticsServices.a */; };
		6104311E17E7BCFD00D3C72B /* EventCollectionCell.m in Sources */ = {isa = PBXBuildFile; fileRef = 6104311D17E7BCFD00D3C72B /* EventCollectionCell.m */; };
		6104312117E7BD9D00D3C72B /* EventsCollectionViewController.m in Sources */ = {isa = PBXBuildFile; fileRef = 6104312017E7BD9D00D3C72B /* EventsCollectionViewController.m */; };
		610D48CD17DD575900DE574C /* EventsTopViewController.m in Sources */ = {isa = PBXBuildFile; fileRef = 610D48CC17DD575900DE574C /* EventsTopViewController.m */; };
		610D48D217DD591F00DE574C /* EventsTableCell.m in Sources */ = {isa = PBXBuildFile; fileRef = 610D48D117DD591F00DE574C /* EventsTableCell.m */; };
		610D48D517DD620400DE574C /* Calendar.png in Resources */ = {isa = PBXBuildFile; fileRef = 610D48D317DD620400DE574C /* Calendar.png */; };
		610D48D617DD620400DE574C /* Calendar@2x.png in Resources */ = {isa = PBXBuildFile; fileRef = 610D48D417DD620400DE574C /* Calendar@2x.png */; };
		610E2B6B17DA8FA5003D5405 /* searchBar.png in Resources */ = {isa = PBXBuildFile; fileRef = 610E2B6917DA8FA5003D5405 /* searchBar.png */; };
		610E2B6C17DA8FA5003D5405 /* searchBar@2x.png in Resources */ = {isa = PBXBuildFile; fileRef = 610E2B6A17DA8FA5003D5405 /* searchBar@2x.png */; };
		612BFEFD17DED11300EB2C8C /* AppDelegate.m in Sources */ = {isa = PBXBuildFile; fileRef = 612BFEF517DED11200EB2C8C /* AppDelegate.m */; };
		612BFEFE17DED11300EB2C8C /* HomeTopViewController.m in Sources */ = {isa = PBXBuildFile; fileRef = 612BFEF717DED11200EB2C8C /* HomeTopViewController.m */; };
		612BFEFF17DED11300EB2C8C /* MenuViewController.m in Sources */ = {isa = PBXBuildFile; fileRef = 612BFEF917DED11200EB2C8C /* MenuViewController.m */; };
		612BFF0017DED11300EB2C8C /* SideBarTableCell.m in Sources */ = {isa = PBXBuildFile; fileRef = 612BFEFB17DED11200EB2C8C /* SideBarTableCell.m */; };
		612BFF0117DED11300EB2C8C /* SideBarTableCell.xib in Resources */ = {isa = PBXBuildFile; fileRef = 612BFEFC17DED11300EB2C8C /* SideBarTableCell.xib */; };
		612BFF0417DEE71D00EB2C8C /* MapSearchBar.m in Sources */ = {isa = PBXBuildFile; fileRef = 612BFF0317DEE71D00EB2C8C /* MapSearchBar.m */; };
		612BFF0617DEE83D00EB2C8C /* transparent@2x.png in Resources */ = {isa = PBXBuildFile; fileRef = 612BFF0517DEE83D00EB2C8C /* transparent@2x.png */; };
		613890BA17E3619F0049FF72 /* 120x120.png in Resources */ = {isa = PBXBuildFile; fileRef = 613890B917E3619F0049FF72 /* 120x120.png */; };
		613890BD17E394310049FF72 /* SportsTopViewController.m in Sources */ = {isa = PBXBuildFile; fileRef = 613890BC17E394310049FF72 /* SportsTopViewController.m */; };
		613890C017E3A9C40049FF72 /* Sports.png in Resources */ = {isa = PBXBuildFile; fileRef = 613890BE17E3A9C40049FF72 /* Sports.png */; };
		613890C117E3A9C40049FF72 /* Sports@2x.png in Resources */ = {isa = PBXBuildFile; fileRef = 613890BF17E3A9C40049FF72 /* Sports@2x.png */; };
		614241BC17F886D0005A9742 /* Volleyball.png in Resources */ = {isa = PBXBuildFile; fileRef = 614241BB17F886D0005A9742 /* Volleyball.png */; };
		615097F117D5221900456A9D /* back.png in Resources */ = {isa = PBXBuildFile; fileRef = 615097EF17D5221900456A9D /* back.png */; };
		615097F217D5221900456A9D /* back@2x.png in Resources */ = {isa = PBXBuildFile; fileRef = 615097F017D5221900456A9D /* back@2x.png */; };
		615097F417D541CA00456A9D /* twitter@2x.png in Resources */ = {isa = PBXBuildFile; fileRef = 615097F317D541CA00456A9D /* twitter@2x.png */; };
		615097FB17D5477800456A9D /* Chapel.png in Resources */ = {isa = PBXBuildFile; fileRef = 615097F517D5477800456A9D /* Chapel.png */; };
		615097FC17D5477800456A9D /* Chapel@2x.png in Resources */ = {isa = PBXBuildFile; fileRef = 615097F617D5477800456A9D /* Chapel@2x.png */; };
		615097FD17D5477800456A9D /* Map.png in Resources */ = {isa = PBXBuildFile; fileRef = 615097F717D5477800456A9D /* Map.png */; };
		615097FE17D5477800456A9D /* Map@2x.png in Resources */ = {isa = PBXBuildFile; fileRef = 615097F817D5477800456A9D /* Map@2x.png */; };
		615097FF17D5477800456A9D /* Whoswho.png in Resources */ = {isa = PBXBuildFile; fileRef = 615097F917D5477800456A9D /* Whoswho.png */; };
		6150980017D5477800456A9D /* Whoswho@2x.png in Resources */ = {isa = PBXBuildFile; fileRef = 615097FA17D5477800456A9D /* Whoswho@2x.png */; };
		6150980217D5497200456A9D /* Meal.png in Resources */ = {isa = PBXBuildFile; fileRef = 6150980117D5497200456A9D /* Meal.png */; };
		6150980417D5497800456A9D /* Meal@2x.png in Resources */ = {isa = PBXBuildFile; fileRef = 6150980317D5497800456A9D /* Meal@2x.png */; };
		61CA409917CA6C2A00617623 /* ECSlidingViewController.m in Sources */ = {isa = PBXBuildFile; fileRef = 61CA409617CA6C2A00617623 /* ECSlidingViewController.m */; };
		61CA409A17CA6C2A00617623 /* UIImage+ImageWithUIView.m in Sources */ = {isa = PBXBuildFile; fileRef = 61CA409817CA6C2A00617623 /* UIImage+ImageWithUIView.m */; };
		61CA409F17CA6C8D00617623 /* InitialSlidingViewController.m in Sources */ = {isa = PBXBuildFile; fileRef = 61CA409E17CA6C8D00617623 /* InitialSlidingViewController.m */; };
		61CA40A817CA6F4F00617623 /* CustomNav.png in Resources */ = {isa = PBXBuildFile; fileRef = 61CA40A617CA6F4F00617623 /* CustomNav.png */; };
		61CA40A917CA6F4F00617623 /* CustomNav@2x.png in Resources */ = {isa = PBXBuildFile; fileRef = 61CA40A717CA6F4F00617623 /* CustomNav@2x.png */; };
		61CA40AD17CA702200617623 /* iPhone.storyboard in Resources */ = {isa = PBXBuildFile; fileRef = 61CA40AC17CA702200617623 /* iPhone.storyboard */; };
		61CA40BC17CA798100617623 /* Twitter.framework in Frameworks */ = {isa = PBXBuildFile; fileRef = 61CA40BB17CA798100617623 /* Twitter.framework */; };
		61CA40BE17CA799F00617623 /* CoreLocation.framework in Frameworks */ = {isa = PBXBuildFile; fileRef = 61CA40BD17CA799F00617623 /* CoreLocation.framework */; };
		61CA40C117CA79E000617623 /* CustomNavBar.m in Sources */ = {isa = PBXBuildFile; fileRef = 61CA40C017CA79E000617623 /* CustomNavBar.m */; };
		61CA40C317CA8CBB00617623 /* Social.framework in Frameworks */ = {isa = PBXBuildFile; fileRef = 61CA40C217CA8CBB00617623 /* Social.framework */; };
		61CA40C617CA8EAF00617623 /* MapTopViewController.m in Sources */ = {isa = PBXBuildFile; fileRef = 61CA40C517CA8EAF00617623 /* MapTopViewController.m */; };
		61CA40CA17CA94FB00617623 /* Location.m in Sources */ = {isa = PBXBuildFile; fileRef = 61CA40C917CA94FA00617623 /* Location.m */; };
		61CA40CC17CA952000617623 /* AddressBook.framework in Frameworks */ = {isa = PBXBuildFile; fileRef = 61CA40CB17CA951F00617623 /* AddressBook.framework */; };
		61CA40CE17CB12E500617623 /* CustomMenuNavBar.m in Resources */ = {isa = PBXBuildFile; fileRef = 61CA40CD17CB12E400617623 /* CustomMenuNavBar.m */; };
		61CA40D217CB137600617623 /* CustomMenuNav.png in Resources */ = {isa = PBXBuildFile; fileRef = 61CA40D017CB137500617623 /* CustomMenuNav.png */; };
		61CA40D317CB137600617623 /* CustomMenuNav@2x.png in Resources */ = {isa = PBXBuildFile; fileRef = 61CA40D117CB137600617623 /* CustomMenuNav@2x.png */; };
		61E075C517E69E3E0029EFE9 /* CustomNaviOS7.png in Resources */ = {isa = PBXBuildFile; fileRef = 61E075C317E69E3E0029EFE9 /* CustomNaviOS7.png */; };
		61E075C617E69E3E0029EFE9 /* CustomNaviOS7@2x.png in Resources */ = {isa = PBXBuildFile; fileRef = 61E075C417E69E3E0029EFE9 /* CustomNaviOS7@2x.png */; };
		61E075C817E6A7790029EFE9 /* SystemConfiguration.framework in Frameworks */ = {isa = PBXBuildFile; fileRef = 61E075C717E6A7790029EFE9 /* SystemConfiguration.framework */; };
		61E075CF17E6A9850029EFE9 /* MTReachabilityManager.m in Sources */ = {isa = PBXBuildFile; fileRef = 61E075CE17E6A9850029EFE9 /* MTReachabilityManager.m */; };
		61E075D517E6B8B90029EFE9 /* Reachability.m in Sources */ = {isa = PBXBuildFile; fileRef = 61E075D417E6B8B90029EFE9 /* Reachability.m */; };
		61E4076617CB15850068AE00 /* CustomMenuNavBar.m in Sources */ = {isa = PBXBuildFile; fileRef = 61CA40CD17CB12E400617623 /* CustomMenuNavBar.m */; };
		61E4076817CBC9080068AE00 /* menuButton@2x.png in Resources */ = {isa = PBXBuildFile; fileRef = 61E4076717CBC9080068AE00 /* menuButton@2x.png */; };
		61E4076B17CC3B7D0068AE00 /* ChapelTopViewController.m in Sources */ = {isa = PBXBuildFile; fileRef = 61E4076A17CC3B7D0068AE00 /* ChapelTopViewController.m */; };
		61E4077017CC5B7B0068AE00 /* ChapelTableCell.m in Sources */ = {isa = PBXBuildFile; fileRef = 61E4076F17CC5B7B0068AE00 /* ChapelTableCell.m */; };
		61E4077317CE787A0068AE00 /* WhosWhoTopViewController.m in Sources */ = {isa = PBXBuildFile; fileRef = 61E4077217CE787A0068AE00 /* WhosWhoTopViewController.m */; };
		61E4077617CEB9340068AE00 /* WhoswhoTableCell.m in Sources */ = {isa = PBXBuildFile; fileRef = 61E4077517CEB9330068AE00 /* WhoswhoTableCell.m */; };
		61E4077917CECE8B0068AE00 /* WhoswhoSearchBar.m in Sources */ = {isa = PBXBuildFile; fileRef = 61E4077817CECE8A0068AE00 /* WhoswhoSearchBar.m */; };
		61E4078217CEF4960068AE00 /* MenuTopViewController.m in Sources */ = {isa = PBXBuildFile; fileRef = 61E4078117CEF4960068AE00 /* MenuTopViewController.m */; };
		61E4078517D04E760068AE00 /* WhosWhoDetailViewController.m in Sources */ = {isa = PBXBuildFile; fileRef = 61E4078417D04E750068AE00 /* WhosWhoDetailViewController.m */; };
		61E4078B17D05D320068AE00 /* WhosWhoResultsTopViewController.m in Sources */ = {isa = PBXBuildFile; fileRef = 61E4078A17D05D320068AE00 /* WhosWhoResultsTopViewController.m */; };
		61E4079917D2662D0068AE00 /* HomeView.m in Sources */ = {isa = PBXBuildFile; fileRef = 61E4079817D266270068AE00 /* HomeView.m */; };
		61E4079B17D27DBF0068AE00 /* banner1@2x.png in Resources */ = {isa = PBXBuildFile; fileRef = 61E4079A17D27DBF0068AE00 /* banner1@2x.png */; };
		61E4079D17D27EA40068AE00 /* banner2.png in Resources */ = {isa = PBXBuildFile; fileRef = 61E4079C17D27EA40068AE00 /* banner2.png */; };
		61E407A317D2A9D10068AE00 /* Basketball@2x.png in Resources */ = {isa = PBXBuildFile; fileRef = 61E407A217D2A9D00068AE00 /* Basketball@2x.png */; };
		61E407A917D3976C0068AE00 /* SportsCollectionCell.m in Sources */ = {isa = PBXBuildFile; fileRef = 61E407A817D397620068AE00 /* SportsCollectionCell.m */; };
		61F05EDA17D399A50006CC1F /* HomeSportsCollectionViewController.m in Sources */ = {isa = PBXBuildFile; fileRef = 61F05ED917D399A50006CC1F /* HomeSportsCollectionViewController.m */; };
		61F05EDC17D39DAE0006CC1F /* Basketball.png in Resources */ = {isa = PBXBuildFile; fileRef = 61F05EDB17D39DAE0006CC1F /* Basketball.png */; };
		61F05EDE17D3A4100006CC1F /* QuartzCore.framework in Frameworks */ = {isa = PBXBuildFile; fileRef = 61F05EDD17D3A4100006CC1F /* QuartzCore.framework */; };
		61F05EE917D3B7B60006CC1F /* Baseball.png in Resources */ = {isa = PBXBuildFile; fileRef = 61F05EDF17D3B7B60006CC1F /* Baseball.png */; };
		61F05EEA17D3B7B60006CC1F /* Baseball@2x.png in Resources */ = {isa = PBXBuildFile; fileRef = 61F05EE017D3B7B60006CC1F /* Baseball@2x.png */; };
		61F05EEB17D3B7B60006CC1F /* Football.png in Resources */ = {isa = PBXBuildFile; fileRef = 61F05EE117D3B7B60006CC1F /* Football.png */; };
		61F05EEC17D3B7B60006CC1F /* Football@2x.png in Resources */ = {isa = PBXBuildFile; fileRef = 61F05EE217D3B7B60006CC1F /* Football@2x.png */; };
		61F05EED17D3B7B60006CC1F /* Golf.png in Resources */ = {isa = PBXBuildFile; fileRef = 61F05EE317D3B7B60006CC1F /* Golf.png */; };
		61F05EEE17D3B7B60006CC1F /* Golf@2x.png in Resources */ = {isa = PBXBuildFile; fileRef = 61F05EE417D3B7B60006CC1F /* Golf@2x.png */; };
		61F05EEF17D3B7B60006CC1F /* Soccer.png in Resources */ = {isa = PBXBuildFile; fileRef = 61F05EE517D3B7B60006CC1F /* Soccer.png */; };
		61F05EF017D3B7B60006CC1F /* Soccer@2x.png in Resources */ = {isa = PBXBuildFile; fileRef = 61F05EE617D3B7B60006CC1F /* Soccer@2x.png */; };
		61F05EF117D3B7B60006CC1F /* Tennis.png in Resources */ = {isa = PBXBuildFile; fileRef = 61F05EE717D3B7B60006CC1F /* Tennis.png */; };
		61F05EF217D3B7B60006CC1F /* Tennis@2x.png in Resources */ = {isa = PBXBuildFile; fileRef = 61F05EE817D3B7B60006CC1F /* Tennis@2x.png */; };
		61F05EF517D41D420006CC1F /* House.png in Resources */ = {isa = PBXBuildFile; fileRef = 61F05EF317D41D410006CC1F /* House.png */; };
		61F05EF617D41D420006CC1F /* House@2x.png in Resources */ = {isa = PBXBuildFile; fileRef = 61F05EF417D41D420006CC1F /* House@2x.png */; };
		62AB87D517C858E300674C0D /* Default-568h@2x.png in Resources */ = {isa = PBXBuildFile; fileRef = 62AB87D417C858E300674C0D /* Default-568h@2x.png */; };
/* End PBXBuildFile section */

/* Begin PBXFileReference section */
		2D2653D813E069CF00DE089C /* Wheaton App.app */ = {isa = PBXFileReference; explicitFileType = wrapper.application; includeInIndex = 0; path = "Wheaton App.app"; sourceTree = BUILT_PRODUCTS_DIR; };
		2D2653DC13E069CF00DE089C /* UIKit.framework */ = {isa = PBXFileReference; lastKnownFileType = wrapper.framework; name = UIKit.framework; path = System/Library/Frameworks/UIKit.framework; sourceTree = SDKROOT; };
		2D2653DE13E069CF00DE089C /* Foundation.framework */ = {isa = PBXFileReference; lastKnownFileType = wrapper.framework; name = Foundation.framework; path = System/Library/Frameworks/Foundation.framework; sourceTree = SDKROOT; };
		2D2653E013E069CF00DE089C /* CoreGraphics.framework */ = {isa = PBXFileReference; lastKnownFileType = wrapper.framework; name = CoreGraphics.framework; path = System/Library/Frameworks/CoreGraphics.framework; sourceTree = SDKROOT; };
		2D2653E413E069CF00DE089C /* Wheaton App-Info.plist */ = {isa = PBXFileReference; lastKnownFileType = text.plist.xml; path = "Wheaton App-Info.plist"; sourceTree = "<group>"; };
		2D2653E613E069CF00DE089C /* en */ = {isa = PBXFileReference; lastKnownFileType = text.plist.strings; name = en; path = en.lproj/InfoPlist.strings; sourceTree = "<group>"; };
		2D2653E813E069CF00DE089C /* Wheaton App-Prefix.pch */ = {isa = PBXFileReference; lastKnownFileType = sourcecode.c.h; path = "Wheaton App-Prefix.pch"; sourceTree = "<group>"; };
		2D2653E913E069CF00DE089C /* main.m */ = {isa = PBXFileReference; lastKnownFileType = sourcecode.c.objc; path = main.m; sourceTree = "<group>"; };
		2D2653FE13E069D000DE089C /* Wheaton AppTests-Info.plist */ = {isa = PBXFileReference; lastKnownFileType = text.plist.xml; path = "Wheaton AppTests-Info.plist"; sourceTree = "<group>"; };
		2D26540013E069D000DE089C /* en */ = {isa = PBXFileReference; lastKnownFileType = text.plist.strings; name = en; path = en.lproj/InfoPlist.strings; sourceTree = "<group>"; };
		2D26540213E069D000DE089C /* Wheaton AppTests-Prefix.pch */ = {isa = PBXFileReference; lastKnownFileType = sourcecode.c.h; path = "Wheaton AppTests-Prefix.pch"; sourceTree = "<group>"; };
		2D26540313E069D000DE089C /* Wheaton_AppTests.h */ = {isa = PBXFileReference; lastKnownFileType = sourcecode.c.h; path = Wheaton_AppTests.h; sourceTree = "<group>"; };
		2D26540513E069D000DE089C /* Wheaton_AppTests.m */ = {isa = PBXFileReference; lastKnownFileType = sourcecode.c.objc; path = Wheaton_AppTests.m; sourceTree = "<group>"; };
		2D26543213E06A8C00DE089C /* 57x57.png */ = {isa = PBXFileReference; lastKnownFileType = image.png; name = 57x57.png; path = ../57x57.png; sourceTree = "<group>"; };
		2D26543413E06A9200DE089C /* 114x114.png */ = {isa = PBXFileReference; lastKnownFileType = image.png; name = 114x114.png; path = ../114x114.png; sourceTree = "<group>"; };
		2D26546E13E0AA7E00DE089C /* MapKit.framework */ = {isa = PBXFileReference; lastKnownFileType = wrapper.framework; name = MapKit.framework; path = System/Library/Frameworks/MapKit.framework; sourceTree = SDKROOT; };
		2D66563113EB3F7900645BC3 /* Default.png */ = {isa = PBXFileReference; lastKnownFileType = image.png; name = Default.png; path = ../Default.png; sourceTree = "<group>"; };
		2D66563313EB3F8B00645BC3 /* Default@2x.png */ = {isa = PBXFileReference; lastKnownFileType = image.png; name = "Default@2x.png"; path = "../Default@2x.png"; sourceTree = "<group>"; };
		2DCEB34413E2010A00787E39 /* LinksList.plist */ = {isa = PBXFileReference; fileEncoding = 4; lastKnownFileType = text.plist.xml; name = LinksList.plist; path = "Wheaton App.xcodeproj/LinksList.plist"; sourceTree = SOURCE_ROOT; };
		61032B0B17F112B900CC95FA /* ChapelSingleLineView.xib */ = {isa = PBXFileReference; fileEncoding = 4; lastKnownFileType = file.xib; path = ChapelSingleLineView.xib; sourceTree = "<group>"; };
		61032B0D17F1157B00CC95FA /* ChapelSubtitleLineView.xib */ = {isa = PBXFileReference; fileEncoding = 4; lastKnownFileType = file.xib; path = ChapelSubtitleLineView.xib; sourceTree = "<group>"; };
		61032B1017F3321500CC95FA /* GAI.h */ = {isa = PBXFileReference; fileEncoding = 4; lastKnownFileType = sourcecode.c.h; path = GAI.h; sourceTree = "<group>"; };
		61032B1117F3321500CC95FA /* GAIDictionaryBuilder.h */ = {isa = PBXFileReference; fileEncoding = 4; lastKnownFileType = sourcecode.c.h; path = GAIDictionaryBuilder.h; sourceTree = "<group>"; };
		61032B1217F3321500CC95FA /* GAIFields.h */ = {isa = PBXFileReference; fileEncoding = 4; lastKnownFileType = sourcecode.c.h; path = GAIFields.h; sourceTree = "<group>"; };
		61032B1317F3321500CC95FA /* GAILogger.h */ = {isa = PBXFileReference; fileEncoding = 4; lastKnownFileType = sourcecode.c.h; path = GAILogger.h; sourceTree = "<group>"; };
		61032B1417F3321500CC95FA /* GAITrackedViewController.h */ = {isa = PBXFileReference; fileEncoding = 4; lastKnownFileType = sourcecode.c.h; path = GAITrackedViewController.h; sourceTree = "<group>"; };
		61032B1517F3321500CC95FA /* GAITracker.h */ = {isa = PBXFileReference; fileEncoding = 4; lastKnownFileType = sourcecode.c.h; path = GAITracker.h; sourceTree = "<group>"; };
		61032B1617F3321500CC95FA /* libGoogleAnalytics_debug.a */ = {isa = PBXFileReference; lastKnownFileType = archive.ar; path = libGoogleAnalytics_debug.a; sourceTree = "<group>"; };
		61032B1817F3324200CC95FA /* CoreData.framework */ = {isa = PBXFileReference; lastKnownFileType = wrapper.framework; name = CoreData.framework; path = System/Library/Frameworks/CoreData.framework; sourceTree = SDKROOT; };
		61032B1A17F3325600CC95FA /* libz.dylib */ = {isa = PBXFileReference; lastKnownFileType = "compiled.mach-o.dylib"; name = libz.dylib; path = usr/lib/libz.dylib; sourceTree = SDKROOT; };
		61032B1C17F333EF00CC95FA /* libGoogleAnalyticsServices.a */ = {isa = PBXFileReference; lastKnownFileType = archive.ar; path = libGoogleAnalyticsServices.a; sourceTree = "<group>"; };
		6104311C17E7BCF400D3C72B /* EventCollectionCell.h */ = {isa = PBXFileReference; fileEncoding = 4; lastKnownFileType = sourcecode.c.h; path = EventCollectionCell.h; sourceTree = "<group>"; };
		6104311D17E7BCFD00D3C72B /* EventCollectionCell.m */ = {isa = PBXFileReference; fileEncoding = 4; lastKnownFileType = sourcecode.c.objc; path = EventCollectionCell.m; sourceTree = "<group>"; };
		6104311F17E7BD9000D3C72B /* EventsCollectionViewController.h */ = {isa = PBXFileReference; fileEncoding = 4; lastKnownFileType = sourcecode.c.h; path = EventsCollectionViewController.h; sourceTree = "<group>"; };
		6104312017E7BD9D00D3C72B /* EventsCollectionViewController.m */ = {isa = PBXFileReference; fileEncoding = 4; lastKnownFileType = sourcecode.c.objc; path = EventsCollectionViewController.m; sourceTree = "<group>"; };
		610D48CB17DD575900DE574C /* EventsTopViewController.h */ = {isa = PBXFileReference; fileEncoding = 4; lastKnownFileType = sourcecode.c.h; path = EventsTopViewController.h; sourceTree = "<group>"; };
		610D48CC17DD575900DE574C /* EventsTopViewController.m */ = {isa = PBXFileReference; fileEncoding = 4; lastKnownFileType = sourcecode.c.objc; path = EventsTopViewController.m; sourceTree = "<group>"; };
		610D48D017DD591600DE574C /* EventsTableCell.h */ = {isa = PBXFileReference; fileEncoding = 4; lastKnownFileType = sourcecode.c.h; path = EventsTableCell.h; sourceTree = "<group>"; };
		610D48D117DD591F00DE574C /* EventsTableCell.m */ = {isa = PBXFileReference; fileEncoding = 4; lastKnownFileType = sourcecode.c.objc; path = EventsTableCell.m; sourceTree = "<group>"; };
		610D48D317DD620400DE574C /* Calendar.png */ = {isa = PBXFileReference; lastKnownFileType = image.png; path = Calendar.png; sourceTree = "<group>"; };
		610D48D417DD620400DE574C /* Calendar@2x.png */ = {isa = PBXFileReference; lastKnownFileType = image.png; path = "Calendar@2x.png"; sourceTree = "<group>"; };
		610E2B6917DA8FA5003D5405 /* searchBar.png */ = {isa = PBXFileReference; lastKnownFileType = image.png; path = searchBar.png; sourceTree = "<group>"; };
		610E2B6A17DA8FA5003D5405 /* searchBar@2x.png */ = {isa = PBXFileReference; lastKnownFileType = image.png; path = "searchBar@2x.png"; sourceTree = "<group>"; };
		612BFEF417DED11200EB2C8C /* AppDelegate.h */ = {isa = PBXFileReference; fileEncoding = 4; lastKnownFileType = sourcecode.c.h; path = AppDelegate.h; sourceTree = "<group>"; };
		612BFEF517DED11200EB2C8C /* AppDelegate.m */ = {isa = PBXFileReference; fileEncoding = 4; lastKnownFileType = sourcecode.c.objc; path = AppDelegate.m; sourceTree = "<group>"; };
		612BFEF617DED11200EB2C8C /* HomeTopViewController.h */ = {isa = PBXFileReference; fileEncoding = 4; lastKnownFileType = sourcecode.c.h; path = HomeTopViewController.h; sourceTree = "<group>"; };
		612BFEF717DED11200EB2C8C /* HomeTopViewController.m */ = {isa = PBXFileReference; fileEncoding = 4; lastKnownFileType = sourcecode.c.objc; path = HomeTopViewController.m; sourceTree = "<group>"; };
		612BFEF817DED11200EB2C8C /* MenuViewController.h */ = {isa = PBXFileReference; fileEncoding = 4; lastKnownFileType = sourcecode.c.h; path = MenuViewController.h; sourceTree = "<group>"; };
		612BFEF917DED11200EB2C8C /* MenuViewController.m */ = {isa = PBXFileReference; fileEncoding = 4; lastKnownFileType = sourcecode.c.objc; path = MenuViewController.m; sourceTree = "<group>"; };
		612BFEFA17DED11200EB2C8C /* SideBarTableCell.h */ = {isa = PBXFileReference; fileEncoding = 4; lastKnownFileType = sourcecode.c.h; path = SideBarTableCell.h; sourceTree = "<group>"; };
		612BFEFB17DED11200EB2C8C /* SideBarTableCell.m */ = {isa = PBXFileReference; fileEncoding = 4; lastKnownFileType = sourcecode.c.objc; path = SideBarTableCell.m; sourceTree = "<group>"; };
		612BFEFC17DED11300EB2C8C /* SideBarTableCell.xib */ = {isa = PBXFileReference; fileEncoding = 4; lastKnownFileType = file.xib; path = SideBarTableCell.xib; sourceTree = "<group>"; };
		612BFF0217DEE71D00EB2C8C /* MapSearchBar.h */ = {isa = PBXFileReference; fileEncoding = 4; lastKnownFileType = sourcecode.c.h; path = MapSearchBar.h; sourceTree = "<group>"; };
		612BFF0317DEE71D00EB2C8C /* MapSearchBar.m */ = {isa = PBXFileReference; fileEncoding = 4; lastKnownFileType = sourcecode.c.objc; path = MapSearchBar.m; sourceTree = "<group>"; };
		612BFF0517DEE83D00EB2C8C /* transparent@2x.png */ = {isa = PBXFileReference; lastKnownFileType = image.png; path = "transparent@2x.png"; sourceTree = "<group>"; };
		613890B917E3619F0049FF72 /* 120x120.png */ = {isa = PBXFileReference; lastKnownFileType = image.png; path = 120x120.png; sourceTree = "<group>"; };
		613890BB17E394310049FF72 /* SportsTopViewController.h */ = {isa = PBXFileReference; fileEncoding = 4; lastKnownFileType = sourcecode.c.h; path = SportsTopViewController.h; sourceTree = "<group>"; };
		613890BC17E394310049FF72 /* SportsTopViewController.m */ = {isa = PBXFileReference; fileEncoding = 4; lastKnownFileType = sourcecode.c.objc; path = SportsTopViewController.m; sourceTree = "<group>"; };
		613890BE17E3A9C40049FF72 /* Sports.png */ = {isa = PBXFileReference; lastKnownFileType = image.png; path = Sports.png; sourceTree = "<group>"; };
		613890BF17E3A9C40049FF72 /* Sports@2x.png */ = {isa = PBXFileReference; lastKnownFileType = image.png; path = "Sports@2x.png"; sourceTree = "<group>"; };
		614241BB17F886D0005A9742 /* Volleyball.png */ = {isa = PBXFileReference; lastKnownFileType = image.png; path = Volleyball.png; sourceTree = "<group>"; };
		615097EF17D5221900456A9D /* back.png */ = {isa = PBXFileReference; lastKnownFileType = image.png; path = back.png; sourceTree = "<group>"; };
		615097F017D5221900456A9D /* back@2x.png */ = {isa = PBXFileReference; lastKnownFileType = image.png; path = "back@2x.png"; sourceTree = "<group>"; };
		615097F317D541CA00456A9D /* twitter@2x.png */ = {isa = PBXFileReference; lastKnownFileType = image.png; path = "twitter@2x.png"; sourceTree = "<group>"; };
		615097F517D5477800456A9D /* Chapel.png */ = {isa = PBXFileReference; lastKnownFileType = image.png; path = Chapel.png; sourceTree = "<group>"; };
		615097F617D5477800456A9D /* Chapel@2x.png */ = {isa = PBXFileReference; lastKnownFileType = image.png; path = "Chapel@2x.png"; sourceTree = "<group>"; };
		615097F717D5477800456A9D /* Map.png */ = {isa = PBXFileReference; lastKnownFileType = image.png; path = Map.png; sourceTree = "<group>"; };
		615097F817D5477800456A9D /* Map@2x.png */ = {isa = PBXFileReference; lastKnownFileType = image.png; path = "Map@2x.png"; sourceTree = "<group>"; };
		615097F917D5477800456A9D /* Whoswho.png */ = {isa = PBXFileReference; lastKnownFileType = image.png; path = Whoswho.png; sourceTree = "<group>"; };
		615097FA17D5477800456A9D /* Whoswho@2x.png */ = {isa = PBXFileReference; lastKnownFileType = image.png; path = "Whoswho@2x.png"; sourceTree = "<group>"; };
		6150980117D5497200456A9D /* Meal.png */ = {isa = PBXFileReference; lastKnownFileType = image.png; path = Meal.png; sourceTree = "<group>"; };
		6150980317D5497800456A9D /* Meal@2x.png */ = {isa = PBXFileReference; lastKnownFileType = image.png; path = "Meal@2x.png"; sourceTree = "<group>"; };
		61CA409517CA6C2A00617623 /* ECSlidingViewController.h */ = {isa = PBXFileReference; fileEncoding = 4; lastKnownFileType = sourcecode.c.h; path = ECSlidingViewController.h; sourceTree = "<group>"; };
		61CA409617CA6C2A00617623 /* ECSlidingViewController.m */ = {isa = PBXFileReference; fileEncoding = 4; lastKnownFileType = sourcecode.c.objc; path = ECSlidingViewController.m; sourceTree = "<group>"; };
		61CA409717CA6C2A00617623 /* UIImage+ImageWithUIView.h */ = {isa = PBXFileReference; fileEncoding = 4; lastKnownFileType = sourcecode.c.h; path = "UIImage+ImageWithUIView.h"; sourceTree = "<group>"; };
		61CA409817CA6C2A00617623 /* UIImage+ImageWithUIView.m */ = {isa = PBXFileReference; fileEncoding = 4; lastKnownFileType = sourcecode.c.objc; path = "UIImage+ImageWithUIView.m"; sourceTree = "<group>"; };
		61CA409D17CA6C8D00617623 /* InitialSlidingViewController.h */ = {isa = PBXFileReference; fileEncoding = 4; lastKnownFileType = sourcecode.c.h; path = InitialSlidingViewController.h; sourceTree = "<group>"; };
		61CA409E17CA6C8D00617623 /* InitialSlidingViewController.m */ = {isa = PBXFileReference; fileEncoding = 4; lastKnownFileType = sourcecode.c.objc; path = InitialSlidingViewController.m; sourceTree = "<group>"; };
		61CA40A617CA6F4F00617623 /* CustomNav.png */ = {isa = PBXFileReference; lastKnownFileType = image.png; path = CustomNav.png; sourceTree = "<group>"; };
		61CA40A717CA6F4F00617623 /* CustomNav@2x.png */ = {isa = PBXFileReference; lastKnownFileType = image.png; path = "CustomNav@2x.png"; sourceTree = "<group>"; };
		61CA40AC17CA702200617623 /* iPhone.storyboard */ = {isa = PBXFileReference; fileEncoding = 4; lastKnownFileType = file.storyboard; path = iPhone.storyboard; sourceTree = "<group>"; };
		61CA40BB17CA798100617623 /* Twitter.framework */ = {isa = PBXFileReference; lastKnownFileType = wrapper.framework; name = Twitter.framework; path = System/Library/Frameworks/Twitter.framework; sourceTree = SDKROOT; };
		61CA40BD17CA799F00617623 /* CoreLocation.framework */ = {isa = PBXFileReference; lastKnownFileType = wrapper.framework; name = CoreLocation.framework; path = System/Library/Frameworks/CoreLocation.framework; sourceTree = SDKROOT; };
		61CA40BF17CA79E000617623 /* CustomNavBar.h */ = {isa = PBXFileReference; fileEncoding = 4; lastKnownFileType = sourcecode.c.h; path = CustomNavBar.h; sourceTree = "<group>"; };
		61CA40C017CA79E000617623 /* CustomNavBar.m */ = {isa = PBXFileReference; fileEncoding = 4; lastKnownFileType = sourcecode.c.objc; path = CustomNavBar.m; sourceTree = "<group>"; };
		61CA40C217CA8CBB00617623 /* Social.framework */ = {isa = PBXFileReference; lastKnownFileType = wrapper.framework; name = Social.framework; path = System/Library/Frameworks/Social.framework; sourceTree = SDKROOT; };
		61CA40C417CA8EAF00617623 /* MapTopViewController.h */ = {isa = PBXFileReference; fileEncoding = 4; lastKnownFileType = sourcecode.c.h; path = MapTopViewController.h; sourceTree = "<group>"; };
		61CA40C517CA8EAF00617623 /* MapTopViewController.m */ = {isa = PBXFileReference; fileEncoding = 4; lastKnownFileType = sourcecode.c.objc; path = MapTopViewController.m; sourceTree = "<group>"; };
		61CA40C817CA94FA00617623 /* Location.h */ = {isa = PBXFileReference; fileEncoding = 4; lastKnownFileType = sourcecode.c.h; path = Location.h; sourceTree = "<group>"; };
		61CA40C917CA94FA00617623 /* Location.m */ = {isa = PBXFileReference; fileEncoding = 4; lastKnownFileType = sourcecode.c.objc; path = Location.m; sourceTree = "<group>"; };
		61CA40CB17CA951F00617623 /* AddressBook.framework */ = {isa = PBXFileReference; lastKnownFileType = wrapper.framework; name = AddressBook.framework; path = System/Library/Frameworks/AddressBook.framework; sourceTree = SDKROOT; };
		61CA40CD17CB12E400617623 /* CustomMenuNavBar.m */ = {isa = PBXFileReference; fileEncoding = 4; lastKnownFileType = sourcecode.c.objc; path = CustomMenuNavBar.m; sourceTree = "<group>"; };
		61CA40CF17CB130200617623 /* CustomMenuNavBar.h */ = {isa = PBXFileReference; fileEncoding = 4; lastKnownFileType = sourcecode.c.h; path = CustomMenuNavBar.h; sourceTree = "<group>"; };
		61CA40D017CB137500617623 /* CustomMenuNav.png */ = {isa = PBXFileReference; lastKnownFileType = image.png; path = CustomMenuNav.png; sourceTree = "<group>"; };
		61CA40D117CB137600617623 /* CustomMenuNav@2x.png */ = {isa = PBXFileReference; lastKnownFileType = image.png; path = "CustomMenuNav@2x.png"; sourceTree = "<group>"; };
		61E075C317E69E3E0029EFE9 /* CustomNaviOS7.png */ = {isa = PBXFileReference; lastKnownFileType = image.png; path = CustomNaviOS7.png; sourceTree = "<group>"; };
		61E075C417E69E3E0029EFE9 /* CustomNaviOS7@2x.png */ = {isa = PBXFileReference; lastKnownFileType = image.png; path = "CustomNaviOS7@2x.png"; sourceTree = "<group>"; };
		61E075C717E6A7790029EFE9 /* SystemConfiguration.framework */ = {isa = PBXFileReference; lastKnownFileType = wrapper.framework; name = SystemConfiguration.framework; path = System/Library/Frameworks/SystemConfiguration.framework; sourceTree = SDKROOT; };
		61E075CD17E6A9850029EFE9 /* MTReachabilityManager.h */ = {isa = PBXFileReference; fileEncoding = 4; lastKnownFileType = sourcecode.c.h; name = MTReachabilityManager.h; path = ../MTReachabilityManager.h; sourceTree = "<group>"; };
		61E075CE17E6A9850029EFE9 /* MTReachabilityManager.m */ = {isa = PBXFileReference; fileEncoding = 4; lastKnownFileType = sourcecode.c.objc; name = MTReachabilityManager.m; path = ../MTReachabilityManager.m; sourceTree = "<group>"; };
		61E075D317E6B8B90029EFE9 /* Reachability.h */ = {isa = PBXFileReference; fileEncoding = 4; lastKnownFileType = sourcecode.c.h; name = Reachability.h; path = "Wheaton App/Reachability.h"; sourceTree = SOURCE_ROOT; };
		61E075D417E6B8B90029EFE9 /* Reachability.m */ = {isa = PBXFileReference; fileEncoding = 4; lastKnownFileType = sourcecode.c.objc; name = Reachability.m; path = "Wheaton App/Reachability.m"; sourceTree = SOURCE_ROOT; };
		61E4076717CBC9080068AE00 /* menuButton@2x.png */ = {isa = PBXFileReference; lastKnownFileType = image.png; path = "menuButton@2x.png"; sourceTree = "<group>"; };
		61E4076917CC3B7D0068AE00 /* ChapelTopViewController.h */ = {isa = PBXFileReference; fileEncoding = 4; lastKnownFileType = sourcecode.c.h; path = ChapelTopViewController.h; sourceTree = "<group>"; };
		61E4076A17CC3B7D0068AE00 /* ChapelTopViewController.m */ = {isa = PBXFileReference; fileEncoding = 4; lastKnownFileType = sourcecode.c.objc; path = ChapelTopViewController.m; sourceTree = "<group>"; };
		61E4076E17CC5B7B0068AE00 /* ChapelTableCell.h */ = {isa = PBXFileReference; fileEncoding = 4; lastKnownFileType = sourcecode.c.h; path = ChapelTableCell.h; sourceTree = "<group>"; };
		61E4076F17CC5B7B0068AE00 /* ChapelTableCell.m */ = {isa = PBXFileReference; fileEncoding = 4; lastKnownFileType = sourcecode.c.objc; path = ChapelTableCell.m; sourceTree = "<group>"; };
		61E4077117CE78790068AE00 /* WhosWhoTopViewController.h */ = {isa = PBXFileReference; fileEncoding = 4; lastKnownFileType = sourcecode.c.h; path = WhosWhoTopViewController.h; sourceTree = "<group>"; };
		61E4077217CE787A0068AE00 /* WhosWhoTopViewController.m */ = {isa = PBXFileReference; fileEncoding = 4; lastKnownFileType = sourcecode.c.objc; path = WhosWhoTopViewController.m; sourceTree = "<group>"; };
		61E4077417CEB9270068AE00 /* WhoswhoTableCell.h */ = {isa = PBXFileReference; fileEncoding = 4; lastKnownFileType = sourcecode.c.h; path = WhoswhoTableCell.h; sourceTree = "<group>"; };
		61E4077517CEB9330068AE00 /* WhoswhoTableCell.m */ = {isa = PBXFileReference; fileEncoding = 4; lastKnownFileType = sourcecode.c.objc; path = WhoswhoTableCell.m; sourceTree = "<group>"; };
		61E4077717CECE8A0068AE00 /* WhoswhoSearchBar.h */ = {isa = PBXFileReference; fileEncoding = 4; lastKnownFileType = sourcecode.c.h; path = WhoswhoSearchBar.h; sourceTree = "<group>"; };
		61E4077817CECE8A0068AE00 /* WhoswhoSearchBar.m */ = {isa = PBXFileReference; fileEncoding = 4; lastKnownFileType = sourcecode.c.objc; path = WhoswhoSearchBar.m; sourceTree = "<group>"; };
		61E4078017CEF4950068AE00 /* MenuTopViewController.h */ = {isa = PBXFileReference; fileEncoding = 4; lastKnownFileType = sourcecode.c.h; path = MenuTopViewController.h; sourceTree = "<group>"; };
		61E4078117CEF4960068AE00 /* MenuTopViewController.m */ = {isa = PBXFileReference; fileEncoding = 4; lastKnownFileType = sourcecode.c.objc; path = MenuTopViewController.m; sourceTree = "<group>"; };
		61E4078317D04E740068AE00 /* WhosWhoDetailViewController.h */ = {isa = PBXFileReference; fileEncoding = 4; lastKnownFileType = sourcecode.c.h; path = WhosWhoDetailViewController.h; sourceTree = "<group>"; };
		61E4078417D04E750068AE00 /* WhosWhoDetailViewController.m */ = {isa = PBXFileReference; fileEncoding = 4; lastKnownFileType = sourcecode.c.objc; path = WhosWhoDetailViewController.m; sourceTree = "<group>"; };
		61E4078917D05D260068AE00 /* WhosWhoResultsTopViewController.h */ = {isa = PBXFileReference; fileEncoding = 4; lastKnownFileType = sourcecode.c.h; path = WhosWhoResultsTopViewController.h; sourceTree = "<group>"; };
		61E4078A17D05D320068AE00 /* WhosWhoResultsTopViewController.m */ = {isa = PBXFileReference; fileEncoding = 4; lastKnownFileType = sourcecode.c.objc; path = WhosWhoResultsTopViewController.m; sourceTree = "<group>"; };
		61E4079717D266240068AE00 /* HomeView.h */ = {isa = PBXFileReference; fileEncoding = 4; lastKnownFileType = sourcecode.c.h; path = HomeView.h; sourceTree = "<group>"; };
		61E4079817D266270068AE00 /* HomeView.m */ = {isa = PBXFileReference; fileEncoding = 4; lastKnownFileType = sourcecode.c.objc; path = HomeView.m; sourceTree = "<group>"; };
		61E4079A17D27DBF0068AE00 /* banner1@2x.png */ = {isa = PBXFileReference; lastKnownFileType = image.png; path = "banner1@2x.png"; sourceTree = "<group>"; };
		61E4079C17D27EA40068AE00 /* banner2.png */ = {isa = PBXFileReference; lastKnownFileType = image.png; path = banner2.png; sourceTree = "<group>"; };
		61E407A217D2A9D00068AE00 /* Basketball@2x.png */ = {isa = PBXFileReference; lastKnownFileType = image.png; path = "Basketball@2x.png"; sourceTree = "<group>"; };
		61E407A717D3975E0068AE00 /* SportsCollectionCell.h */ = {isa = PBXFileReference; fileEncoding = 4; lastKnownFileType = sourcecode.c.h; path = SportsCollectionCell.h; sourceTree = "<group>"; };
		61E407A817D397620068AE00 /* SportsCollectionCell.m */ = {isa = PBXFileReference; fileEncoding = 4; lastKnownFileType = sourcecode.c.objc; path = SportsCollectionCell.m; sourceTree = "<group>"; };
		61F05ED817D399A50006CC1F /* HomeSportsCollectionViewController.h */ = {isa = PBXFileReference; fileEncoding = 4; lastKnownFileType = sourcecode.c.h; path = HomeSportsCollectionViewController.h; sourceTree = "<group>"; };
		61F05ED917D399A50006CC1F /* HomeSportsCollectionViewController.m */ = {isa = PBXFileReference; fileEncoding = 4; lastKnownFileType = sourcecode.c.objc; path = HomeSportsCollectionViewController.m; sourceTree = "<group>"; };
		61F05EDB17D39DAE0006CC1F /* Basketball.png */ = {isa = PBXFileReference; lastKnownFileType = image.png; path = Basketball.png; sourceTree = "<group>"; };
		61F05EDD17D3A4100006CC1F /* QuartzCore.framework */ = {isa = PBXFileReference; lastKnownFileType = wrapper.framework; name = QuartzCore.framework; path = System/Library/Frameworks/QuartzCore.framework; sourceTree = SDKROOT; };
		61F05EDF17D3B7B60006CC1F /* Baseball.png */ = {isa = PBXFileReference; lastKnownFileType = image.png; path = Baseball.png; sourceTree = "<group>"; };
		61F05EE017D3B7B60006CC1F /* Baseball@2x.png */ = {isa = PBXFileReference; lastKnownFileType = image.png; path = "Baseball@2x.png"; sourceTree = "<group>"; };
		61F05EE117D3B7B60006CC1F /* Football.png */ = {isa = PBXFileReference; lastKnownFileType = image.png; path = Football.png; sourceTree = "<group>"; };
		61F05EE217D3B7B60006CC1F /* Football@2x.png */ = {isa = PBXFileReference; lastKnownFileType = image.png; path = "Football@2x.png"; sourceTree = "<group>"; };
		61F05EE317D3B7B60006CC1F /* Golf.png */ = {isa = PBXFileReference; lastKnownFileType = image.png; path = Golf.png; sourceTree = "<group>"; };
		61F05EE417D3B7B60006CC1F /* Golf@2x.png */ = {isa = PBXFileReference; lastKnownFileType = image.png; path = "Golf@2x.png"; sourceTree = "<group>"; };
		61F05EE517D3B7B60006CC1F /* Soccer.png */ = {isa = PBXFileReference; lastKnownFileType = image.png; path = Soccer.png; sourceTree = "<group>"; };
		61F05EE617D3B7B60006CC1F /* Soccer@2x.png */ = {isa = PBXFileReference; lastKnownFileType = image.png; path = "Soccer@2x.png"; sourceTree = "<group>"; };
		61F05EE717D3B7B60006CC1F /* Tennis.png */ = {isa = PBXFileReference; lastKnownFileType = image.png; path = Tennis.png; sourceTree = "<group>"; };
		61F05EE817D3B7B60006CC1F /* Tennis@2x.png */ = {isa = PBXFileReference; lastKnownFileType = image.png; path = "Tennis@2x.png"; sourceTree = "<group>"; };
		61F05EF317D41D410006CC1F /* House.png */ = {isa = PBXFileReference; lastKnownFileType = image.png; path = House.png; sourceTree = "<group>"; };
		61F05EF417D41D420006CC1F /* House@2x.png */ = {isa = PBXFileReference; lastKnownFileType = image.png; path = "House@2x.png"; sourceTree = "<group>"; };
		62AB87D417C858E300674C0D /* Default-568h@2x.png */ = {isa = PBXFileReference; lastKnownFileType = image.png; name = "Default-568h@2x.png"; path = "../Default-568h@2x.png"; sourceTree = "<group>"; };
/* End PBXFileReference section */

/* Begin PBXFrameworksBuildPhase section */
		2D2653D513E069CF00DE089C /* Frameworks */ = {
			isa = PBXFrameworksBuildPhase;
			buildActionMask = 2147483647;
			files = (
				61032B1B17F3325600CC95FA /* libz.dylib in Frameworks */,
				61032B1917F3324200CC95FA /* CoreData.framework in Frameworks */,
				61E075C817E6A7790029EFE9 /* SystemConfiguration.framework in Frameworks */,
				61032B1D17F333EF00CC95FA /* libGoogleAnalyticsServices.a in Frameworks */,
				61F05EDE17D3A4100006CC1F /* QuartzCore.framework in Frameworks */,
				61CA40CC17CA952000617623 /* AddressBook.framework in Frameworks */,
				61CA40C317CA8CBB00617623 /* Social.framework in Frameworks */,
				61CA40BE17CA799F00617623 /* CoreLocation.framework in Frameworks */,
				61CA40BC17CA798100617623 /* Twitter.framework in Frameworks */,
				2D26546F13E0AA7E00DE089C /* MapKit.framework in Frameworks */,
				2D2653DD13E069CF00DE089C /* UIKit.framework in Frameworks */,
				2D2653DF13E069CF00DE089C /* Foundation.framework in Frameworks */,
				2D2653E113E069CF00DE089C /* CoreGraphics.framework in Frameworks */,
			);
			runOnlyForDeploymentPostprocessing = 0;
		};
/* End PBXFrameworksBuildPhase section */

/* Begin PBXGroup section */
		2D2653CD13E069CF00DE089C = {
			isa = PBXGroup;
			children = (
				2D2653E213E069CF00DE089C /* Wheaton App */,
				2D2653FC13E069D000DE089C /* Wheaton AppTests */,
				2D2653DB13E069CF00DE089C /* Frameworks */,
				2D2653D913E069CF00DE089C /* Products */,
			);
			sourceTree = "<group>";
		};
		2D2653D913E069CF00DE089C /* Products */ = {
			isa = PBXGroup;
			children = (
				2D2653D813E069CF00DE089C /* Wheaton App.app */,
			);
			name = Products;
			sourceTree = "<group>";
		};
		2D2653DB13E069CF00DE089C /* Frameworks */ = {
			isa = PBXGroup;
			children = (
				61032B1A17F3325600CC95FA /* libz.dylib */,
				61032B1817F3324200CC95FA /* CoreData.framework */,
				61E075C717E6A7790029EFE9 /* SystemConfiguration.framework */,
				61F05EDD17D3A4100006CC1F /* QuartzCore.framework */,
				61CA40CB17CA951F00617623 /* AddressBook.framework */,
				61CA40C217CA8CBB00617623 /* Social.framework */,
				61CA40BD17CA799F00617623 /* CoreLocation.framework */,
				61CA40BB17CA798100617623 /* Twitter.framework */,
				2D26546E13E0AA7E00DE089C /* MapKit.framework */,
				2D2653DC13E069CF00DE089C /* UIKit.framework */,
				2D2653DE13E069CF00DE089C /* Foundation.framework */,
				2D2653E013E069CF00DE089C /* CoreGraphics.framework */,
			);
			name = Frameworks;
			sourceTree = "<group>";
		};
		2D2653E213E069CF00DE089C /* Wheaton App */ = {
			isa = PBXGroup;
			children = (
				61CA40C717CA94DB00617623 /* Model */,
				61CA40AB17CA6FE900617623 /* GUI */,
				612BFEF417DED11200EB2C8C /* AppDelegate.h */,
				612BFEF517DED11200EB2C8C /* AppDelegate.m */,
				61CA409C17CA6C6300617623 /* Controllers */,
				2D2653E313E069CF00DE089C /* Supporting Files */,
				61CA409317CA6C2A00617623 /* Vendor */,
			);
			path = "Wheaton App";
			sourceTree = "<group>";
		};
		2D2653E313E069CF00DE089C /* Supporting Files */ = {
			isa = PBXGroup;
			children = (
				2DCEB34413E2010A00787E39 /* LinksList.plist */,
				2D26540F13E069DB00DE089C /* Images */,
				2D2653E413E069CF00DE089C /* Wheaton App-Info.plist */,
				2D2653E513E069CF00DE089C /* InfoPlist.strings */,
				2D2653E813E069CF00DE089C /* Wheaton App-Prefix.pch */,
				62AB87D417C858E300674C0D /* Default-568h@2x.png */,
				2D66563313EB3F8B00645BC3 /* Default@2x.png */,
				2D66563113EB3F7900645BC3 /* Default.png */,
				613890B917E3619F0049FF72 /* 120x120.png */,
				2D26543413E06A9200DE089C /* 114x114.png */,
				2D26543213E06A8C00DE089C /* 57x57.png */,
				2D2653E913E069CF00DE089C /* main.m */,
			);
			name = "Supporting Files";
			sourceTree = "<group>";
		};
		2D2653FC13E069D000DE089C /* Wheaton AppTests */ = {
			isa = PBXGroup;
			children = (
				2D26540313E069D000DE089C /* Wheaton_AppTests.h */,
				2D26540513E069D000DE089C /* Wheaton_AppTests.m */,
				2D2653FD13E069D000DE089C /* Supporting Files */,
			);
			path = "Wheaton AppTests";
			sourceTree = "<group>";
		};
		2D2653FD13E069D000DE089C /* Supporting Files */ = {
			isa = PBXGroup;
			children = (
				2D2653FE13E069D000DE089C /* Wheaton AppTests-Info.plist */,
				2D2653FF13E069D000DE089C /* InfoPlist.strings */,
				2D26540213E069D000DE089C /* Wheaton AppTests-Prefix.pch */,
			);
			name = "Supporting Files";
			sourceTree = "<group>";
		};
		2D26540F13E069DB00DE089C /* Images */ = {
			isa = PBXGroup;
			children = (
				614241BB17F886D0005A9742 /* Volleyball.png */,
				61E075C317E69E3E0029EFE9 /* CustomNaviOS7.png */,
				61E075C417E69E3E0029EFE9 /* CustomNaviOS7@2x.png */,
				613890BE17E3A9C40049FF72 /* Sports.png */,
				613890BF17E3A9C40049FF72 /* Sports@2x.png */,
				612BFF0517DEE83D00EB2C8C /* transparent@2x.png */,
				610D48D317DD620400DE574C /* Calendar.png */,
				610D48D417DD620400DE574C /* Calendar@2x.png */,
				610E2B6917DA8FA5003D5405 /* searchBar.png */,
				610E2B6A17DA8FA5003D5405 /* searchBar@2x.png */,
				6150980117D5497200456A9D /* Meal.png */,
				6150980317D5497800456A9D /* Meal@2x.png */,
				615097F517D5477800456A9D /* Chapel.png */,
				615097F617D5477800456A9D /* Chapel@2x.png */,
				615097F717D5477800456A9D /* Map.png */,
				615097F817D5477800456A9D /* Map@2x.png */,
				615097F917D5477800456A9D /* Whoswho.png */,
				615097FA17D5477800456A9D /* Whoswho@2x.png */,
				615097F317D541CA00456A9D /* twitter@2x.png */,
				615097EF17D5221900456A9D /* back.png */,
				615097F017D5221900456A9D /* back@2x.png */,
				61F05EF317D41D410006CC1F /* House.png */,
				61F05EF417D41D420006CC1F /* House@2x.png */,
				61E407A217D2A9D00068AE00 /* Basketball@2x.png */,
				61F05EDB17D39DAE0006CC1F /* Basketball.png */,
				61F05EDF17D3B7B60006CC1F /* Baseball.png */,
				61F05EE017D3B7B60006CC1F /* Baseball@2x.png */,
				61F05EE117D3B7B60006CC1F /* Football.png */,
				61F05EE217D3B7B60006CC1F /* Football@2x.png */,
				61F05EE317D3B7B60006CC1F /* Golf.png */,
				61F05EE417D3B7B60006CC1F /* Golf@2x.png */,
				61F05EE517D3B7B60006CC1F /* Soccer.png */,
				61F05EE617D3B7B60006CC1F /* Soccer@2x.png */,
				61F05EE717D3B7B60006CC1F /* Tennis.png */,
				61F05EE817D3B7B60006CC1F /* Tennis@2x.png */,
				61E4079C17D27EA40068AE00 /* banner2.png */,
				61E4079A17D27DBF0068AE00 /* banner1@2x.png */,
				61CA40A617CA6F4F00617623 /* CustomNav.png */,
				61CA40A717CA6F4F00617623 /* CustomNav@2x.png */,
				61E4076717CBC9080068AE00 /* menuButton@2x.png */,
				61CA40D017CB137500617623 /* CustomMenuNav.png */,
				61CA40D117CB137600617623 /* CustomMenuNav@2x.png */,
			);
			name = Images;
			sourceTree = "<group>";
		};
		61032B0F17F331FD00CC95FA /* Analytics */ = {
			isa = PBXGroup;
			children = (
				61032B1C17F333EF00CC95FA /* libGoogleAnalyticsServices.a */,
				61032B1017F3321500CC95FA /* GAI.h */,
				61032B1117F3321500CC95FA /* GAIDictionaryBuilder.h */,
				61032B1217F3321500CC95FA /* GAIFields.h */,
				61032B1317F3321500CC95FA /* GAILogger.h */,
				61032B1417F3321500CC95FA /* GAITrackedViewController.h */,
				61032B1517F3321500CC95FA /* GAITracker.h */,
				61032B1617F3321500CC95FA /* libGoogleAnalytics_debug.a */,
			);
			name = Analytics;
			sourceTree = "<group>";
		};
		61CA409317CA6C2A00617623 /* Vendor */ = {
			isa = PBXGroup;
			children = (
				61032B0F17F331FD00CC95FA /* Analytics */,
				61E075C917E6A88A0029EFE9 /* Reachability */,
				61CA409417CA6C2A00617623 /* ECSlidingViewController */,
			);
			path = Vendor;
			sourceTree = "<group>";
		};
		61CA409417CA6C2A00617623 /* ECSlidingViewController */ = {
			isa = PBXGroup;
			children = (
				61CA409517CA6C2A00617623 /* ECSlidingViewController.h */,
				61CA409617CA6C2A00617623 /* ECSlidingViewController.m */,
				61CA409717CA6C2A00617623 /* UIImage+ImageWithUIView.h */,
				61CA409817CA6C2A00617623 /* UIImage+ImageWithUIView.m */,
			);
			path = ECSlidingViewController;
			sourceTree = "<group>";
		};
		61CA409C17CA6C6300617623 /* Controllers */ = {
			isa = PBXGroup;
			children = (
				612BFEF817DED11200EB2C8C /* MenuViewController.h */,
				612BFEF917DED11200EB2C8C /* MenuViewController.m */,
				61E4078017CEF4950068AE00 /* MenuTopViewController.h */,
				61E4078117CEF4960068AE00 /* MenuTopViewController.m */,
				61CA409D17CA6C8D00617623 /* InitialSlidingViewController.h */,
				61CA409E17CA6C8D00617623 /* InitialSlidingViewController.m */,
				612BFEF617DED11200EB2C8C /* HomeTopViewController.h */,
				612BFEF717DED11200EB2C8C /* HomeTopViewController.m */,
				61CA40C417CA8EAF00617623 /* MapTopViewController.h */,
				61CA40C517CA8EAF00617623 /* MapTopViewController.m */,
				61E4076917CC3B7D0068AE00 /* ChapelTopViewController.h */,
				61E4076A17CC3B7D0068AE00 /* ChapelTopViewController.m */,
				61E4077117CE78790068AE00 /* WhosWhoTopViewController.h */,
				61E4077217CE787A0068AE00 /* WhosWhoTopViewController.m */,
				61E4078917D05D260068AE00 /* WhosWhoResultsTopViewController.h */,
				61E4078A17D05D320068AE00 /* WhosWhoResultsTopViewController.m */,
				61E4078317D04E740068AE00 /* WhosWhoDetailViewController.h */,
				61E4078417D04E750068AE00 /* WhosWhoDetailViewController.m */,
				61F05ED817D399A50006CC1F /* HomeSportsCollectionViewController.h */,
				61F05ED917D399A50006CC1F /* HomeSportsCollectionViewController.m */,
				6104311F17E7BD9000D3C72B /* EventsCollectionViewController.h */,
				6104312017E7BD9D00D3C72B /* EventsCollectionViewController.m */,
				610D48CB17DD575900DE574C /* EventsTopViewController.h */,
				610D48CC17DD575900DE574C /* EventsTopViewController.m */,
				613890BB17E394310049FF72 /* SportsTopViewController.h */,
				613890BC17E394310049FF72 /* SportsTopViewController.m */,
			);
			name = Controllers;
			sourceTree = "<group>";
		};
		61CA40AB17CA6FE900617623 /* GUI */ = {
			isa = PBXGroup;
			children = (
				612BFEFA17DED11200EB2C8C /* SideBarTableCell.h */,
				612BFEFB17DED11200EB2C8C /* SideBarTableCell.m */,
				612BFEFC17DED11300EB2C8C /* SideBarTableCell.xib */,
				61032B0B17F112B900CC95FA /* ChapelSingleLineView.xib */,
				61032B0D17F1157B00CC95FA /* ChapelSubtitleLineView.xib */,
				61E407A717D3975E0068AE00 /* SportsCollectionCell.h */,
				61E407A817D397620068AE00 /* SportsCollectionCell.m */,
				61E4076E17CC5B7B0068AE00 /* ChapelTableCell.h */,
				61E4076F17CC5B7B0068AE00 /* ChapelTableCell.m */,
				6104311C17E7BCF400D3C72B /* EventCollectionCell.h */,
				6104311D17E7BCFD00D3C72B /* EventCollectionCell.m */,
				610D48D017DD591600DE574C /* EventsTableCell.h */,
				610D48D117DD591F00DE574C /* EventsTableCell.m */,
				61CA40AC17CA702200617623 /* iPhone.storyboard */,
				61CA40BF17CA79E000617623 /* CustomNavBar.h */,
				61CA40C017CA79E000617623 /* CustomNavBar.m */,
				61CA40CF17CB130200617623 /* CustomMenuNavBar.h */,
				61CA40CD17CB12E400617623 /* CustomMenuNavBar.m */,
				61E4077417CEB9270068AE00 /* WhoswhoTableCell.h */,
				61E4077517CEB9330068AE00 /* WhoswhoTableCell.m */,
				61E4077717CECE8A0068AE00 /* WhoswhoSearchBar.h */,
				61E4077817CECE8A0068AE00 /* WhoswhoSearchBar.m */,
				61E4079717D266240068AE00 /* HomeView.h */,
				61E4079817D266270068AE00 /* HomeView.m */,
				612BFF0217DEE71D00EB2C8C /* MapSearchBar.h */,
				612BFF0317DEE71D00EB2C8C /* MapSearchBar.m */,
			);
			name = GUI;
			sourceTree = "<group>";
		};
		61CA40C717CA94DB00617623 /* Model */ = {
			isa = PBXGroup;
			children = (
				61CA40C817CA94FA00617623 /* Location.h */,
				61CA40C917CA94FA00617623 /* Location.m */,
			);
			name = Model;
			sourceTree = "<group>";
		};
		61E075C917E6A88A0029EFE9 /* Reachability */ = {
			isa = PBXGroup;
			children = (
				61E075D317E6B8B90029EFE9 /* Reachability.h */,
				61E075D417E6B8B90029EFE9 /* Reachability.m */,
				61E075CD17E6A9850029EFE9 /* MTReachabilityManager.h */,
				61E075CE17E6A9850029EFE9 /* MTReachabilityManager.m */,
			);
			name = Reachability;
			sourceTree = "<group>";
		};
/* End PBXGroup section */

/* Begin PBXNativeTarget section */
		2D2653D713E069CF00DE089C /* Wheaton App */ = {
			isa = PBXNativeTarget;
			buildConfigurationList = 2D26540913E069D000DE089C /* Build configuration list for PBXNativeTarget "Wheaton App" */;
			buildPhases = (
				2D2653D413E069CF00DE089C /* Sources */,
				2D2653D513E069CF00DE089C /* Frameworks */,
				2D2653D613E069CF00DE089C /* Resources */,
			);
			buildRules = (
			);
			dependencies = (
			);
			name = "Wheaton App";
			productName = "Wheaton App";
			productReference = 2D2653D813E069CF00DE089C /* Wheaton App.app */;
			productType = "com.apple.product-type.application";
		};
/* End PBXNativeTarget section */

/* Begin PBXProject section */
		2D2653CF13E069CF00DE089C /* Project object */ = {
			isa = PBXProject;
			attributes = {
				LastUpgradeCheck = 0500;
				TargetAttributes = {
					2D2653D713E069CF00DE089C = {
						DevelopmentTeam = YL8VV6WZ2N;
					};
				};
			};
			buildConfigurationList = 2D2653D213E069CF00DE089C /* Build configuration list for PBXProject "Wheaton App" */;
			compatibilityVersion = "Xcode 3.2";
			developmentRegion = English;
			hasScannedForEncodings = 0;
			knownRegions = (
				en,
			);
			mainGroup = 2D2653CD13E069CF00DE089C;
			productRefGroup = 2D2653D913E069CF00DE089C /* Products */;
			projectDirPath = "";
			projectRoot = "";
			targets = (
				2D2653D713E069CF00DE089C /* Wheaton App */,
			);
		};
/* End PBXProject section */

/* Begin PBXResourcesBuildPhase section */
		2D2653D613E069CF00DE089C /* Resources */ = {
			isa = PBXResourcesBuildPhase;
			buildActionMask = 2147483647;
			files = (
				2D2653E713E069CF00DE089C /* InfoPlist.strings in Resources */,
				2D26543313E06A8C00DE089C /* 57x57.png in Resources */,
				2D26543513E06A9200DE089C /* 114x114.png in Resources */,
				2DCEB34513E2010A00787E39 /* LinksList.plist in Resources */,
				2D66563213EB3F7A00645BC3 /* Default.png in Resources */,
				2D66563413EB3F8B00645BC3 /* Default@2x.png in Resources */,
				62AB87D517C858E300674C0D /* Default-568h@2x.png in Resources */,
				61CA40A817CA6F4F00617623 /* CustomNav.png in Resources */,
				61CA40A917CA6F4F00617623 /* CustomNav@2x.png in Resources */,
				61CA40AD17CA702200617623 /* iPhone.storyboard in Resources */,
				61CA40CE17CB12E500617623 /* CustomMenuNavBar.m in Resources */,
				61CA40D217CB137600617623 /* CustomMenuNav.png in Resources */,
				61CA40D317CB137600617623 /* CustomMenuNav@2x.png in Resources */,
				61E4076817CBC9080068AE00 /* menuButton@2x.png in Resources */,
				61E4079B17D27DBF0068AE00 /* banner1@2x.png in Resources */,
				61E075C517E69E3E0029EFE9 /* CustomNaviOS7.png in Resources */,
				61E4079D17D27EA40068AE00 /* banner2.png in Resources */,
				61E407A317D2A9D10068AE00 /* Basketball@2x.png in Resources */,
				61F05EDC17D39DAE0006CC1F /* Basketball.png in Resources */,
				61F05EE917D3B7B60006CC1F /* Baseball.png in Resources */,
				61F05EEA17D3B7B60006CC1F /* Baseball@2x.png in Resources */,
				61F05EEB17D3B7B60006CC1F /* Football.png in Resources */,
				61F05EEC17D3B7B60006CC1F /* Football@2x.png in Resources */,
				61E075C617E69E3E0029EFE9 /* CustomNaviOS7@2x.png in Resources */,
				61F05EED17D3B7B60006CC1F /* Golf.png in Resources */,
				61F05EEE17D3B7B60006CC1F /* Golf@2x.png in Resources */,
				61F05EEF17D3B7B60006CC1F /* Soccer.png in Resources */,
				61F05EF017D3B7B60006CC1F /* Soccer@2x.png in Resources */,
				61F05EF117D3B7B60006CC1F /* Tennis.png in Resources */,
				613890C117E3A9C40049FF72 /* Sports@2x.png in Resources */,
				61F05EF217D3B7B60006CC1F /* Tennis@2x.png in Resources */,
				613890BA17E3619F0049FF72 /* 120x120.png in Resources */,
				61F05EF517D41D420006CC1F /* House.png in Resources */,
				61032B0E17F1157B00CC95FA /* ChapelSubtitleLineView.xib in Resources */,
				61F05EF617D41D420006CC1F /* House@2x.png in Resources */,
				613890C017E3A9C40049FF72 /* Sports.png in Resources */,
				615097F117D5221900456A9D /* back.png in Resources */,
				615097F217D5221900456A9D /* back@2x.png in Resources */,
				615097F417D541CA00456A9D /* twitter@2x.png in Resources */,
				615097FB17D5477800456A9D /* Chapel.png in Resources */,
				615097FC17D5477800456A9D /* Chapel@2x.png in Resources */,
				615097FD17D5477800456A9D /* Map.png in Resources */,
				615097FE17D5477800456A9D /* Map@2x.png in Resources */,
				614241BC17F886D0005A9742 /* Volleyball.png in Resources */,
				615097FF17D5477800456A9D /* Whoswho.png in Resources */,
				6150980017D5477800456A9D /* Whoswho@2x.png in Resources */,
				6150980217D5497200456A9D /* Meal.png in Resources */,
				6150980417D5497800456A9D /* Meal@2x.png in Resources */,
				610E2B6B17DA8FA5003D5405 /* searchBar.png in Resources */,
				610E2B6C17DA8FA5003D5405 /* searchBar@2x.png in Resources */,
				610D48D517DD620400DE574C /* Calendar.png in Resources */,
				61032B0C17F112B900CC95FA /* ChapelSingleLineView.xib in Resources */,
				610D48D617DD620400DE574C /* Calendar@2x.png in Resources */,
				612BFF0117DED11300EB2C8C /* SideBarTableCell.xib in Resources */,
				612BFF0617DEE83D00EB2C8C /* transparent@2x.png in Resources */,
			);
			runOnlyForDeploymentPostprocessing = 0;
		};
/* End PBXResourcesBuildPhase section */

/* Begin PBXSourcesBuildPhase section */
		2D2653D413E069CF00DE089C /* Sources */ = {
			isa = PBXSourcesBuildPhase;
			buildActionMask = 2147483647;
			files = (
				61E4076617CB15850068AE00 /* CustomMenuNavBar.m in Sources */,
				2D2653EA13E069CF00DE089C /* main.m in Sources */,
				61CA409917CA6C2A00617623 /* ECSlidingViewController.m in Sources */,
				61E075CF17E6A9850029EFE9 /* MTReachabilityManager.m in Sources */,
				61CA409A17CA6C2A00617623 /* UIImage+ImageWithUIView.m in Sources */,
				61CA409F17CA6C8D00617623 /* InitialSlidingViewController.m in Sources */,
				61CA40C117CA79E000617623 /* CustomNavBar.m in Sources */,
				61CA40C617CA8EAF00617623 /* MapTopViewController.m in Sources */,
				613890BD17E394310049FF72 /* SportsTopViewController.m in Sources */,
				61CA40CA17CA94FB00617623 /* Location.m in Sources */,
				61E4076B17CC3B7D0068AE00 /* ChapelTopViewController.m in Sources */,
				61E4077017CC5B7B0068AE00 /* ChapelTableCell.m in Sources */,
				61E4077317CE787A0068AE00 /* WhosWhoTopViewController.m in Sources */,
				61E4077617CEB9340068AE00 /* WhoswhoTableCell.m in Sources */,
				61E4077917CECE8B0068AE00 /* WhoswhoSearchBar.m in Sources */,
				61E4078217CEF4960068AE00 /* MenuTopViewController.m in Sources */,
				61E4078517D04E760068AE00 /* WhosWhoDetailViewController.m in Sources */,
				61E4078B17D05D320068AE00 /* WhosWhoResultsTopViewController.m in Sources */,
				61E4079917D2662D0068AE00 /* HomeView.m in Sources */,
				61E407A917D3976C0068AE00 /* SportsCollectionCell.m in Sources */,
				61F05EDA17D399A50006CC1F /* HomeSportsCollectionViewController.m in Sources */,
				610D48CD17DD575900DE574C /* EventsTopViewController.m in Sources */,
				6104312117E7BD9D00D3C72B /* EventsCollectionViewController.m in Sources */,
				6104311E17E7BCFD00D3C72B /* EventCollectionCell.m in Sources */,
				610D48D217DD591F00DE574C /* EventsTableCell.m in Sources */,
				612BFEFD17DED11300EB2C8C /* AppDelegate.m in Sources */,
				61E075D517E6B8B90029EFE9 /* Reachability.m in Sources */,
				612BFEFE17DED11300EB2C8C /* HomeTopViewController.m in Sources */,
				612BFEFF17DED11300EB2C8C /* MenuViewController.m in Sources */,
				612BFF0017DED11300EB2C8C /* SideBarTableCell.m in Sources */,
				612BFF0417DEE71D00EB2C8C /* MapSearchBar.m in Sources */,
			);
			runOnlyForDeploymentPostprocessing = 0;
		};
/* End PBXSourcesBuildPhase section */

/* Begin PBXVariantGroup section */
		2D2653E513E069CF00DE089C /* InfoPlist.strings */ = {
			isa = PBXVariantGroup;
			children = (
				2D2653E613E069CF00DE089C /* en */,
			);
			name = InfoPlist.strings;
			sourceTree = "<group>";
		};
		2D2653FF13E069D000DE089C /* InfoPlist.strings */ = {
			isa = PBXVariantGroup;
			children = (
				2D26540013E069D000DE089C /* en */,
			);
			name = InfoPlist.strings;
			sourceTree = "<group>";
		};
/* End PBXVariantGroup section */

/* Begin XCBuildConfiguration section */
		2D26540713E069D000DE089C /* Debug */ = {
			isa = XCBuildConfiguration;
			buildSettings = {
				CODE_SIGN_ENTITLEMENTS = Entitlements.plist;
				CODE_SIGN_IDENTITY = "iPhone Developer: John Hayward (5ST3Z235DD)";
				"CODE_SIGN_IDENTITY[sdk=iphoneos*]" = "iPhone Developer: John Hayward (5ST3Z235DD)";
				GCC_C_LANGUAGE_STANDARD = gnu99;
				GCC_OPTIMIZATION_LEVEL = 0;
				GCC_PREPROCESSOR_DEFINITIONS = DEBUG;
				GCC_SYMBOLS_PRIVATE_EXTERN = NO;
				GCC_VERSION = com.apple.compilers.llvmgcc42;
				GCC_WARN_ABOUT_RETURN_TYPE = YES;
				GCC_WARN_UNUSED_VARIABLE = YES;
				IPHONEOS_DEPLOYMENT_TARGET = 6.0;
				ONLY_ACTIVE_ARCH = YES;
				PROVISIONING_PROFILE = "36CFBE60-0069-440C-BBA9-6746397C1150";
				"PROVISIONING_PROFILE[sdk=iphoneos*]" = "36CFBE60-0069-440C-BBA9-6746397C1150";
				SDKROOT = iphoneos;
				SKIP_INSTALL = NO;
			};
			name = Debug;
		};
		2D26540813E069D000DE089C /* Release */ = {
			isa = XCBuildConfiguration;
			buildSettings = {
				CODE_SIGN_ENTITLEMENTS = Entitlements.plist;
				CODE_SIGN_IDENTITY = "iPhone Developer: John Hayward (5ST3Z235DD)";
				"CODE_SIGN_IDENTITY[sdk=iphoneos*]" = "iPhone Distribution: Terry Perciante";
				GCC_C_LANGUAGE_STANDARD = gnu99;
				GCC_VERSION = com.apple.compilers.llvmgcc42;
				GCC_WARN_ABOUT_RETURN_TYPE = YES;
				GCC_WARN_UNUSED_VARIABLE = YES;
				IPHONEOS_DEPLOYMENT_TARGET = 6.0;
				OTHER_CFLAGS = "-DNS_BLOCK_ASSERTIONS=1";
				PROVISIONING_PROFILE = "36CFBE60-0069-440C-BBA9-6746397C1150";
				"PROVISIONING_PROFILE[sdk=iphoneos*]" = "F38C1DD7-1E27-47CE-81FF-AB7A6D88A754";
				SDKROOT = iphoneos;
				SKIP_INSTALL = NO;
			};
			name = Release;
		};
		2D26540A13E069D000DE089C /* Debug */ = {
			isa = XCBuildConfiguration;
			buildSettings = {
				ALWAYS_SEARCH_USER_PATHS = NO;
				CLANG_ENABLE_OBJC_ARC = YES;
				CODE_SIGN_ENTITLEMENTS = "";
				CODE_SIGN_IDENTITY = "iPhone Distribution: Terry Perciante (T7TBP7XHVC)";
				COPY_PHASE_STRIP = NO;
				GCC_DYNAMIC_NO_PIC = NO;
				GCC_PRECOMPILE_PREFIX_HEADER = YES;
				GCC_PREFIX_HEADER = "Wheaton App/Wheaton App-Prefix.pch";
				GCC_VERSION = com.apple.compilers.llvm.clang.1_0;
				INFOPLIST_FILE = "Wheaton App/Wheaton App-Info.plist";
				IPHONEOS_DEPLOYMENT_TARGET = 6.0;
				LIBRARY_SEARCH_PATHS = (
					"$(inherited)",
					"\\\"$(SRCROOT)/Wheaton\\ App\\\"",
					"/Users/chrisanderson/Documents/iOS/wc-ios/Wheaton\\ App/Vendor",
				);
				PRODUCT_NAME = "$(TARGET_NAME)";
				PROVISIONING_PROFILE = "0D020CE0-E42C-4941-98F5-A37E6FFED7B1";
				SKIP_INSTALL = NO;
				TARGETED_DEVICE_FAMILY = 1;
				WRAPPER_EXTENSION = app;
			};
			name = Debug;
		};
		2D26540B13E069D000DE089C /* Release */ = {
			isa = XCBuildConfiguration;
			buildSettings = {
				ALWAYS_SEARCH_USER_PATHS = NO;
				CLANG_ENABLE_OBJC_ARC = YES;
				CODE_SIGN_ENTITLEMENTS = "";
				CODE_SIGN_IDENTITY = "iPhone Distribution: Terry Perciante (T7TBP7XHVC)";
				COPY_PHASE_STRIP = YES;
				GCC_PRECOMPILE_PREFIX_HEADER = YES;
				GCC_PREFIX_HEADER = "Wheaton App/Wheaton App-Prefix.pch";
				GCC_VERSION = com.apple.compilers.llvm.clang.1_0;
				INFOPLIST_FILE = "Wheaton App/Wheaton App-Info.plist";
				IPHONEOS_DEPLOYMENT_TARGET = 6.0;
				LIBRARY_SEARCH_PATHS = (
					"$(inherited)",
					"\\\"$(SRCROOT)/Wheaton\\ App\\\"",
					"/Users/chrisanderson/Documents/iOS/wc-ios/Wheaton\\ App/Vendor",
				);
				PRODUCT_NAME = "$(TARGET_NAME)";
				PROVISIONING_PROFILE = "0D020CE0-E42C-4941-98F5-A37E6FFED7B1";
				SKIP_INSTALL = NO;
				TARGETED_DEVICE_FAMILY = 1;
				VALIDATE_PRODUCT = YES;
				WRAPPER_EXTENSION = app;
			};
			name = Release;
		};
		62AADA3913F983E7001BC0DA /* Distribution */ = {
			isa = XCBuildConfiguration;
			buildSettings = {
				CODE_SIGN_ENTITLEMENTS = Entitlements.plist;
				CODE_SIGN_IDENTITY = "iPhone Developer: John Hayward (5ST3Z235DD)";
				"CODE_SIGN_IDENTITY[sdk=iphoneos*]" = "iPhone Distribution: Terry Perciante";
				GCC_C_LANGUAGE_STANDARD = gnu99;
				GCC_VERSION = com.apple.compilers.llvmgcc42;
				GCC_WARN_ABOUT_RETURN_TYPE = YES;
				GCC_WARN_UNUSED_VARIABLE = YES;
				IPHONEOS_DEPLOYMENT_TARGET = 6.0;
				OTHER_CFLAGS = "-DNS_BLOCK_ASSERTIONS=1";
				PROVISIONING_PROFILE = "36CFBE60-0069-440C-BBA9-6746397C1150";
				"PROVISIONING_PROFILE[sdk=iphoneos*]" = "F38C1DD7-1E27-47CE-81FF-AB7A6D88A754";
				SDKROOT = iphoneos;
				SKIP_INSTALL = NO;
			};
			name = Distribution;
		};
		62AADA3A13F983E7001BC0DA /* Distribution */ = {
			isa = XCBuildConfiguration;
			buildSettings = {
				ALWAYS_SEARCH_USER_PATHS = NO;
				CLANG_ENABLE_OBJC_ARC = YES;
				CODE_SIGN_ENTITLEMENTS = "";
				CODE_SIGN_IDENTITY = "iPhone Distribution: Terry Perciante (T7TBP7XHVC)";
				COPY_PHASE_STRIP = YES;
				GCC_PRECOMPILE_PREFIX_HEADER = YES;
				GCC_PREFIX_HEADER = "Wheaton App/Wheaton App-Prefix.pch";
				GCC_VERSION = com.apple.compilers.llvm.clang.1_0;
				INFOPLIST_FILE = "Wheaton App/Wheaton App-Info.plist";
				IPHONEOS_DEPLOYMENT_TARGET = 6.0;
				LIBRARY_SEARCH_PATHS = (
					"$(inherited)",
					"\\\"$(SRCROOT)/Wheaton\\ App\\\"",
					"/Users/chrisanderson/Documents/iOS/wc-ios/Wheaton\\ App/Vendor",
				);
				PRODUCT_NAME = "$(TARGET_NAME)";
				PROVISIONING_PROFILE = "0D020CE0-E42C-4941-98F5-A37E6FFED7B1";
				SKIP_INSTALL = NO;
				TARGETED_DEVICE_FAMILY = 1;
				VALIDATE_PRODUCT = YES;
				WRAPPER_EXTENSION = app;
			};
			name = Distribution;
		};
/* End XCBuildConfiguration section */

/* Begin XCConfigurationList section */
		2D2653D213E069CF00DE089C /* Build configuration list for PBXProject "Wheaton App" */ = {
			isa = XCConfigurationList;
			buildConfigurations = (
				2D26540713E069D000DE089C /* Debug */,
				2D26540813E069D000DE089C /* Release */,
				62AADA3913F983E7001BC0DA /* Distribution */,
			);
			defaultConfigurationIsVisible = 0;
			defaultConfigurationName = Release;
		};
		2D26540913E069D000DE089C /* Build configuration list for PBXNativeTarget "Wheaton App" */ = {
			isa = XCConfigurationList;
			buildConfigurations = (
				2D26540A13E069D000DE089C /* Debug */,
				2D26540B13E069D000DE089C /* Release */,
				62AADA3A13F983E7001BC0DA /* Distribution */,
			);
			defaultConfigurationIsVisible = 0;
			defaultConfigurationName = Release;
		};
/* End XCConfigurationList section */
	};
	rootObject = 2D2653CF13E069CF00DE089C /* Project object */;
}
